<?xml version="1.0" encoding="utf-8"?>
<Project ToolsVersion="4.0" xmlns="http://schemas.microsoft.com/developer/msbuild/2003">
  <ItemGroup>
    <Filter Include="Header Files">
      <UniqueIdentifier>{176c3936-f65e-4fc0-8897-9b2a8831fcb6}</UniqueIdentifier>
    </Filter>
    <Filter Include="Source Files">
      <UniqueIdentifier>{9bbb73a0-40d0-4f09-b55c-524201fce82b}</UniqueIdentifier>
    </Filter>
  </ItemGroup>
  <ItemGroup>
    <ClCompile Include="_.cpp">
      <Filter>Source Files</Filter>
    </ClCompile>
    <ClCompile Include="acme_dir.cpp">
      <Filter>Source Files</Filter>
    </ClCompile>
    <ClCompile Include="acme_file.cpp">
      <Filter>Source Files</Filter>
    </ClCompile>
    <ClCompile Include="acme_path.cpp">
      <Filter>Source Files</Filter>
    </ClCompile>
    <ClCompile Include="factory_exchange.cpp">
      <Filter>Source Files</Filter>
    </ClCompile>
    <ClCompile Include="file.cpp">
      <Filter>Source Files</Filter>
    </ClCompile>
    <ClCompile Include="framework.cpp">
      <Filter>Source Files</Filter>
    </ClCompile>
    <ClCompile Include="native_buffer.cpp">
      <Filter>Source Files</Filter>
    </ClCompile>
    <ClCompile Include="node.cpp">
      <Filter>Source Files</Filter>
    </ClCompile>
    <ClCompile Include="windows_runtime.cpp">
      <Filter>Source Files</Filter>
    </ClCompile>
  </ItemGroup>
  <ItemGroup>
    <ClInclude Include="_.h">
      <Filter>Header Files</Filter>
    </ClInclude>
    <ClInclude Include="_acme_universal_windows.h">
      <Filter>Header Files</Filter>
    </ClInclude>
    <ClInclude Include="_windows_runtime.h">
      <Filter>Header Files</Filter>
    </ClInclude>
    <ClInclude Include="acme_dir.h">
      <Filter>Header Files</Filter>
    </ClInclude>
    <ClInclude Include="acme_file.h">
      <Filter>Header Files</Filter>
    </ClInclude>
    <ClInclude Include="acme_path.h">
      <Filter>Header Files</Filter>
    </ClInclude>
    <ClInclude Include="acme_universal_windows.h">
      <Filter>Header Files</Filter>
    </ClInclude>
    <ClInclude Include="acme_universal_windows_factory_exchange.h">
      <Filter>Header Files</Filter>
    </ClInclude>
    <ClInclude Include="file.h">
      <Filter>Header Files</Filter>
    </ClInclude>
    <ClInclude Include="framework.h">
      <Filter>Header Files</Filter>
    </ClInclude>
    <ClInclude Include="native_buffer.h">
      <Filter>Header Files</Filter>
    </ClInclude>
    <ClInclude Include="node.h">
      <Filter>Header Files</Filter>
    </ClInclude>
  </ItemGroup>
  <ItemGroup>
    <None Include="u_acme_universal_windows.def">
      <Filter>Source Files</Filter>
    </None>
  </ItemGroup>
</Project>