
Microsoft Visual Studio Solution File, Format Version 12.00
# Visual Studio Version 16
VisualStudioVersion = 16.0.30517.126
MinimumVisualStudioVersion = 10.0.40219.1
Project("{8BC9CEB8-8B4A-11D0-8D11-00A0C91BC942}") = "acme", "..\..\..\source\app\acme\u_acme.vcxproj", "{74A3EA71-9358-4441-A0CC-D5771DF8DFBD}"
EndProject
Project("{8BC9CEB8-8B4A-11D0-8D11-00A0C91BC942}") = "apex", "..\..\..\source\app\apex\u_apex.vcxproj", "{B86508DE-6E32-42AC-B45C-08BF0932DCF8}"
EndProject
Project("{8BC9CEB8-8B4A-11D0-8D11-00A0C91BC942}") = "app_app", "..\..\..\source\app\app\u_app_app.vcxproj", "{365C15BF-3B96-4615-AA45-E6EA7E82405D}"
EndProject
Project("{8BC9CEB8-8B4A-11D0-8D11-00A0C91BC942}") = "aqua", "..\..\..\source\app\aqua\u_aqua.vcxproj", "{D6FC3DC0-A19A-4F63-A3F1-3426FE53920B}"
EndProject
Project("{8BC9CEB8-8B4A-11D0-8D11-00A0C91BC942}") = "aura", "..\..\..\source\app\aura\u_aura.vcxproj", "{B3B6A9D8-7776-434E-8E3B-D2696632DF39}"
EndProject
Project("{8BC9CEB8-8B4A-11D0-8D11-00A0C91BC942}") = "draw2d_direct2d", "..\..\..\source\app\draw2d_direct2d\u_draw2d_direct2d.vcxproj", "{BA9BFF50-1888-4722-8DEE-73A3B5B32BCB}"
EndProject
Project("{8BC9CEB8-8B4A-11D0-8D11-00A0C91BC942}") = "uwp_app_app", "..\..\..\source\app\app\uwp_app_app.vcxproj", "{697CF756-F62A-4590-BB69-1EF456DCB81B}"
EndProject
Project("{8BC9CEB8-8B4A-11D0-8D11-00A0C91BC942}") = "app_net", "..\..\..\source\app\net\u_app_net.vcxproj", "{3C40C5D6-4AA7-4E7D-8F7A-A9D61BF70929}"
EndProject
Project("{8BC9CEB8-8B4A-11D0-8D11-00A0C91BC942}") = "uwp_app_net", "..\..\..\source\app\net\uwp_app_net.vcxproj", "{B05C0680-E49E-4F84-9DE8-93E3E42174E6}"
EndProject
Project("{8BC9CEB8-8B4A-11D0-8D11-00A0C91BC942}") = "acme_uwp", "..\acme_uwp\w_acme_uwp.vcxproj", "{7D2387EB-A3DE-4EA5-B061-48A856DD7211}"
EndProject
Project("{8BC9CEB8-8B4A-11D0-8D11-00A0C91BC942}") = "acme_windows_common", "..\..\platform-windows_common\acme_windows_common\w_acme_windows_common.vcxproj", "{4A44D9CA-A46E-4BB3-8AD5-8BCACE5228CE}"
EndProject
Global
	GlobalSection(SolutionConfigurationPlatforms) = preSolution
		basis|ARM = basis|ARM
		basis|ARM64 = basis|ARM64
		basis|x64 = basis|x64
		basis|x86 = basis|x86
		cover|ARM = cover|ARM
		cover|ARM64 = cover|ARM64
		cover|x64 = cover|x64
		cover|x86 = cover|x86
		stage|ARM = stage|ARM
		stage|ARM64 = stage|ARM64
		stage|x64 = stage|x64
		stage|x86 = stage|x86
	EndGlobalSection
	GlobalSection(ProjectConfigurationPlatforms) = postSolution
		{74A3EA71-9358-4441-A0CC-D5771DF8DFBD}.basis|ARM.ActiveCfg = basis|ARM
		{74A3EA71-9358-4441-A0CC-D5771DF8DFBD}.basis|ARM.Build.0 = basis|ARM
		{74A3EA71-9358-4441-A0CC-D5771DF8DFBD}.basis|ARM64.ActiveCfg = basis|ARM64
		{74A3EA71-9358-4441-A0CC-D5771DF8DFBD}.basis|ARM64.Build.0 = basis|ARM64
		{74A3EA71-9358-4441-A0CC-D5771DF8DFBD}.basis|x64.ActiveCfg = basis|x64
		{74A3EA71-9358-4441-A0CC-D5771DF8DFBD}.basis|x64.Build.0 = basis|x64
		{74A3EA71-9358-4441-A0CC-D5771DF8DFBD}.basis|x86.ActiveCfg = basis|Win32
		{74A3EA71-9358-4441-A0CC-D5771DF8DFBD}.basis|x86.Build.0 = basis|Win32
		{74A3EA71-9358-4441-A0CC-D5771DF8DFBD}.cover|ARM.ActiveCfg = cover|ARM
		{74A3EA71-9358-4441-A0CC-D5771DF8DFBD}.cover|ARM.Build.0 = cover|ARM
		{74A3EA71-9358-4441-A0CC-D5771DF8DFBD}.cover|ARM64.ActiveCfg = cover|ARM64
		{74A3EA71-9358-4441-A0CC-D5771DF8DFBD}.cover|ARM64.Build.0 = cover|ARM64
		{74A3EA71-9358-4441-A0CC-D5771DF8DFBD}.cover|x64.ActiveCfg = cover|x64
		{74A3EA71-9358-4441-A0CC-D5771DF8DFBD}.cover|x64.Build.0 = cover|x64
		{74A3EA71-9358-4441-A0CC-D5771DF8DFBD}.cover|x86.ActiveCfg = cover|Win32
		{74A3EA71-9358-4441-A0CC-D5771DF8DFBD}.cover|x86.Build.0 = cover|Win32
		{74A3EA71-9358-4441-A0CC-D5771DF8DFBD}.stage|ARM.ActiveCfg = stage|ARM
		{74A3EA71-9358-4441-A0CC-D5771DF8DFBD}.stage|ARM.Build.0 = stage|ARM
		{74A3EA71-9358-4441-A0CC-D5771DF8DFBD}.stage|ARM64.ActiveCfg = stage|ARM64
		{74A3EA71-9358-4441-A0CC-D5771DF8DFBD}.stage|ARM64.Build.0 = stage|ARM64
		{74A3EA71-9358-4441-A0CC-D5771DF8DFBD}.stage|x64.ActiveCfg = stage|x64
		{74A3EA71-9358-4441-A0CC-D5771DF8DFBD}.stage|x64.Build.0 = stage|x64
		{74A3EA71-9358-4441-A0CC-D5771DF8DFBD}.stage|x86.ActiveCfg = stage|Win32
		{74A3EA71-9358-4441-A0CC-D5771DF8DFBD}.stage|x86.Build.0 = stage|Win32
		{B86508DE-6E32-42AC-B45C-08BF0932DCF8}.basis|ARM.ActiveCfg = basis|ARM
		{B86508DE-6E32-42AC-B45C-08BF0932DCF8}.basis|ARM.Build.0 = basis|ARM
		{B86508DE-6E32-42AC-B45C-08BF0932DCF8}.basis|ARM64.ActiveCfg = basis|ARM64
		{B86508DE-6E32-42AC-B45C-08BF0932DCF8}.basis|ARM64.Build.0 = basis|ARM64
		{B86508DE-6E32-42AC-B45C-08BF0932DCF8}.basis|x64.ActiveCfg = basis|x64
		{B86508DE-6E32-42AC-B45C-08BF0932DCF8}.basis|x64.Build.0 = basis|x64
		{B86508DE-6E32-42AC-B45C-08BF0932DCF8}.basis|x86.ActiveCfg = basis|Win32
		{B86508DE-6E32-42AC-B45C-08BF0932DCF8}.basis|x86.Build.0 = basis|Win32
		{B86508DE-6E32-42AC-B45C-08BF0932DCF8}.cover|ARM.ActiveCfg = cover|ARM
		{B86508DE-6E32-42AC-B45C-08BF0932DCF8}.cover|ARM.Build.0 = cover|ARM
		{B86508DE-6E32-42AC-B45C-08BF0932DCF8}.cover|ARM64.ActiveCfg = cover|ARM64
		{B86508DE-6E32-42AC-B45C-08BF0932DCF8}.cover|ARM64.Build.0 = cover|ARM64
		{B86508DE-6E32-42AC-B45C-08BF0932DCF8}.cover|x64.ActiveCfg = cover|x64
		{B86508DE-6E32-42AC-B45C-08BF0932DCF8}.cover|x64.Build.0 = cover|x64
		{B86508DE-6E32-42AC-B45C-08BF0932DCF8}.cover|x86.ActiveCfg = cover|Win32
		{B86508DE-6E32-42AC-B45C-08BF0932DCF8}.cover|x86.Build.0 = cover|Win32
		{B86508DE-6E32-42AC-B45C-08BF0932DCF8}.stage|ARM.ActiveCfg = stage|ARM
		{B86508DE-6E32-42AC-B45C-08BF0932DCF8}.stage|ARM.Build.0 = stage|ARM
		{B86508DE-6E32-42AC-B45C-08BF0932DCF8}.stage|ARM64.ActiveCfg = stage|ARM64
		{B86508DE-6E32-42AC-B45C-08BF0932DCF8}.stage|ARM64.Build.0 = stage|ARM64
		{B86508DE-6E32-42AC-B45C-08BF0932DCF8}.stage|x64.ActiveCfg = stage|x64
		{B86508DE-6E32-42AC-B45C-08BF0932DCF8}.stage|x64.Build.0 = stage|x64
		{B86508DE-6E32-42AC-B45C-08BF0932DCF8}.stage|x86.ActiveCfg = stage|Win32
		{B86508DE-6E32-42AC-B45C-08BF0932DCF8}.stage|x86.Build.0 = stage|Win32
		{365C15BF-3B96-4615-AA45-E6EA7E82405D}.basis|ARM.ActiveCfg = basis|ARM
		{365C15BF-3B96-4615-AA45-E6EA7E82405D}.basis|ARM.Build.0 = basis|ARM
		{365C15BF-3B96-4615-AA45-E6EA7E82405D}.basis|ARM64.ActiveCfg = basis|ARM64
		{365C15BF-3B96-4615-AA45-E6EA7E82405D}.basis|ARM64.Build.0 = basis|ARM64
		{365C15BF-3B96-4615-AA45-E6EA7E82405D}.basis|x64.ActiveCfg = basis|x64
		{365C15BF-3B96-4615-AA45-E6EA7E82405D}.basis|x64.Build.0 = basis|x64
		{365C15BF-3B96-4615-AA45-E6EA7E82405D}.basis|x86.ActiveCfg = basis|Win32
		{365C15BF-3B96-4615-AA45-E6EA7E82405D}.basis|x86.Build.0 = basis|Win32
		{365C15BF-3B96-4615-AA45-E6EA7E82405D}.cover|ARM.ActiveCfg = cover|ARM
		{365C15BF-3B96-4615-AA45-E6EA7E82405D}.cover|ARM.Build.0 = cover|ARM
		{365C15BF-3B96-4615-AA45-E6EA7E82405D}.cover|ARM64.ActiveCfg = cover|ARM64
		{365C15BF-3B96-4615-AA45-E6EA7E82405D}.cover|ARM64.Build.0 = cover|ARM64
		{365C15BF-3B96-4615-AA45-E6EA7E82405D}.cover|x64.ActiveCfg = cover|x64
		{365C15BF-3B96-4615-AA45-E6EA7E82405D}.cover|x64.Build.0 = cover|x64
		{365C15BF-3B96-4615-AA45-E6EA7E82405D}.cover|x86.ActiveCfg = cover|Win32
		{365C15BF-3B96-4615-AA45-E6EA7E82405D}.cover|x86.Build.0 = cover|Win32
		{365C15BF-3B96-4615-AA45-E6EA7E82405D}.stage|ARM.ActiveCfg = stage|ARM
		{365C15BF-3B96-4615-AA45-E6EA7E82405D}.stage|ARM.Build.0 = stage|ARM
		{365C15BF-3B96-4615-AA45-E6EA7E82405D}.stage|ARM64.ActiveCfg = stage|ARM64
		{365C15BF-3B96-4615-AA45-E6EA7E82405D}.stage|ARM64.Build.0 = stage|ARM64
		{365C15BF-3B96-4615-AA45-E6EA7E82405D}.stage|x64.ActiveCfg = stage|x64
		{365C15BF-3B96-4615-AA45-E6EA7E82405D}.stage|x64.Build.0 = stage|x64
		{365C15BF-3B96-4615-AA45-E6EA7E82405D}.stage|x86.ActiveCfg = stage|Win32
		{365C15BF-3B96-4615-AA45-E6EA7E82405D}.stage|x86.Build.0 = stage|Win32
		{D6FC3DC0-A19A-4F63-A3F1-3426FE53920B}.basis|ARM.ActiveCfg = basis|ARM
		{D6FC3DC0-A19A-4F63-A3F1-3426FE53920B}.basis|ARM.Build.0 = basis|ARM
		{D6FC3DC0-A19A-4F63-A3F1-3426FE53920B}.basis|ARM64.ActiveCfg = basis|ARM64
		{D6FC3DC0-A19A-4F63-A3F1-3426FE53920B}.basis|ARM64.Build.0 = basis|ARM64
		{D6FC3DC0-A19A-4F63-A3F1-3426FE53920B}.basis|x64.ActiveCfg = basis|x64
		{D6FC3DC0-A19A-4F63-A3F1-3426FE53920B}.basis|x64.Build.0 = basis|x64
		{D6FC3DC0-A19A-4F63-A3F1-3426FE53920B}.basis|x86.ActiveCfg = basis|Win32
		{D6FC3DC0-A19A-4F63-A3F1-3426FE53920B}.basis|x86.Build.0 = basis|Win32
		{D6FC3DC0-A19A-4F63-A3F1-3426FE53920B}.cover|ARM.ActiveCfg = cover|ARM
		{D6FC3DC0-A19A-4F63-A3F1-3426FE53920B}.cover|ARM.Build.0 = cover|ARM
		{D6FC3DC0-A19A-4F63-A3F1-3426FE53920B}.cover|ARM64.ActiveCfg = cover|ARM64
		{D6FC3DC0-A19A-4F63-A3F1-3426FE53920B}.cover|ARM64.Build.0 = cover|ARM64
		{D6FC3DC0-A19A-4F63-A3F1-3426FE53920B}.cover|x64.ActiveCfg = cover|x64
		{D6FC3DC0-A19A-4F63-A3F1-3426FE53920B}.cover|x64.Build.0 = cover|x64
		{D6FC3DC0-A19A-4F63-A3F1-3426FE53920B}.cover|x86.ActiveCfg = cover|Win32
		{D6FC3DC0-A19A-4F63-A3F1-3426FE53920B}.cover|x86.Build.0 = cover|Win32
		{D6FC3DC0-A19A-4F63-A3F1-3426FE53920B}.stage|ARM.ActiveCfg = stage|ARM
		{D6FC3DC0-A19A-4F63-A3F1-3426FE53920B}.stage|ARM.Build.0 = stage|ARM
		{D6FC3DC0-A19A-4F63-A3F1-3426FE53920B}.stage|ARM64.ActiveCfg = stage|ARM64
		{D6FC3DC0-A19A-4F63-A3F1-3426FE53920B}.stage|ARM64.Build.0 = stage|ARM64
		{D6FC3DC0-A19A-4F63-A3F1-3426FE53920B}.stage|x64.ActiveCfg = stage|x64
		{D6FC3DC0-A19A-4F63-A3F1-3426FE53920B}.stage|x64.Build.0 = stage|x64
		{D6FC3DC0-A19A-4F63-A3F1-3426FE53920B}.stage|x86.ActiveCfg = stage|Win32
		{D6FC3DC0-A19A-4F63-A3F1-3426FE53920B}.stage|x86.Build.0 = stage|Win32
		{B3B6A9D8-7776-434E-8E3B-D2696632DF39}.basis|ARM.ActiveCfg = basis|ARM
		{B3B6A9D8-7776-434E-8E3B-D2696632DF39}.basis|ARM.Build.0 = basis|ARM
		{B3B6A9D8-7776-434E-8E3B-D2696632DF39}.basis|ARM64.ActiveCfg = basis|ARM64
		{B3B6A9D8-7776-434E-8E3B-D2696632DF39}.basis|ARM64.Build.0 = basis|ARM64
		{B3B6A9D8-7776-434E-8E3B-D2696632DF39}.basis|x64.ActiveCfg = basis|x64
		{B3B6A9D8-7776-434E-8E3B-D2696632DF39}.basis|x64.Build.0 = basis|x64
		{B3B6A9D8-7776-434E-8E3B-D2696632DF39}.basis|x86.ActiveCfg = basis|Win32
		{B3B6A9D8-7776-434E-8E3B-D2696632DF39}.basis|x86.Build.0 = basis|Win32
		{B3B6A9D8-7776-434E-8E3B-D2696632DF39}.cover|ARM.ActiveCfg = cover|ARM
		{B3B6A9D8-7776-434E-8E3B-D2696632DF39}.cover|ARM.Build.0 = cover|ARM
		{B3B6A9D8-7776-434E-8E3B-D2696632DF39}.cover|ARM64.ActiveCfg = cover|ARM64
		{B3B6A9D8-7776-434E-8E3B-D2696632DF39}.cover|ARM64.Build.0 = cover|ARM64
		{B3B6A9D8-7776-434E-8E3B-D2696632DF39}.cover|x64.ActiveCfg = cover|x64
		{B3B6A9D8-7776-434E-8E3B-D2696632DF39}.cover|x64.Build.0 = cover|x64
		{B3B6A9D8-7776-434E-8E3B-D2696632DF39}.cover|x86.ActiveCfg = cover|Win32
		{B3B6A9D8-7776-434E-8E3B-D2696632DF39}.cover|x86.Build.0 = cover|Win32
		{B3B6A9D8-7776-434E-8E3B-D2696632DF39}.stage|ARM.ActiveCfg = stage|ARM
		{B3B6A9D8-7776-434E-8E3B-D2696632DF39}.stage|ARM.Build.0 = stage|ARM
		{B3B6A9D8-7776-434E-8E3B-D2696632DF39}.stage|ARM64.ActiveCfg = stage|ARM64
		{B3B6A9D8-7776-434E-8E3B-D2696632DF39}.stage|ARM64.Build.0 = stage|ARM64
		{B3B6A9D8-7776-434E-8E3B-D2696632DF39}.stage|x64.ActiveCfg = stage|x64
		{B3B6A9D8-7776-434E-8E3B-D2696632DF39}.stage|x64.Build.0 = stage|x64
		{B3B6A9D8-7776-434E-8E3B-D2696632DF39}.stage|x86.ActiveCfg = stage|Win32
		{B3B6A9D8-7776-434E-8E3B-D2696632DF39}.stage|x86.Build.0 = stage|Win32
		{BA9BFF50-1888-4722-8DEE-73A3B5B32BCB}.basis|ARM.ActiveCfg = basis|ARM
		{BA9BFF50-1888-4722-8DEE-73A3B5B32BCB}.basis|ARM.Build.0 = basis|ARM
		{BA9BFF50-1888-4722-8DEE-73A3B5B32BCB}.basis|ARM64.ActiveCfg = basis|ARM64
		{BA9BFF50-1888-4722-8DEE-73A3B5B32BCB}.basis|ARM64.Build.0 = basis|ARM64
		{BA9BFF50-1888-4722-8DEE-73A3B5B32BCB}.basis|x64.ActiveCfg = basis|x64
		{BA9BFF50-1888-4722-8DEE-73A3B5B32BCB}.basis|x64.Build.0 = basis|x64
		{BA9BFF50-1888-4722-8DEE-73A3B5B32BCB}.basis|x86.ActiveCfg = basis|Win32
		{BA9BFF50-1888-4722-8DEE-73A3B5B32BCB}.basis|x86.Build.0 = basis|Win32
		{BA9BFF50-1888-4722-8DEE-73A3B5B32BCB}.cover|ARM.ActiveCfg = cover|ARM
		{BA9BFF50-1888-4722-8DEE-73A3B5B32BCB}.cover|ARM.Build.0 = cover|ARM
		{BA9BFF50-1888-4722-8DEE-73A3B5B32BCB}.cover|ARM64.ActiveCfg = cover|ARM64
		{BA9BFF50-1888-4722-8DEE-73A3B5B32BCB}.cover|ARM64.Build.0 = cover|ARM64
		{BA9BFF50-1888-4722-8DEE-73A3B5B32BCB}.cover|x64.ActiveCfg = cover|x64
		{BA9BFF50-1888-4722-8DEE-73A3B5B32BCB}.cover|x64.Build.0 = cover|x64
		{BA9BFF50-1888-4722-8DEE-73A3B5B32BCB}.cover|x86.ActiveCfg = cover|Win32
		{BA9BFF50-1888-4722-8DEE-73A3B5B32BCB}.cover|x86.Build.0 = cover|Win32
		{BA9BFF50-1888-4722-8DEE-73A3B5B32BCB}.stage|ARM.ActiveCfg = stage|ARM
		{BA9BFF50-1888-4722-8DEE-73A3B5B32BCB}.stage|ARM.Build.0 = stage|ARM
		{BA9BFF50-1888-4722-8DEE-73A3B5B32BCB}.stage|ARM64.ActiveCfg = stage|ARM64
		{BA9BFF50-1888-4722-8DEE-73A3B5B32BCB}.stage|ARM64.Build.0 = stage|ARM64
		{BA9BFF50-1888-4722-8DEE-73A3B5B32BCB}.stage|x64.ActiveCfg = stage|x64
		{BA9BFF50-1888-4722-8DEE-73A3B5B32BCB}.stage|x64.Build.0 = stage|x64
		{BA9BFF50-1888-4722-8DEE-73A3B5B32BCB}.stage|x86.ActiveCfg = stage|Win32
		{BA9BFF50-1888-4722-8DEE-73A3B5B32BCB}.stage|x86.Build.0 = stage|Win32
		{697CF756-F62A-4590-BB69-1EF456DCB81B}.basis|ARM.ActiveCfg = basis|ARM
		{697CF756-F62A-4590-BB69-1EF456DCB81B}.basis|ARM.Build.0 = basis|ARM
		{697CF756-F62A-4590-BB69-1EF456DCB81B}.basis|ARM.Deploy.0 = basis|ARM
		{697CF756-F62A-4590-BB69-1EF456DCB81B}.basis|ARM64.ActiveCfg = basis|ARM64
		{697CF756-F62A-4590-BB69-1EF456DCB81B}.basis|ARM64.Build.0 = basis|ARM64
		{697CF756-F62A-4590-BB69-1EF456DCB81B}.basis|ARM64.Deploy.0 = basis|ARM64
		{697CF756-F62A-4590-BB69-1EF456DCB81B}.basis|x64.ActiveCfg = basis|x64
		{697CF756-F62A-4590-BB69-1EF456DCB81B}.basis|x64.Build.0 = basis|x64
		{697CF756-F62A-4590-BB69-1EF456DCB81B}.basis|x64.Deploy.0 = basis|x64
		{697CF756-F62A-4590-BB69-1EF456DCB81B}.basis|x86.ActiveCfg = basis|Win32
		{697CF756-F62A-4590-BB69-1EF456DCB81B}.basis|x86.Build.0 = basis|Win32
		{697CF756-F62A-4590-BB69-1EF456DCB81B}.basis|x86.Deploy.0 = basis|Win32
		{697CF756-F62A-4590-BB69-1EF456DCB81B}.cover|ARM.ActiveCfg = cover|ARM
		{697CF756-F62A-4590-BB69-1EF456DCB81B}.cover|ARM.Build.0 = cover|ARM
		{697CF756-F62A-4590-BB69-1EF456DCB81B}.cover|ARM.Deploy.0 = cover|ARM
		{697CF756-F62A-4590-BB69-1EF456DCB81B}.cover|ARM64.ActiveCfg = cover|ARM64
		{697CF756-F62A-4590-BB69-1EF456DCB81B}.cover|ARM64.Build.0 = cover|ARM64
		{697CF756-F62A-4590-BB69-1EF456DCB81B}.cover|ARM64.Deploy.0 = cover|ARM64
		{697CF756-F62A-4590-BB69-1EF456DCB81B}.cover|x64.ActiveCfg = cover|x64
		{697CF756-F62A-4590-BB69-1EF456DCB81B}.cover|x64.Build.0 = cover|x64
		{697CF756-F62A-4590-BB69-1EF456DCB81B}.cover|x64.Deploy.0 = cover|x64
		{697CF756-F62A-4590-BB69-1EF456DCB81B}.cover|x86.ActiveCfg = cover|Win32
		{697CF756-F62A-4590-BB69-1EF456DCB81B}.cover|x86.Build.0 = cover|Win32
		{697CF756-F62A-4590-BB69-1EF456DCB81B}.cover|x86.Deploy.0 = cover|Win32
		{697CF756-F62A-4590-BB69-1EF456DCB81B}.stage|ARM.ActiveCfg = stage|ARM
		{697CF756-F62A-4590-BB69-1EF456DCB81B}.stage|ARM.Build.0 = stage|ARM
		{697CF756-F62A-4590-BB69-1EF456DCB81B}.stage|ARM.Deploy.0 = stage|ARM
		{697CF756-F62A-4590-BB69-1EF456DCB81B}.stage|ARM64.ActiveCfg = stage|ARM64
		{697CF756-F62A-4590-BB69-1EF456DCB81B}.stage|ARM64.Build.0 = stage|ARM64
		{697CF756-F62A-4590-BB69-1EF456DCB81B}.stage|ARM64.Deploy.0 = stage|ARM64
		{697CF756-F62A-4590-BB69-1EF456DCB81B}.stage|x64.ActiveCfg = stage|x64
		{697CF756-F62A-4590-BB69-1EF456DCB81B}.stage|x64.Build.0 = stage|x64
		{697CF756-F62A-4590-BB69-1EF456DCB81B}.stage|x64.Deploy.0 = stage|x64
		{697CF756-F62A-4590-BB69-1EF456DCB81B}.stage|x86.ActiveCfg = stage|Win32
		{697CF756-F62A-4590-BB69-1EF456DCB81B}.stage|x86.Build.0 = stage|Win32
		{697CF756-F62A-4590-BB69-1EF456DCB81B}.stage|x86.Deploy.0 = stage|Win32
		{3C40C5D6-4AA7-4E7D-8F7A-A9D61BF70929}.basis|ARM.ActiveCfg = basis|ARM
		{3C40C5D6-4AA7-4E7D-8F7A-A9D61BF70929}.basis|ARM.Build.0 = basis|ARM
		{3C40C5D6-4AA7-4E7D-8F7A-A9D61BF70929}.basis|ARM64.ActiveCfg = basis|ARM64
		{3C40C5D6-4AA7-4E7D-8F7A-A9D61BF70929}.basis|ARM64.Build.0 = basis|ARM64
		{3C40C5D6-4AA7-4E7D-8F7A-A9D61BF70929}.basis|x64.ActiveCfg = basis|x64
		{3C40C5D6-4AA7-4E7D-8F7A-A9D61BF70929}.basis|x64.Build.0 = basis|x64
		{3C40C5D6-4AA7-4E7D-8F7A-A9D61BF70929}.basis|x86.ActiveCfg = basis|Win32
		{3C40C5D6-4AA7-4E7D-8F7A-A9D61BF70929}.basis|x86.Build.0 = basis|Win32
		{3C40C5D6-4AA7-4E7D-8F7A-A9D61BF70929}.cover|ARM.ActiveCfg = cover|ARM
		{3C40C5D6-4AA7-4E7D-8F7A-A9D61BF70929}.cover|ARM.Build.0 = cover|ARM
		{3C40C5D6-4AA7-4E7D-8F7A-A9D61BF70929}.cover|ARM64.ActiveCfg = cover|ARM64
		{3C40C5D6-4AA7-4E7D-8F7A-A9D61BF70929}.cover|ARM64.Build.0 = cover|ARM64
		{3C40C5D6-4AA7-4E7D-8F7A-A9D61BF70929}.cover|x64.ActiveCfg = cover|x64
		{3C40C5D6-4AA7-4E7D-8F7A-A9D61BF70929}.cover|x64.Build.0 = cover|x64
		{3C40C5D6-4AA7-4E7D-8F7A-A9D61BF70929}.cover|x86.ActiveCfg = cover|Win32
		{3C40C5D6-4AA7-4E7D-8F7A-A9D61BF70929}.cover|x86.Build.0 = cover|Win32
		{3C40C5D6-4AA7-4E7D-8F7A-A9D61BF70929}.stage|ARM.ActiveCfg = stage|ARM
		{3C40C5D6-4AA7-4E7D-8F7A-A9D61BF70929}.stage|ARM.Build.0 = stage|ARM
		{3C40C5D6-4AA7-4E7D-8F7A-A9D61BF70929}.stage|ARM64.ActiveCfg = stage|ARM64
		{3C40C5D6-4AA7-4E7D-8F7A-A9D61BF70929}.stage|ARM64.Build.0 = stage|ARM64
		{3C40C5D6-4AA7-4E7D-8F7A-A9D61BF70929}.stage|x64.ActiveCfg = stage|x64
		{3C40C5D6-4AA7-4E7D-8F7A-A9D61BF70929}.stage|x64.Build.0 = stage|x64
		{3C40C5D6-4AA7-4E7D-8F7A-A9D61BF70929}.stage|x86.ActiveCfg = stage|Win32
		{3C40C5D6-4AA7-4E7D-8F7A-A9D61BF70929}.stage|x86.Build.0 = stage|Win32
		{B05C0680-E49E-4F84-9DE8-93E3E42174E6}.basis|ARM.ActiveCfg = basis|ARM
		{B05C0680-E49E-4F84-9DE8-93E3E42174E6}.basis|ARM.Build.0 = basis|ARM
		{B05C0680-E49E-4F84-9DE8-93E3E42174E6}.basis|ARM.Deploy.0 = basis|ARM
		{B05C0680-E49E-4F84-9DE8-93E3E42174E6}.basis|ARM64.ActiveCfg = basis|ARM64
		{B05C0680-E49E-4F84-9DE8-93E3E42174E6}.basis|ARM64.Build.0 = basis|ARM64
		{B05C0680-E49E-4F84-9DE8-93E3E42174E6}.basis|ARM64.Deploy.0 = basis|ARM64
		{B05C0680-E49E-4F84-9DE8-93E3E42174E6}.basis|x64.ActiveCfg = basis|x64
		{B05C0680-E49E-4F84-9DE8-93E3E42174E6}.basis|x64.Build.0 = basis|x64
		{B05C0680-E49E-4F84-9DE8-93E3E42174E6}.basis|x64.Deploy.0 = basis|x64
		{B05C0680-E49E-4F84-9DE8-93E3E42174E6}.basis|x86.ActiveCfg = basis|Win32
		{B05C0680-E49E-4F84-9DE8-93E3E42174E6}.basis|x86.Build.0 = basis|Win32
		{B05C0680-E49E-4F84-9DE8-93E3E42174E6}.basis|x86.Deploy.0 = basis|Win32
		{B05C0680-E49E-4F84-9DE8-93E3E42174E6}.cover|ARM.ActiveCfg = cover|ARM
		{B05C0680-E49E-4F84-9DE8-93E3E42174E6}.cover|ARM.Build.0 = cover|ARM
		{B05C0680-E49E-4F84-9DE8-93E3E42174E6}.cover|ARM.Deploy.0 = cover|ARM
		{B05C0680-E49E-4F84-9DE8-93E3E42174E6}.cover|ARM64.ActiveCfg = cover|ARM64
		{B05C0680-E49E-4F84-9DE8-93E3E42174E6}.cover|ARM64.Build.0 = cover|ARM64
		{B05C0680-E49E-4F84-9DE8-93E3E42174E6}.cover|ARM64.Deploy.0 = cover|ARM64
		{B05C0680-E49E-4F84-9DE8-93E3E42174E6}.cover|x64.ActiveCfg = cover|x64
		{B05C0680-E49E-4F84-9DE8-93E3E42174E6}.cover|x64.Build.0 = cover|x64
		{B05C0680-E49E-4F84-9DE8-93E3E42174E6}.cover|x64.Deploy.0 = cover|x64
		{B05C0680-E49E-4F84-9DE8-93E3E42174E6}.cover|x86.ActiveCfg = cover|Win32
		{B05C0680-E49E-4F84-9DE8-93E3E42174E6}.cover|x86.Build.0 = cover|Win32
		{B05C0680-E49E-4F84-9DE8-93E3E42174E6}.cover|x86.Deploy.0 = cover|Win32
		{B05C0680-E49E-4F84-9DE8-93E3E42174E6}.stage|ARM.ActiveCfg = stage|ARM
		{B05C0680-E49E-4F84-9DE8-93E3E42174E6}.stage|ARM.Build.0 = stage|ARM
		{B05C0680-E49E-4F84-9DE8-93E3E42174E6}.stage|ARM.Deploy.0 = stage|ARM
		{B05C0680-E49E-4F84-9DE8-93E3E42174E6}.stage|ARM64.ActiveCfg = stage|ARM64
		{B05C0680-E49E-4F84-9DE8-93E3E42174E6}.stage|ARM64.Build.0 = stage|ARM64
		{B05C0680-E49E-4F84-9DE8-93E3E42174E6}.stage|ARM64.Deploy.0 = stage|ARM64
		{B05C0680-E49E-4F84-9DE8-93E3E42174E6}.stage|x64.ActiveCfg = stage|x64
		{B05C0680-E49E-4F84-9DE8-93E3E42174E6}.stage|x64.Build.0 = stage|x64
		{B05C0680-E49E-4F84-9DE8-93E3E42174E6}.stage|x64.Deploy.0 = stage|x64
		{B05C0680-E49E-4F84-9DE8-93E3E42174E6}.stage|x86.ActiveCfg = stage|Win32
		{B05C0680-E49E-4F84-9DE8-93E3E42174E6}.stage|x86.Build.0 = stage|Win32
		{B05C0680-E49E-4F84-9DE8-93E3E42174E6}.stage|x86.Deploy.0 = stage|Win32
		{7D2387EB-A3DE-4EA5-B061-48A856DD7211}.basis|ARM.ActiveCfg = basis|ARM
		{7D2387EB-A3DE-4EA5-B061-48A856DD7211}.basis|ARM.Build.0 = basis|ARM
		{7D2387EB-A3DE-4EA5-B061-48A856DD7211}.basis|ARM64.ActiveCfg = basis|ARM64
		{7D2387EB-A3DE-4EA5-B061-48A856DD7211}.basis|ARM64.Build.0 = basis|ARM64
		{7D2387EB-A3DE-4EA5-B061-48A856DD7211}.basis|x64.ActiveCfg = basis|x64
		{7D2387EB-A3DE-4EA5-B061-48A856DD7211}.basis|x64.Build.0 = basis|x64
		{7D2387EB-A3DE-4EA5-B061-48A856DD7211}.basis|x86.ActiveCfg = basis|Win32
		{7D2387EB-A3DE-4EA5-B061-48A856DD7211}.basis|x86.Build.0 = basis|Win32
		{7D2387EB-A3DE-4EA5-B061-48A856DD7211}.cover|ARM.ActiveCfg = cover|ARM
		{7D2387EB-A3DE-4EA5-B061-48A856DD7211}.cover|ARM.Build.0 = cover|ARM
		{7D2387EB-A3DE-4EA5-B061-48A856DD7211}.cover|ARM64.ActiveCfg = cover|ARM64
		{7D2387EB-A3DE-4EA5-B061-48A856DD7211}.cover|ARM64.Build.0 = cover|ARM64
		{7D2387EB-A3DE-4EA5-B061-48A856DD7211}.cover|x64.ActiveCfg = cover|x64
		{7D2387EB-A3DE-4EA5-B061-48A856DD7211}.cover|x64.Build.0 = cover|x64
		{7D2387EB-A3DE-4EA5-B061-48A856DD7211}.cover|x86.ActiveCfg = cover|Win32
		{7D2387EB-A3DE-4EA5-B061-48A856DD7211}.cover|x86.Build.0 = cover|Win32
		{7D2387EB-A3DE-4EA5-B061-48A856DD7211}.stage|ARM.ActiveCfg = stage|ARM
		{7D2387EB-A3DE-4EA5-B061-48A856DD7211}.stage|ARM.Build.0 = stage|ARM
		{7D2387EB-A3DE-4EA5-B061-48A856DD7211}.stage|ARM64.ActiveCfg = stage|ARM64
		{7D2387EB-A3DE-4EA5-B061-48A856DD7211}.stage|ARM64.Build.0 = stage|ARM64
		{7D2387EB-A3DE-4EA5-B061-48A856DD7211}.stage|x64.ActiveCfg = stage|x64
		{7D2387EB-A3DE-4EA5-B061-48A856DD7211}.stage|x64.Build.0 = stage|x64
		{7D2387EB-A3DE-4EA5-B061-48A856DD7211}.stage|x86.ActiveCfg = stage|Win32
		{7D2387EB-A3DE-4EA5-B061-48A856DD7211}.stage|x86.Build.0 = stage|Win32
		{4A44D9CA-A46E-4BB3-8AD5-8BCACE5228CE}.basis|ARM.ActiveCfg = basis|ARM
		{4A44D9CA-A46E-4BB3-8AD5-8BCACE5228CE}.basis|ARM.Build.0 = basis|ARM
		{4A44D9CA-A46E-4BB3-8AD5-8BCACE5228CE}.basis|ARM64.ActiveCfg = basis|ARM64
		{4A44D9CA-A46E-4BB3-8AD5-8BCACE5228CE}.basis|ARM64.Build.0 = basis|ARM64
		{4A44D9CA-A46E-4BB3-8AD5-8BCACE5228CE}.basis|x64.ActiveCfg = basis|x64
		{4A44D9CA-A46E-4BB3-8AD5-8BCACE5228CE}.basis|x64.Build.0 = basis|x64
		{4A44D9CA-A46E-4BB3-8AD5-8BCACE5228CE}.basis|x86.ActiveCfg = basis|Win32
		{4A44D9CA-A46E-4BB3-8AD5-8BCACE5228CE}.basis|x86.Build.0 = basis|Win32
		{4A44D9CA-A46E-4BB3-8AD5-8BCACE5228CE}.cover|ARM.ActiveCfg = cover|ARM
		{4A44D9CA-A46E-4BB3-8AD5-8BCACE5228CE}.cover|ARM.Build.0 = cover|ARM
		{4A44D9CA-A46E-4BB3-8AD5-8BCACE5228CE}.cover|ARM64.ActiveCfg = cover|ARM64
		{4A44D9CA-A46E-4BB3-8AD5-8BCACE5228CE}.cover|ARM64.Build.0 = cover|ARM64
		{4A44D9CA-A46E-4BB3-8AD5-8BCACE5228CE}.cover|x64.ActiveCfg = cover|x64
		{4A44D9CA-A46E-4BB3-8AD5-8BCACE5228CE}.cover|x64.Build.0 = cover|x64
		{4A44D9CA-A46E-4BB3-8AD5-8BCACE5228CE}.cover|x86.ActiveCfg = cover|Win32
		{4A44D9CA-A46E-4BB3-8AD5-8BCACE5228CE}.cover|x86.Build.0 = cover|Win32
		{4A44D9CA-A46E-4BB3-8AD5-8BCACE5228CE}.stage|ARM.ActiveCfg = stage|ARM
		{4A44D9CA-A46E-4BB3-8AD5-8BCACE5228CE}.stage|ARM.Build.0 = stage|ARM
		{4A44D9CA-A46E-4BB3-8AD5-8BCACE5228CE}.stage|ARM64.ActiveCfg = stage|ARM64
		{4A44D9CA-A46E-4BB3-8AD5-8BCACE5228CE}.stage|ARM64.Build.0 = stage|ARM64
		{4A44D9CA-A46E-4BB3-8AD5-8BCACE5228CE}.stage|x64.ActiveCfg = stage|x64
		{4A44D9CA-A46E-4BB3-8AD5-8BCACE5228CE}.stage|x64.Build.0 = stage|x64
		{4A44D9CA-A46E-4BB3-8AD5-8BCACE5228CE}.stage|x86.ActiveCfg = stage|Win32
		{4A44D9CA-A46E-4BB3-8AD5-8BCACE5228CE}.stage|x86.Build.0 = stage|Win32
	EndGlobalSection
	GlobalSection(SolutionProperties) = preSolution
		HideSolutionNode = FALSE
	EndGlobalSection
	GlobalSection(ExtensibilityGlobals) = postSolution
		SolutionGuid = {1292724B-E11A-4152-97C4-799033C4D387}
	EndGlobalSection
	GlobalSection(Performance) = preSolution
		HasPerformanceSessions = true
	EndGlobalSection
EndGlobal
