
Microsoft Visual Studio Solution File, Format Version 12.00
# Visual Studio Version 17
VisualStudioVersion = 17.0.31815.197
MinimumVisualStudioVersion = 10.0.40219.1
Project("{8BC9CEB8-8B4A-11D0-8D11-00A0C91BC942}") = "acme", "..\..\..\source\app\acme\u_acme.vcxproj", "{74A3EA71-9358-4441-A0CC-D5771DF8DFBD}"
EndProject
Project("{8BC9CEB8-8B4A-11D0-8D11-00A0C91BC942}") = "apex", "..\..\..\source\app\apex\u_apex.vcxproj", "{B86508DE-6E32-42AC-B45C-08BF0932DCF8}"
EndProject
Project("{8BC9CEB8-8B4A-11D0-8D11-00A0C91BC942}") = "aqua", "..\..\..\source\app\aqua\u_aqua.vcxproj", "{D6FC3DC0-A19A-4F63-A3F1-3426FE53920B}"
EndProject
Project("{8BC9CEB8-8B4A-11D0-8D11-00A0C91BC942}") = "acme_universal_windows", "..\..\operating-system-universal_windows\acme_universal_windows\u_acme_universal_windows.vcxproj", "{E38ECF25-A157-4402-A803-F54759FF1C91}"
EndProject
Project("{8BC9CEB8-8B4A-11D0-8D11-00A0C91BC942}") = "apex_windows_common", "..\..\operating-system-windows_common\apex_windows_common\u_apex_windows_common.vcxproj", "{BC71DE03-0BCB-46ED-A9C5-D1DD8242C511}"
EndProject
Project("{8BC9CEB8-8B4A-11D0-8D11-00A0C91BC942}") = "acme_windows_common", "..\..\operating-system-windows_common\acme_windows_common\u_acme_windows_common.vcxproj", "{4A44D9CA-A46E-4BB3-8AD5-8BCACE5228CE}"
EndProject
Project("{8BC9CEB8-8B4A-11D0-8D11-00A0C91BC942}") = "apex_universal_windows", "..\..\operating-system-universal_windows\apex_universal_windows\u_apex_universal_windows.vcxproj", "{310FEC1B-4DEB-40C9-8ED2-4D8FD9CF52D0}"
EndProject
Project("{8BC9CEB8-8B4A-11D0-8D11-00A0C91BC942}") = "hello", ""..\..\..\source\console\hello\uwp_console_hello.vcxproj", "{88B22BEF-1D9F-43CE-9EEA-E4013FA82251}"
EndProject
Project("{8BC9CEB8-8B4A-11D0-8D11-00A0C91BC942}") = "helloearth", ""..\..\..\source\console\helloearth\uwp_console_helloearth.vcxproj", "{418E1765-46C5-437D-95F1-F2BBC67BF79D}"
EndProject
Project("{8BC9CEB8-8B4A-11D0-8D11-00A0C91BC942}") = "hellosolarsystem", ""..\..\..\source\console\hellosolarsystem\uwp_console_hellosolarsystem.vcxproj", "{8643CEFE-A292-4E2D-983E-51775AFAF397}"
	ProjectSection(ProjectDependencies) = postProject
		{BC919186-F67A-4FFC-B6BE-0E63DC652A63} = {BC919186-F67A-4FFC-B6BE-0E63DC652A63}
		{FC96F9E0-D65E-4286-95B1-F1FF4873DACE} = {FC96F9E0-D65E-4286-95B1-F1FF4873DACE}
	EndProjectSection
EndProject
Project("{8BC9CEB8-8B4A-11D0-8D11-00A0C91BC942}") = "readlines", ""..\..\..\source\console\readlines\uwp_console_readlines.vcxproj", "{47BB2E25-EE26-42B7-BF5B-345FF4090F37}"
	ProjectSection(ProjectDependencies) = postProject
		{BC919186-F67A-4FFC-B6BE-0E63DC652A63} = {BC919186-F67A-4FFC-B6BE-0E63DC652A63}
		{FC96F9E0-D65E-4286-95B1-F1FF4873DACE} = {FC96F9E0-D65E-4286-95B1-F1FF4873DACE}
	EndProjectSection
EndProject
Project("{8BC9CEB8-8B4A-11D0-8D11-00A0C91BC942}") = "crypto_openssl", "..\..\..\source\app\crypto_openssl\u_crypto_openssl.vcxproj", "{BC919186-F67A-4FFC-B6BE-0E63DC652A63}"
EndProject
Project("{8BC9CEB8-8B4A-11D0-8D11-00A0C91BC942}") = "folder_zip", "..\..\..\source\app\folder_zip\u_folder_zip.vcxproj", "{FC96F9E0-D65E-4286-95B1-F1FF4873DACE}"
EndProject
Global
	GlobalSection(SolutionConfigurationPlatforms) = preSolution
		Debug|ARM = Debug|ARM
		Debug|ARM64 = Debug|ARM64
		Debug|x64 = Debug|x64
		Debug|x86 = Debug|x86
		StaticDebug|ARM = StaticDebug|ARM
		StaticDebug|ARM64 = StaticDebug|ARM64
		StaticDebug|x64 = StaticDebug|x64
		StaticDebug|x86 = StaticDebug|x86
		StaticRelease|ARM = StaticRelease|ARM
		StaticRelease|ARM64 = StaticRelease|ARM64
		StaticRelease|x64 = StaticRelease|x64
		StaticRelease|x86 = StaticRelease|x86
		stage|ARM = stage|ARM
		stage|ARM64 = stage|ARM64
		stage|x64 = stage|x64
		stage|x86 = stage|x86
	EndGlobalSection
	GlobalSection(ProjectConfigurationPlatforms) = postSolution
		{74A3EA71-9358-4441-A0CC-D5771DF8DFBD}.Debug|ARM.ActiveCfg = Debug|ARM
		{74A3EA71-9358-4441-A0CC-D5771DF8DFBD}.Debug|ARM.Build.0 = Debug|ARM
		{74A3EA71-9358-4441-A0CC-D5771DF8DFBD}.Debug|ARM64.ActiveCfg = Debug|ARM64
		{74A3EA71-9358-4441-A0CC-D5771DF8DFBD}.Debug|ARM64.Build.0 = Debug|ARM64
		{74A3EA71-9358-4441-A0CC-D5771DF8DFBD}.Debug|x64.ActiveCfg = Debug|x64
		{74A3EA71-9358-4441-A0CC-D5771DF8DFBD}.Debug|x64.Build.0 = Debug|x64
		{74A3EA71-9358-4441-A0CC-D5771DF8DFBD}.Debug|x86.ActiveCfg = Debug|Win32
		{74A3EA71-9358-4441-A0CC-D5771DF8DFBD}.Debug|x86.Build.0 = Debug|Win32
		{74A3EA71-9358-4441-A0CC-D5771DF8DFBD}.StaticDebug|ARM.ActiveCfg = Debug|ARM
		{74A3EA71-9358-4441-A0CC-D5771DF8DFBD}.StaticDebug|ARM64.ActiveCfg = Debug|ARM64
		{74A3EA71-9358-4441-A0CC-D5771DF8DFBD}.StaticDebug|x64.ActiveCfg = StaticDebug|x64
		{74A3EA71-9358-4441-A0CC-D5771DF8DFBD}.StaticDebug|x64.Build.0 = StaticDebug|x64
		{74A3EA71-9358-4441-A0CC-D5771DF8DFBD}.StaticDebug|x86.ActiveCfg = StaticDebug|Win32
		{74A3EA71-9358-4441-A0CC-D5771DF8DFBD}.StaticDebug|x86.Build.0 = StaticDebug|Win32
		{74A3EA71-9358-4441-A0CC-D5771DF8DFBD}.StaticRelease|ARM.ActiveCfg = StaticRelease|ARM
		{74A3EA71-9358-4441-A0CC-D5771DF8DFBD}.StaticRelease|ARM.Build.0 = StaticRelease|ARM
		{74A3EA71-9358-4441-A0CC-D5771DF8DFBD}.StaticRelease|ARM64.ActiveCfg = StaticRelease|ARM64
		{74A3EA71-9358-4441-A0CC-D5771DF8DFBD}.StaticRelease|ARM64.Build.0 = StaticRelease|ARM64
		{74A3EA71-9358-4441-A0CC-D5771DF8DFBD}.StaticRelease|x64.ActiveCfg = StaticRelease|x64
		{74A3EA71-9358-4441-A0CC-D5771DF8DFBD}.StaticRelease|x64.Build.0 = StaticRelease|x64
		{74A3EA71-9358-4441-A0CC-D5771DF8DFBD}.StaticRelease|x86.ActiveCfg = StaticRelease|Win32
		{74A3EA71-9358-4441-A0CC-D5771DF8DFBD}.StaticRelease|x86.Build.0 = StaticRelease|Win32
		{74A3EA71-9358-4441-A0CC-D5771DF8DFBD}.stage|ARM.ActiveCfg = stage|ARM
		{74A3EA71-9358-4441-A0CC-D5771DF8DFBD}.stage|ARM.Build.0 = stage|ARM
		{74A3EA71-9358-4441-A0CC-D5771DF8DFBD}.stage|ARM64.ActiveCfg = stage|ARM64
		{74A3EA71-9358-4441-A0CC-D5771DF8DFBD}.stage|ARM64.Build.0 = stage|ARM64
		{74A3EA71-9358-4441-A0CC-D5771DF8DFBD}.stage|x64.ActiveCfg = stage|x64
		{74A3EA71-9358-4441-A0CC-D5771DF8DFBD}.stage|x64.Build.0 = stage|x64
		{74A3EA71-9358-4441-A0CC-D5771DF8DFBD}.stage|x86.ActiveCfg = stage|Win32
		{74A3EA71-9358-4441-A0CC-D5771DF8DFBD}.stage|x86.Build.0 = stage|Win32
		{B86508DE-6E32-42AC-B45C-08BF0932DCF8}.Debug|ARM.ActiveCfg = Debug|ARM
		{B86508DE-6E32-42AC-B45C-08BF0932DCF8}.Debug|ARM.Build.0 = Debug|ARM
		{B86508DE-6E32-42AC-B45C-08BF0932DCF8}.Debug|ARM64.ActiveCfg = Debug|ARM64
		{B86508DE-6E32-42AC-B45C-08BF0932DCF8}.Debug|ARM64.Build.0 = Debug|ARM64
		{B86508DE-6E32-42AC-B45C-08BF0932DCF8}.Debug|x64.ActiveCfg = Debug|x64
		{B86508DE-6E32-42AC-B45C-08BF0932DCF8}.Debug|x64.Build.0 = Debug|x64
		{B86508DE-6E32-42AC-B45C-08BF0932DCF8}.Debug|x86.ActiveCfg = Debug|Win32
		{B86508DE-6E32-42AC-B45C-08BF0932DCF8}.Debug|x86.Build.0 = Debug|Win32
		{B86508DE-6E32-42AC-B45C-08BF0932DCF8}.StaticDebug|ARM.ActiveCfg = Debug|ARM
		{B86508DE-6E32-42AC-B45C-08BF0932DCF8}.StaticDebug|ARM64.ActiveCfg = Debug|ARM64
		{B86508DE-6E32-42AC-B45C-08BF0932DCF8}.StaticDebug|x64.ActiveCfg = StaticDebug|x64
		{B86508DE-6E32-42AC-B45C-08BF0932DCF8}.StaticDebug|x64.Build.0 = StaticDebug|x64
		{B86508DE-6E32-42AC-B45C-08BF0932DCF8}.StaticDebug|x86.ActiveCfg = StaticDebug|Win32
		{B86508DE-6E32-42AC-B45C-08BF0932DCF8}.StaticDebug|x86.Build.0 = StaticDebug|Win32
		{B86508DE-6E32-42AC-B45C-08BF0932DCF8}.StaticRelease|ARM.ActiveCfg = StaticRelease|ARM
		{B86508DE-6E32-42AC-B45C-08BF0932DCF8}.StaticRelease|ARM.Build.0 = StaticRelease|ARM
		{B86508DE-6E32-42AC-B45C-08BF0932DCF8}.StaticRelease|ARM64.ActiveCfg = StaticRelease|ARM64
		{B86508DE-6E32-42AC-B45C-08BF0932DCF8}.StaticRelease|ARM64.Build.0 = StaticRelease|ARM64
		{B86508DE-6E32-42AC-B45C-08BF0932DCF8}.StaticRelease|x64.ActiveCfg = StaticRelease|x64
		{B86508DE-6E32-42AC-B45C-08BF0932DCF8}.StaticRelease|x64.Build.0 = StaticRelease|x64
		{B86508DE-6E32-42AC-B45C-08BF0932DCF8}.StaticRelease|x86.ActiveCfg = StaticRelease|Win32
		{B86508DE-6E32-42AC-B45C-08BF0932DCF8}.StaticRelease|x86.Build.0 = StaticRelease|Win32
		{B86508DE-6E32-42AC-B45C-08BF0932DCF8}.stage|ARM.ActiveCfg = stage|ARM
		{B86508DE-6E32-42AC-B45C-08BF0932DCF8}.stage|ARM.Build.0 = stage|ARM
		{B86508DE-6E32-42AC-B45C-08BF0932DCF8}.stage|ARM64.ActiveCfg = stage|ARM64
		{B86508DE-6E32-42AC-B45C-08BF0932DCF8}.stage|ARM64.Build.0 = stage|ARM64
		{B86508DE-6E32-42AC-B45C-08BF0932DCF8}.stage|x64.ActiveCfg = stage|x64
		{B86508DE-6E32-42AC-B45C-08BF0932DCF8}.stage|x64.Build.0 = stage|x64
		{B86508DE-6E32-42AC-B45C-08BF0932DCF8}.stage|x86.ActiveCfg = stage|Win32
		{B86508DE-6E32-42AC-B45C-08BF0932DCF8}.stage|x86.Build.0 = stage|Win32
		{D6FC3DC0-A19A-4F63-A3F1-3426FE53920B}.Debug|ARM.ActiveCfg = Debug|ARM
		{D6FC3DC0-A19A-4F63-A3F1-3426FE53920B}.Debug|ARM.Build.0 = Debug|ARM
		{D6FC3DC0-A19A-4F63-A3F1-3426FE53920B}.Debug|ARM64.ActiveCfg = Debug|ARM64
		{D6FC3DC0-A19A-4F63-A3F1-3426FE53920B}.Debug|ARM64.Build.0 = Debug|ARM64
		{D6FC3DC0-A19A-4F63-A3F1-3426FE53920B}.Debug|x64.ActiveCfg = Debug|x64
		{D6FC3DC0-A19A-4F63-A3F1-3426FE53920B}.Debug|x64.Build.0 = Debug|x64
		{D6FC3DC0-A19A-4F63-A3F1-3426FE53920B}.Debug|x86.ActiveCfg = Debug|Win32
		{D6FC3DC0-A19A-4F63-A3F1-3426FE53920B}.Debug|x86.Build.0 = Debug|Win32
		{D6FC3DC0-A19A-4F63-A3F1-3426FE53920B}.StaticDebug|ARM.ActiveCfg = Debug|ARM
		{D6FC3DC0-A19A-4F63-A3F1-3426FE53920B}.StaticDebug|ARM64.ActiveCfg = Debug|ARM64
		{D6FC3DC0-A19A-4F63-A3F1-3426FE53920B}.StaticDebug|x64.ActiveCfg = StaticDebug|x64
		{D6FC3DC0-A19A-4F63-A3F1-3426FE53920B}.StaticDebug|x64.Build.0 = StaticDebug|x64
		{D6FC3DC0-A19A-4F63-A3F1-3426FE53920B}.StaticDebug|x86.ActiveCfg = StaticDebug|Win32
		{D6FC3DC0-A19A-4F63-A3F1-3426FE53920B}.StaticDebug|x86.Build.0 = StaticDebug|Win32
		{D6FC3DC0-A19A-4F63-A3F1-3426FE53920B}.StaticRelease|ARM.ActiveCfg = StaticRelease|ARM
		{D6FC3DC0-A19A-4F63-A3F1-3426FE53920B}.StaticRelease|ARM.Build.0 = StaticRelease|ARM
		{D6FC3DC0-A19A-4F63-A3F1-3426FE53920B}.StaticRelease|ARM64.ActiveCfg = StaticRelease|ARM64
		{D6FC3DC0-A19A-4F63-A3F1-3426FE53920B}.StaticRelease|ARM64.Build.0 = StaticRelease|ARM64
		{D6FC3DC0-A19A-4F63-A3F1-3426FE53920B}.StaticRelease|x64.ActiveCfg = StaticRelease|x64
		{D6FC3DC0-A19A-4F63-A3F1-3426FE53920B}.StaticRelease|x64.Build.0 = StaticRelease|x64
		{D6FC3DC0-A19A-4F63-A3F1-3426FE53920B}.StaticRelease|x86.ActiveCfg = StaticRelease|Win32
		{D6FC3DC0-A19A-4F63-A3F1-3426FE53920B}.StaticRelease|x86.Build.0 = StaticRelease|Win32
		{D6FC3DC0-A19A-4F63-A3F1-3426FE53920B}.stage|ARM.ActiveCfg = stage|ARM
		{D6FC3DC0-A19A-4F63-A3F1-3426FE53920B}.stage|ARM.Build.0 = stage|ARM
		{D6FC3DC0-A19A-4F63-A3F1-3426FE53920B}.stage|ARM64.ActiveCfg = stage|ARM64
		{D6FC3DC0-A19A-4F63-A3F1-3426FE53920B}.stage|ARM64.Build.0 = stage|ARM64
		{D6FC3DC0-A19A-4F63-A3F1-3426FE53920B}.stage|x64.ActiveCfg = stage|x64
		{D6FC3DC0-A19A-4F63-A3F1-3426FE53920B}.stage|x64.Build.0 = stage|x64
		{D6FC3DC0-A19A-4F63-A3F1-3426FE53920B}.stage|x86.ActiveCfg = stage|Win32
		{D6FC3DC0-A19A-4F63-A3F1-3426FE53920B}.stage|x86.Build.0 = stage|Win32
		{E38ECF25-A157-4402-A803-F54759FF1C91}.Debug|ARM.ActiveCfg = Debug|ARM
		{E38ECF25-A157-4402-A803-F54759FF1C91}.Debug|ARM.Build.0 = Debug|ARM
		{E38ECF25-A157-4402-A803-F54759FF1C91}.Debug|ARM64.ActiveCfg = Debug|ARM64
		{E38ECF25-A157-4402-A803-F54759FF1C91}.Debug|ARM64.Build.0 = Debug|ARM64
		{E38ECF25-A157-4402-A803-F54759FF1C91}.Debug|x64.ActiveCfg = Debug|x64
		{E38ECF25-A157-4402-A803-F54759FF1C91}.Debug|x64.Build.0 = Debug|x64
		{E38ECF25-A157-4402-A803-F54759FF1C91}.Debug|x86.ActiveCfg = Debug|Win32
		{E38ECF25-A157-4402-A803-F54759FF1C91}.Debug|x86.Build.0 = Debug|Win32
		{E38ECF25-A157-4402-A803-F54759FF1C91}.StaticDebug|ARM.ActiveCfg = Debug|ARM
		{E38ECF25-A157-4402-A803-F54759FF1C91}.StaticDebug|ARM.Build.0 = Debug|ARM
		{E38ECF25-A157-4402-A803-F54759FF1C91}.StaticDebug|ARM64.ActiveCfg = Debug|ARM64
		{E38ECF25-A157-4402-A803-F54759FF1C91}.StaticDebug|ARM64.Build.0 = Debug|ARM64
		{E38ECF25-A157-4402-A803-F54759FF1C91}.StaticDebug|x64.ActiveCfg = StaticDebug|x64
		{E38ECF25-A157-4402-A803-F54759FF1C91}.StaticDebug|x64.Build.0 = StaticDebug|x64
		{E38ECF25-A157-4402-A803-F54759FF1C91}.StaticDebug|x86.ActiveCfg = StaticDebug|Win32
		{E38ECF25-A157-4402-A803-F54759FF1C91}.StaticDebug|x86.Build.0 = StaticDebug|Win32
		{E38ECF25-A157-4402-A803-F54759FF1C91}.StaticRelease|ARM.ActiveCfg = Debug|ARM
		{E38ECF25-A157-4402-A803-F54759FF1C91}.StaticRelease|ARM.Build.0 = Debug|ARM
		{E38ECF25-A157-4402-A803-F54759FF1C91}.StaticRelease|ARM64.ActiveCfg = Debug|ARM64
		{E38ECF25-A157-4402-A803-F54759FF1C91}.StaticRelease|ARM64.Build.0 = Debug|ARM64
		{E38ECF25-A157-4402-A803-F54759FF1C91}.StaticRelease|x64.ActiveCfg = StaticRelease|x64
		{E38ECF25-A157-4402-A803-F54759FF1C91}.StaticRelease|x64.Build.0 = StaticRelease|x64
		{E38ECF25-A157-4402-A803-F54759FF1C91}.StaticRelease|x86.ActiveCfg = StaticRelease|Win32
		{E38ECF25-A157-4402-A803-F54759FF1C91}.StaticRelease|x86.Build.0 = StaticRelease|Win32
		{E38ECF25-A157-4402-A803-F54759FF1C91}.stage|ARM.ActiveCfg = Debug|ARM
		{E38ECF25-A157-4402-A803-F54759FF1C91}.stage|ARM.Build.0 = Debug|ARM
		{E38ECF25-A157-4402-A803-F54759FF1C91}.stage|ARM64.ActiveCfg = Debug|ARM64
		{E38ECF25-A157-4402-A803-F54759FF1C91}.stage|ARM64.Build.0 = Debug|ARM64
		{E38ECF25-A157-4402-A803-F54759FF1C91}.stage|x64.ActiveCfg = stage|x64
		{E38ECF25-A157-4402-A803-F54759FF1C91}.stage|x64.Build.0 = stage|x64
		{E38ECF25-A157-4402-A803-F54759FF1C91}.stage|x86.ActiveCfg = stage|Win32
		{E38ECF25-A157-4402-A803-F54759FF1C91}.stage|x86.Build.0 = stage|Win32
		{BC71DE03-0BCB-46ED-A9C5-D1DD8242C511}.Debug|ARM.ActiveCfg = Debug|ARM
		{BC71DE03-0BCB-46ED-A9C5-D1DD8242C511}.Debug|ARM.Build.0 = Debug|ARM
		{BC71DE03-0BCB-46ED-A9C5-D1DD8242C511}.Debug|ARM64.ActiveCfg = Debug|ARM64
		{BC71DE03-0BCB-46ED-A9C5-D1DD8242C511}.Debug|ARM64.Build.0 = Debug|ARM64
		{BC71DE03-0BCB-46ED-A9C5-D1DD8242C511}.Debug|x64.ActiveCfg = Debug|x64
		{BC71DE03-0BCB-46ED-A9C5-D1DD8242C511}.Debug|x64.Build.0 = Debug|x64
		{BC71DE03-0BCB-46ED-A9C5-D1DD8242C511}.Debug|x86.ActiveCfg = Debug|Win32
		{BC71DE03-0BCB-46ED-A9C5-D1DD8242C511}.Debug|x86.Build.0 = Debug|Win32
		{BC71DE03-0BCB-46ED-A9C5-D1DD8242C511}.StaticDebug|ARM.ActiveCfg = Debug|ARM
		{BC71DE03-0BCB-46ED-A9C5-D1DD8242C511}.StaticDebug|ARM.Build.0 = Debug|ARM
		{BC71DE03-0BCB-46ED-A9C5-D1DD8242C511}.StaticDebug|ARM64.ActiveCfg = Debug|ARM64
		{BC71DE03-0BCB-46ED-A9C5-D1DD8242C511}.StaticDebug|ARM64.Build.0 = Debug|ARM64
		{BC71DE03-0BCB-46ED-A9C5-D1DD8242C511}.StaticDebug|x64.ActiveCfg = StaticDebug|x64
		{BC71DE03-0BCB-46ED-A9C5-D1DD8242C511}.StaticDebug|x64.Build.0 = StaticDebug|x64
		{BC71DE03-0BCB-46ED-A9C5-D1DD8242C511}.StaticDebug|x86.ActiveCfg = StaticDebug|Win32
		{BC71DE03-0BCB-46ED-A9C5-D1DD8242C511}.StaticDebug|x86.Build.0 = StaticDebug|Win32
		{BC71DE03-0BCB-46ED-A9C5-D1DD8242C511}.StaticRelease|ARM.ActiveCfg = Debug|ARM
		{BC71DE03-0BCB-46ED-A9C5-D1DD8242C511}.StaticRelease|ARM.Build.0 = Debug|ARM
		{BC71DE03-0BCB-46ED-A9C5-D1DD8242C511}.StaticRelease|ARM64.ActiveCfg = Debug|ARM64
		{BC71DE03-0BCB-46ED-A9C5-D1DD8242C511}.StaticRelease|ARM64.Build.0 = Debug|ARM64
		{BC71DE03-0BCB-46ED-A9C5-D1DD8242C511}.StaticRelease|x64.ActiveCfg = StaticRelease|x64
		{BC71DE03-0BCB-46ED-A9C5-D1DD8242C511}.StaticRelease|x64.Build.0 = StaticRelease|x64
		{BC71DE03-0BCB-46ED-A9C5-D1DD8242C511}.StaticRelease|x86.ActiveCfg = StaticRelease|Win32
		{BC71DE03-0BCB-46ED-A9C5-D1DD8242C511}.StaticRelease|x86.Build.0 = StaticRelease|Win32
		{BC71DE03-0BCB-46ED-A9C5-D1DD8242C511}.stage|ARM.ActiveCfg = Debug|ARM
		{BC71DE03-0BCB-46ED-A9C5-D1DD8242C511}.stage|ARM.Build.0 = Debug|ARM
		{BC71DE03-0BCB-46ED-A9C5-D1DD8242C511}.stage|ARM64.ActiveCfg = Debug|ARM64
		{BC71DE03-0BCB-46ED-A9C5-D1DD8242C511}.stage|ARM64.Build.0 = Debug|ARM64
		{BC71DE03-0BCB-46ED-A9C5-D1DD8242C511}.stage|x64.ActiveCfg = stage|x64
		{BC71DE03-0BCB-46ED-A9C5-D1DD8242C511}.stage|x64.Build.0 = stage|x64
		{BC71DE03-0BCB-46ED-A9C5-D1DD8242C511}.stage|x86.ActiveCfg = stage|Win32
		{BC71DE03-0BCB-46ED-A9C5-D1DD8242C511}.stage|x86.Build.0 = stage|Win32
		{4A44D9CA-A46E-4BB3-8AD5-8BCACE5228CE}.Debug|ARM.ActiveCfg = Debug|ARM
		{4A44D9CA-A46E-4BB3-8AD5-8BCACE5228CE}.Debug|ARM.Build.0 = Debug|ARM
		{4A44D9CA-A46E-4BB3-8AD5-8BCACE5228CE}.Debug|ARM64.ActiveCfg = Debug|ARM64
		{4A44D9CA-A46E-4BB3-8AD5-8BCACE5228CE}.Debug|ARM64.Build.0 = Debug|ARM64
		{4A44D9CA-A46E-4BB3-8AD5-8BCACE5228CE}.Debug|x64.ActiveCfg = Debug|x64
		{4A44D9CA-A46E-4BB3-8AD5-8BCACE5228CE}.Debug|x64.Build.0 = Debug|x64
		{4A44D9CA-A46E-4BB3-8AD5-8BCACE5228CE}.Debug|x86.ActiveCfg = Debug|Win32
		{4A44D9CA-A46E-4BB3-8AD5-8BCACE5228CE}.Debug|x86.Build.0 = Debug|Win32
		{4A44D9CA-A46E-4BB3-8AD5-8BCACE5228CE}.StaticDebug|ARM.ActiveCfg = Debug|ARM
		{4A44D9CA-A46E-4BB3-8AD5-8BCACE5228CE}.StaticDebug|ARM.Build.0 = Debug|ARM
		{4A44D9CA-A46E-4BB3-8AD5-8BCACE5228CE}.StaticDebug|ARM64.ActiveCfg = Debug|ARM64
		{4A44D9CA-A46E-4BB3-8AD5-8BCACE5228CE}.StaticDebug|ARM64.Build.0 = Debug|ARM64
		{4A44D9CA-A46E-4BB3-8AD5-8BCACE5228CE}.StaticDebug|x64.ActiveCfg = StaticDebug|x64
		{4A44D9CA-A46E-4BB3-8AD5-8BCACE5228CE}.StaticDebug|x64.Build.0 = StaticDebug|x64
		{4A44D9CA-A46E-4BB3-8AD5-8BCACE5228CE}.StaticDebug|x86.ActiveCfg = StaticDebug|Win32
		{4A44D9CA-A46E-4BB3-8AD5-8BCACE5228CE}.StaticDebug|x86.Build.0 = StaticDebug|Win32
		{4A44D9CA-A46E-4BB3-8AD5-8BCACE5228CE}.StaticRelease|ARM.ActiveCfg = StaticRelease|ARM
		{4A44D9CA-A46E-4BB3-8AD5-8BCACE5228CE}.StaticRelease|ARM.Build.0 = StaticRelease|ARM
		{4A44D9CA-A46E-4BB3-8AD5-8BCACE5228CE}.StaticRelease|ARM64.ActiveCfg = StaticRelease|ARM64
		{4A44D9CA-A46E-4BB3-8AD5-8BCACE5228CE}.StaticRelease|ARM64.Build.0 = StaticRelease|ARM64
		{4A44D9CA-A46E-4BB3-8AD5-8BCACE5228CE}.StaticRelease|x64.ActiveCfg = StaticRelease|x64
		{4A44D9CA-A46E-4BB3-8AD5-8BCACE5228CE}.StaticRelease|x64.Build.0 = StaticRelease|x64
		{4A44D9CA-A46E-4BB3-8AD5-8BCACE5228CE}.StaticRelease|x86.ActiveCfg = StaticRelease|Win32
		{4A44D9CA-A46E-4BB3-8AD5-8BCACE5228CE}.StaticRelease|x86.Build.0 = StaticRelease|Win32
		{4A44D9CA-A46E-4BB3-8AD5-8BCACE5228CE}.stage|ARM.ActiveCfg = stage|ARM
		{4A44D9CA-A46E-4BB3-8AD5-8BCACE5228CE}.stage|ARM.Build.0 = stage|ARM
		{4A44D9CA-A46E-4BB3-8AD5-8BCACE5228CE}.stage|ARM64.ActiveCfg = stage|ARM64
		{4A44D9CA-A46E-4BB3-8AD5-8BCACE5228CE}.stage|ARM64.Build.0 = stage|ARM64
		{4A44D9CA-A46E-4BB3-8AD5-8BCACE5228CE}.stage|x64.ActiveCfg = stage|x64
		{4A44D9CA-A46E-4BB3-8AD5-8BCACE5228CE}.stage|x64.Build.0 = stage|x64
		{4A44D9CA-A46E-4BB3-8AD5-8BCACE5228CE}.stage|x86.ActiveCfg = stage|Win32
		{4A44D9CA-A46E-4BB3-8AD5-8BCACE5228CE}.stage|x86.Build.0 = stage|Win32
		{310FEC1B-4DEB-40C9-8ED2-4D8FD9CF52D0}.Debug|ARM.ActiveCfg = Debug|ARM
		{310FEC1B-4DEB-40C9-8ED2-4D8FD9CF52D0}.Debug|ARM.Build.0 = Debug|ARM
		{310FEC1B-4DEB-40C9-8ED2-4D8FD9CF52D0}.Debug|ARM64.ActiveCfg = Debug|ARM64
		{310FEC1B-4DEB-40C9-8ED2-4D8FD9CF52D0}.Debug|ARM64.Build.0 = Debug|ARM64
		{310FEC1B-4DEB-40C9-8ED2-4D8FD9CF52D0}.Debug|x64.ActiveCfg = Debug|x64
		{310FEC1B-4DEB-40C9-8ED2-4D8FD9CF52D0}.Debug|x64.Build.0 = Debug|x64
		{310FEC1B-4DEB-40C9-8ED2-4D8FD9CF52D0}.Debug|x86.ActiveCfg = Debug|Win32
		{310FEC1B-4DEB-40C9-8ED2-4D8FD9CF52D0}.Debug|x86.Build.0 = Debug|Win32
		{310FEC1B-4DEB-40C9-8ED2-4D8FD9CF52D0}.StaticDebug|ARM.ActiveCfg = Debug|ARM
		{310FEC1B-4DEB-40C9-8ED2-4D8FD9CF52D0}.StaticDebug|ARM.Build.0 = Debug|ARM
		{310FEC1B-4DEB-40C9-8ED2-4D8FD9CF52D0}.StaticDebug|ARM64.ActiveCfg = Debug|ARM64
		{310FEC1B-4DEB-40C9-8ED2-4D8FD9CF52D0}.StaticDebug|ARM64.Build.0 = Debug|ARM64
		{310FEC1B-4DEB-40C9-8ED2-4D8FD9CF52D0}.StaticDebug|x64.ActiveCfg = StaticDebug|x64
		{310FEC1B-4DEB-40C9-8ED2-4D8FD9CF52D0}.StaticDebug|x64.Build.0 = StaticDebug|x64
		{310FEC1B-4DEB-40C9-8ED2-4D8FD9CF52D0}.StaticDebug|x86.ActiveCfg = StaticDebug|Win32
		{310FEC1B-4DEB-40C9-8ED2-4D8FD9CF52D0}.StaticDebug|x86.Build.0 = StaticDebug|Win32
		{310FEC1B-4DEB-40C9-8ED2-4D8FD9CF52D0}.StaticRelease|ARM.ActiveCfg = Debug|ARM
		{310FEC1B-4DEB-40C9-8ED2-4D8FD9CF52D0}.StaticRelease|ARM.Build.0 = Debug|ARM
		{310FEC1B-4DEB-40C9-8ED2-4D8FD9CF52D0}.StaticRelease|ARM64.ActiveCfg = Debug|ARM64
		{310FEC1B-4DEB-40C9-8ED2-4D8FD9CF52D0}.StaticRelease|ARM64.Build.0 = Debug|ARM64
		{310FEC1B-4DEB-40C9-8ED2-4D8FD9CF52D0}.StaticRelease|x64.ActiveCfg = StaticRelease|x64
		{310FEC1B-4DEB-40C9-8ED2-4D8FD9CF52D0}.StaticRelease|x64.Build.0 = StaticRelease|x64
		{310FEC1B-4DEB-40C9-8ED2-4D8FD9CF52D0}.StaticRelease|x86.ActiveCfg = StaticRelease|Win32
		{310FEC1B-4DEB-40C9-8ED2-4D8FD9CF52D0}.StaticRelease|x86.Build.0 = StaticRelease|Win32
		{310FEC1B-4DEB-40C9-8ED2-4D8FD9CF52D0}.stage|ARM.ActiveCfg = Debug|ARM
		{310FEC1B-4DEB-40C9-8ED2-4D8FD9CF52D0}.stage|ARM.Build.0 = Debug|ARM
		{310FEC1B-4DEB-40C9-8ED2-4D8FD9CF52D0}.stage|ARM64.ActiveCfg = Debug|ARM64
		{310FEC1B-4DEB-40C9-8ED2-4D8FD9CF52D0}.stage|ARM64.Build.0 = Debug|ARM64
		{310FEC1B-4DEB-40C9-8ED2-4D8FD9CF52D0}.stage|x64.ActiveCfg = stage|x64
		{310FEC1B-4DEB-40C9-8ED2-4D8FD9CF52D0}.stage|x64.Build.0 = stage|x64
		{310FEC1B-4DEB-40C9-8ED2-4D8FD9CF52D0}.stage|x86.ActiveCfg = stage|Win32
		{310FEC1B-4DEB-40C9-8ED2-4D8FD9CF52D0}.stage|x86.Build.0 = stage|Win32
		{88B22BEF-1D9F-43CE-9EEA-E4013FA82251}.Debug|ARM.ActiveCfg = Debug|ARM
		{88B22BEF-1D9F-43CE-9EEA-E4013FA82251}.Debug|ARM.Build.0 = Debug|ARM
		{88B22BEF-1D9F-43CE-9EEA-E4013FA82251}.Debug|ARM.Deploy.0 = Debug|ARM
		{88B22BEF-1D9F-43CE-9EEA-E4013FA82251}.Debug|ARM64.ActiveCfg = Debug|Win32
		{88B22BEF-1D9F-43CE-9EEA-E4013FA82251}.Debug|x64.ActiveCfg = Debug|x64
		{88B22BEF-1D9F-43CE-9EEA-E4013FA82251}.Debug|x64.Build.0 = Debug|x64
		{88B22BEF-1D9F-43CE-9EEA-E4013FA82251}.Debug|x64.Deploy.0 = Debug|x64
		{88B22BEF-1D9F-43CE-9EEA-E4013FA82251}.Debug|x86.ActiveCfg = Debug|Win32
		{88B22BEF-1D9F-43CE-9EEA-E4013FA82251}.Debug|x86.Build.0 = Debug|Win32
		{88B22BEF-1D9F-43CE-9EEA-E4013FA82251}.Debug|x86.Deploy.0 = Debug|Win32
		{88B22BEF-1D9F-43CE-9EEA-E4013FA82251}.StaticDebug|ARM.ActiveCfg = Debug|ARM
		{88B22BEF-1D9F-43CE-9EEA-E4013FA82251}.StaticDebug|ARM.Build.0 = Debug|ARM
		{88B22BEF-1D9F-43CE-9EEA-E4013FA82251}.StaticDebug|ARM.Deploy.0 = Debug|ARM
		{88B22BEF-1D9F-43CE-9EEA-E4013FA82251}.StaticDebug|ARM64.ActiveCfg = stage|Win32
		{88B22BEF-1D9F-43CE-9EEA-E4013FA82251}.StaticDebug|ARM64.Build.0 = stage|Win32
		{88B22BEF-1D9F-43CE-9EEA-E4013FA82251}.StaticDebug|ARM64.Deploy.0 = stage|Win32
		{88B22BEF-1D9F-43CE-9EEA-E4013FA82251}.StaticDebug|x64.ActiveCfg = StaticDebug|x64
		{88B22BEF-1D9F-43CE-9EEA-E4013FA82251}.StaticDebug|x64.Build.0 = StaticDebug|x64
		{88B22BEF-1D9F-43CE-9EEA-E4013FA82251}.StaticDebug|x64.Deploy.0 = StaticDebug|x64
		{88B22BEF-1D9F-43CE-9EEA-E4013FA82251}.StaticDebug|x86.ActiveCfg = StaticDebug|Win32
		{88B22BEF-1D9F-43CE-9EEA-E4013FA82251}.StaticDebug|x86.Build.0 = StaticDebug|Win32
		{88B22BEF-1D9F-43CE-9EEA-E4013FA82251}.StaticDebug|x86.Deploy.0 = StaticDebug|Win32
		{88B22BEF-1D9F-43CE-9EEA-E4013FA82251}.StaticRelease|ARM.ActiveCfg = stage|ARM
		{88B22BEF-1D9F-43CE-9EEA-E4013FA82251}.StaticRelease|ARM.Build.0 = stage|ARM
		{88B22BEF-1D9F-43CE-9EEA-E4013FA82251}.StaticRelease|ARM.Deploy.0 = stage|ARM
		{88B22BEF-1D9F-43CE-9EEA-E4013FA82251}.StaticRelease|ARM64.ActiveCfg = stage|Win32
		{88B22BEF-1D9F-43CE-9EEA-E4013FA82251}.StaticRelease|ARM64.Build.0 = stage|Win32
		{88B22BEF-1D9F-43CE-9EEA-E4013FA82251}.StaticRelease|ARM64.Deploy.0 = stage|Win32
		{88B22BEF-1D9F-43CE-9EEA-E4013FA82251}.StaticRelease|x64.ActiveCfg = StaticRelease|x64
		{88B22BEF-1D9F-43CE-9EEA-E4013FA82251}.StaticRelease|x64.Build.0 = StaticRelease|x64
		{88B22BEF-1D9F-43CE-9EEA-E4013FA82251}.StaticRelease|x64.Deploy.0 = StaticRelease|x64
		{88B22BEF-1D9F-43CE-9EEA-E4013FA82251}.StaticRelease|x86.ActiveCfg = StaticRelease|Win32
		{88B22BEF-1D9F-43CE-9EEA-E4013FA82251}.StaticRelease|x86.Build.0 = StaticRelease|Win32
		{88B22BEF-1D9F-43CE-9EEA-E4013FA82251}.StaticRelease|x86.Deploy.0 = StaticRelease|Win32
		{88B22BEF-1D9F-43CE-9EEA-E4013FA82251}.stage|ARM.ActiveCfg = stage|ARM
		{88B22BEF-1D9F-43CE-9EEA-E4013FA82251}.stage|ARM.Build.0 = stage|ARM
		{88B22BEF-1D9F-43CE-9EEA-E4013FA82251}.stage|ARM.Deploy.0 = stage|ARM
		{88B22BEF-1D9F-43CE-9EEA-E4013FA82251}.stage|ARM64.ActiveCfg = stage|Win32
		{88B22BEF-1D9F-43CE-9EEA-E4013FA82251}.stage|x64.ActiveCfg = stage|x64
		{88B22BEF-1D9F-43CE-9EEA-E4013FA82251}.stage|x64.Build.0 = stage|x64
		{88B22BEF-1D9F-43CE-9EEA-E4013FA82251}.stage|x64.Deploy.0 = stage|x64
		{88B22BEF-1D9F-43CE-9EEA-E4013FA82251}.stage|x86.ActiveCfg = stage|Win32
		{88B22BEF-1D9F-43CE-9EEA-E4013FA82251}.stage|x86.Build.0 = stage|Win32
		{88B22BEF-1D9F-43CE-9EEA-E4013FA82251}.stage|x86.Deploy.0 = stage|Win32
		{418E1765-46C5-437D-95F1-F2BBC67BF79D}.Debug|ARM.ActiveCfg = Debug|ARM
		{418E1765-46C5-437D-95F1-F2BBC67BF79D}.Debug|ARM.Build.0 = Debug|ARM
		{418E1765-46C5-437D-95F1-F2BBC67BF79D}.Debug|ARM.Deploy.0 = Debug|ARM
		{418E1765-46C5-437D-95F1-F2BBC67BF79D}.Debug|ARM64.ActiveCfg = Debug|Win32
		{418E1765-46C5-437D-95F1-F2BBC67BF79D}.Debug|x64.ActiveCfg = Debug|x64
		{418E1765-46C5-437D-95F1-F2BBC67BF79D}.Debug|x64.Build.0 = Debug|x64
		{418E1765-46C5-437D-95F1-F2BBC67BF79D}.Debug|x64.Deploy.0 = Debug|x64
		{418E1765-46C5-437D-95F1-F2BBC67BF79D}.Debug|x86.ActiveCfg = Debug|Win32
		{418E1765-46C5-437D-95F1-F2BBC67BF79D}.Debug|x86.Build.0 = Debug|Win32
		{418E1765-46C5-437D-95F1-F2BBC67BF79D}.Debug|x86.Deploy.0 = Debug|Win32
		{418E1765-46C5-437D-95F1-F2BBC67BF79D}.StaticDebug|ARM.ActiveCfg = Debug|ARM
		{418E1765-46C5-437D-95F1-F2BBC67BF79D}.StaticDebug|ARM.Build.0 = Debug|ARM
		{418E1765-46C5-437D-95F1-F2BBC67BF79D}.StaticDebug|ARM.Deploy.0 = Debug|ARM
		{418E1765-46C5-437D-95F1-F2BBC67BF79D}.StaticDebug|ARM64.ActiveCfg = Debug|Win32
		{418E1765-46C5-437D-95F1-F2BBC67BF79D}.StaticDebug|ARM64.Build.0 = Debug|Win32
		{418E1765-46C5-437D-95F1-F2BBC67BF79D}.StaticDebug|ARM64.Deploy.0 = Debug|Win32
		{418E1765-46C5-437D-95F1-F2BBC67BF79D}.StaticDebug|x64.ActiveCfg = StaticDebug|x64
		{418E1765-46C5-437D-95F1-F2BBC67BF79D}.StaticDebug|x64.Build.0 = StaticDebug|x64
		{418E1765-46C5-437D-95F1-F2BBC67BF79D}.StaticDebug|x64.Deploy.0 = StaticDebug|x64
		{418E1765-46C5-437D-95F1-F2BBC67BF79D}.StaticDebug|x86.ActiveCfg = StaticDebug|Win32
		{418E1765-46C5-437D-95F1-F2BBC67BF79D}.StaticDebug|x86.Build.0 = StaticDebug|Win32
		{418E1765-46C5-437D-95F1-F2BBC67BF79D}.StaticDebug|x86.Deploy.0 = StaticDebug|Win32
		{418E1765-46C5-437D-95F1-F2BBC67BF79D}.StaticRelease|ARM.ActiveCfg = stage|ARM
		{418E1765-46C5-437D-95F1-F2BBC67BF79D}.StaticRelease|ARM.Build.0 = stage|ARM
		{418E1765-46C5-437D-95F1-F2BBC67BF79D}.StaticRelease|ARM.Deploy.0 = stage|ARM
		{418E1765-46C5-437D-95F1-F2BBC67BF79D}.StaticRelease|ARM64.ActiveCfg = Debug|Win32
		{418E1765-46C5-437D-95F1-F2BBC67BF79D}.StaticRelease|ARM64.Build.0 = Debug|Win32
		{418E1765-46C5-437D-95F1-F2BBC67BF79D}.StaticRelease|ARM64.Deploy.0 = Debug|Win32
		{418E1765-46C5-437D-95F1-F2BBC67BF79D}.StaticRelease|x64.ActiveCfg = StaticRelease|x64
		{418E1765-46C5-437D-95F1-F2BBC67BF79D}.StaticRelease|x64.Build.0 = StaticRelease|x64
		{418E1765-46C5-437D-95F1-F2BBC67BF79D}.StaticRelease|x64.Deploy.0 = StaticRelease|x64
		{418E1765-46C5-437D-95F1-F2BBC67BF79D}.StaticRelease|x86.ActiveCfg = StaticRelease|Win32
		{418E1765-46C5-437D-95F1-F2BBC67BF79D}.StaticRelease|x86.Build.0 = StaticRelease|Win32
		{418E1765-46C5-437D-95F1-F2BBC67BF79D}.StaticRelease|x86.Deploy.0 = StaticRelease|Win32
		{418E1765-46C5-437D-95F1-F2BBC67BF79D}.stage|ARM.ActiveCfg = stage|ARM
		{418E1765-46C5-437D-95F1-F2BBC67BF79D}.stage|ARM.Build.0 = stage|ARM
		{418E1765-46C5-437D-95F1-F2BBC67BF79D}.stage|ARM.Deploy.0 = stage|ARM
		{418E1765-46C5-437D-95F1-F2BBC67BF79D}.stage|ARM64.ActiveCfg = stage|Win32
		{418E1765-46C5-437D-95F1-F2BBC67BF79D}.stage|x64.ActiveCfg = stage|x64
		{418E1765-46C5-437D-95F1-F2BBC67BF79D}.stage|x64.Build.0 = stage|x64
		{418E1765-46C5-437D-95F1-F2BBC67BF79D}.stage|x64.Deploy.0 = stage|x64
		{418E1765-46C5-437D-95F1-F2BBC67BF79D}.stage|x86.ActiveCfg = stage|Win32
		{418E1765-46C5-437D-95F1-F2BBC67BF79D}.stage|x86.Build.0 = stage|Win32
		{418E1765-46C5-437D-95F1-F2BBC67BF79D}.stage|x86.Deploy.0 = stage|Win32
		{8643CEFE-A292-4E2D-983E-51775AFAF397}.Debug|ARM.ActiveCfg = Debug|ARM
		{8643CEFE-A292-4E2D-983E-51775AFAF397}.Debug|ARM.Build.0 = Debug|ARM
		{8643CEFE-A292-4E2D-983E-51775AFAF397}.Debug|ARM.Deploy.0 = Debug|ARM
		{8643CEFE-A292-4E2D-983E-51775AFAF397}.Debug|ARM64.ActiveCfg = Debug|Win32
		{8643CEFE-A292-4E2D-983E-51775AFAF397}.Debug|x64.ActiveCfg = Debug|x64
		{8643CEFE-A292-4E2D-983E-51775AFAF397}.Debug|x64.Build.0 = Debug|x64
		{8643CEFE-A292-4E2D-983E-51775AFAF397}.Debug|x64.Deploy.0 = Debug|x64
		{8643CEFE-A292-4E2D-983E-51775AFAF397}.Debug|x86.ActiveCfg = Debug|Win32
		{8643CEFE-A292-4E2D-983E-51775AFAF397}.Debug|x86.Build.0 = Debug|Win32
		{8643CEFE-A292-4E2D-983E-51775AFAF397}.Debug|x86.Deploy.0 = Debug|Win32
		{8643CEFE-A292-4E2D-983E-51775AFAF397}.StaticDebug|ARM.ActiveCfg = Debug|ARM
		{8643CEFE-A292-4E2D-983E-51775AFAF397}.StaticDebug|ARM.Build.0 = Debug|ARM
		{8643CEFE-A292-4E2D-983E-51775AFAF397}.StaticDebug|ARM.Deploy.0 = Debug|ARM
		{8643CEFE-A292-4E2D-983E-51775AFAF397}.StaticDebug|ARM64.ActiveCfg = Debug|Win32
		{8643CEFE-A292-4E2D-983E-51775AFAF397}.StaticDebug|ARM64.Build.0 = Debug|Win32
		{8643CEFE-A292-4E2D-983E-51775AFAF397}.StaticDebug|ARM64.Deploy.0 = Debug|Win32
		{8643CEFE-A292-4E2D-983E-51775AFAF397}.StaticDebug|x64.ActiveCfg = StaticDebug|x64
		{8643CEFE-A292-4E2D-983E-51775AFAF397}.StaticDebug|x64.Build.0 = StaticDebug|x64
		{8643CEFE-A292-4E2D-983E-51775AFAF397}.StaticDebug|x64.Deploy.0 = StaticDebug|x64
		{8643CEFE-A292-4E2D-983E-51775AFAF397}.StaticDebug|x86.ActiveCfg = StaticDebug|Win32
		{8643CEFE-A292-4E2D-983E-51775AFAF397}.StaticDebug|x86.Build.0 = StaticDebug|Win32
		{8643CEFE-A292-4E2D-983E-51775AFAF397}.StaticDebug|x86.Deploy.0 = StaticDebug|Win32
		{8643CEFE-A292-4E2D-983E-51775AFAF397}.StaticRelease|ARM.ActiveCfg = stage|ARM
		{8643CEFE-A292-4E2D-983E-51775AFAF397}.StaticRelease|ARM.Build.0 = stage|ARM
		{8643CEFE-A292-4E2D-983E-51775AFAF397}.StaticRelease|ARM.Deploy.0 = stage|ARM
		{8643CEFE-A292-4E2D-983E-51775AFAF397}.StaticRelease|ARM64.ActiveCfg = Debug|Win32
		{8643CEFE-A292-4E2D-983E-51775AFAF397}.StaticRelease|ARM64.Build.0 = Debug|Win32
		{8643CEFE-A292-4E2D-983E-51775AFAF397}.StaticRelease|ARM64.Deploy.0 = Debug|Win32
		{8643CEFE-A292-4E2D-983E-51775AFAF397}.StaticRelease|x64.ActiveCfg = StaticRelease|x64
		{8643CEFE-A292-4E2D-983E-51775AFAF397}.StaticRelease|x64.Build.0 = StaticRelease|x64
		{8643CEFE-A292-4E2D-983E-51775AFAF397}.StaticRelease|x64.Deploy.0 = StaticRelease|x64
		{8643CEFE-A292-4E2D-983E-51775AFAF397}.StaticRelease|x86.ActiveCfg = StaticRelease|Win32
		{8643CEFE-A292-4E2D-983E-51775AFAF397}.StaticRelease|x86.Build.0 = StaticRelease|Win32
		{8643CEFE-A292-4E2D-983E-51775AFAF397}.StaticRelease|x86.Deploy.0 = StaticRelease|Win32
		{8643CEFE-A292-4E2D-983E-51775AFAF397}.stage|ARM.ActiveCfg = stage|ARM
		{8643CEFE-A292-4E2D-983E-51775AFAF397}.stage|ARM.Build.0 = stage|ARM
		{8643CEFE-A292-4E2D-983E-51775AFAF397}.stage|ARM.Deploy.0 = stage|ARM
		{8643CEFE-A292-4E2D-983E-51775AFAF397}.stage|ARM64.ActiveCfg = stage|Win32
		{8643CEFE-A292-4E2D-983E-51775AFAF397}.stage|x64.ActiveCfg = stage|x64
		{8643CEFE-A292-4E2D-983E-51775AFAF397}.stage|x64.Build.0 = stage|x64
		{8643CEFE-A292-4E2D-983E-51775AFAF397}.stage|x64.Deploy.0 = stage|x64
		{8643CEFE-A292-4E2D-983E-51775AFAF397}.stage|x86.ActiveCfg = stage|Win32
		{8643CEFE-A292-4E2D-983E-51775AFAF397}.stage|x86.Build.0 = stage|Win32
		{8643CEFE-A292-4E2D-983E-51775AFAF397}.stage|x86.Deploy.0 = stage|Win32
		{47BB2E25-EE26-42B7-BF5B-345FF4090F37}.Debug|ARM.ActiveCfg = Debug|ARM
		{47BB2E25-EE26-42B7-BF5B-345FF4090F37}.Debug|ARM.Build.0 = Debug|ARM
		{47BB2E25-EE26-42B7-BF5B-345FF4090F37}.Debug|ARM.Deploy.0 = Debug|ARM
		{47BB2E25-EE26-42B7-BF5B-345FF4090F37}.Debug|ARM64.ActiveCfg = Debug|Win32
		{47BB2E25-EE26-42B7-BF5B-345FF4090F37}.Debug|x64.ActiveCfg = Debug|x64
		{47BB2E25-EE26-42B7-BF5B-345FF4090F37}.Debug|x64.Build.0 = Debug|x64
		{47BB2E25-EE26-42B7-BF5B-345FF4090F37}.Debug|x64.Deploy.0 = Debug|x64
		{47BB2E25-EE26-42B7-BF5B-345FF4090F37}.Debug|x86.ActiveCfg = Debug|Win32
		{47BB2E25-EE26-42B7-BF5B-345FF4090F37}.Debug|x86.Build.0 = Debug|Win32
		{47BB2E25-EE26-42B7-BF5B-345FF4090F37}.Debug|x86.Deploy.0 = Debug|Win32
		{47BB2E25-EE26-42B7-BF5B-345FF4090F37}.StaticDebug|ARM.ActiveCfg = Debug|ARM
		{47BB2E25-EE26-42B7-BF5B-345FF4090F37}.StaticDebug|ARM.Build.0 = Debug|ARM
		{47BB2E25-EE26-42B7-BF5B-345FF4090F37}.StaticDebug|ARM.Deploy.0 = Debug|ARM
		{47BB2E25-EE26-42B7-BF5B-345FF4090F37}.StaticDebug|ARM64.ActiveCfg = Debug|Win32
		{47BB2E25-EE26-42B7-BF5B-345FF4090F37}.StaticDebug|ARM64.Build.0 = Debug|Win32
		{47BB2E25-EE26-42B7-BF5B-345FF4090F37}.StaticDebug|ARM64.Deploy.0 = Debug|Win32
		{47BB2E25-EE26-42B7-BF5B-345FF4090F37}.StaticDebug|x64.ActiveCfg = StaticDebug|x64
		{47BB2E25-EE26-42B7-BF5B-345FF4090F37}.StaticDebug|x64.Build.0 = StaticDebug|x64
		{47BB2E25-EE26-42B7-BF5B-345FF4090F37}.StaticDebug|x64.Deploy.0 = StaticDebug|x64
		{47BB2E25-EE26-42B7-BF5B-345FF4090F37}.StaticDebug|x86.ActiveCfg = StaticDebug|Win32
		{47BB2E25-EE26-42B7-BF5B-345FF4090F37}.StaticDebug|x86.Build.0 = StaticDebug|Win32
		{47BB2E25-EE26-42B7-BF5B-345FF4090F37}.StaticDebug|x86.Deploy.0 = StaticDebug|Win32
		{47BB2E25-EE26-42B7-BF5B-345FF4090F37}.StaticRelease|ARM.ActiveCfg = stage|ARM
		{47BB2E25-EE26-42B7-BF5B-345FF4090F37}.StaticRelease|ARM.Build.0 = stage|ARM
		{47BB2E25-EE26-42B7-BF5B-345FF4090F37}.StaticRelease|ARM.Deploy.0 = stage|ARM
		{47BB2E25-EE26-42B7-BF5B-345FF4090F37}.StaticRelease|ARM64.ActiveCfg = Debug|Win32
		{47BB2E25-EE26-42B7-BF5B-345FF4090F37}.StaticRelease|ARM64.Build.0 = Debug|Win32
		{47BB2E25-EE26-42B7-BF5B-345FF4090F37}.StaticRelease|ARM64.Deploy.0 = Debug|Win32
		{47BB2E25-EE26-42B7-BF5B-345FF4090F37}.StaticRelease|x64.ActiveCfg = StaticRelease|x64
		{47BB2E25-EE26-42B7-BF5B-345FF4090F37}.StaticRelease|x64.Build.0 = StaticRelease|x64
		{47BB2E25-EE26-42B7-BF5B-345FF4090F37}.StaticRelease|x64.Deploy.0 = StaticRelease|x64
		{47BB2E25-EE26-42B7-BF5B-345FF4090F37}.StaticRelease|x86.ActiveCfg = StaticRelease|Win32
		{47BB2E25-EE26-42B7-BF5B-345FF4090F37}.StaticRelease|x86.Build.0 = StaticRelease|Win32
		{47BB2E25-EE26-42B7-BF5B-345FF4090F37}.StaticRelease|x86.Deploy.0 = StaticRelease|Win32
		{47BB2E25-EE26-42B7-BF5B-345FF4090F37}.stage|ARM.ActiveCfg = stage|ARM
		{47BB2E25-EE26-42B7-BF5B-345FF4090F37}.stage|ARM.Build.0 = stage|ARM
		{47BB2E25-EE26-42B7-BF5B-345FF4090F37}.stage|ARM.Deploy.0 = stage|ARM
		{47BB2E25-EE26-42B7-BF5B-345FF4090F37}.stage|ARM64.ActiveCfg = stage|Win32
		{47BB2E25-EE26-42B7-BF5B-345FF4090F37}.stage|x64.ActiveCfg = stage|x64
		{47BB2E25-EE26-42B7-BF5B-345FF4090F37}.stage|x64.Build.0 = stage|x64
		{47BB2E25-EE26-42B7-BF5B-345FF4090F37}.stage|x64.Deploy.0 = stage|x64
		{47BB2E25-EE26-42B7-BF5B-345FF4090F37}.stage|x86.ActiveCfg = stage|Win32
		{47BB2E25-EE26-42B7-BF5B-345FF4090F37}.stage|x86.Build.0 = stage|Win32
		{47BB2E25-EE26-42B7-BF5B-345FF4090F37}.stage|x86.Deploy.0 = stage|Win32
		{BC919186-F67A-4FFC-B6BE-0E63DC652A63}.Debug|ARM.ActiveCfg = Debug|ARM
		{BC919186-F67A-4FFC-B6BE-0E63DC652A63}.Debug|ARM.Build.0 = Debug|ARM
		{BC919186-F67A-4FFC-B6BE-0E63DC652A63}.Debug|ARM64.ActiveCfg = Debug|ARM64
		{BC919186-F67A-4FFC-B6BE-0E63DC652A63}.Debug|ARM64.Build.0 = Debug|ARM64
		{BC919186-F67A-4FFC-B6BE-0E63DC652A63}.Debug|x64.ActiveCfg = Debug|x64
		{BC919186-F67A-4FFC-B6BE-0E63DC652A63}.Debug|x64.Build.0 = Debug|x64
		{BC919186-F67A-4FFC-B6BE-0E63DC652A63}.Debug|x86.ActiveCfg = Debug|Win32
		{BC919186-F67A-4FFC-B6BE-0E63DC652A63}.Debug|x86.Build.0 = Debug|Win32
		{BC919186-F67A-4FFC-B6BE-0E63DC652A63}.StaticDebug|ARM.ActiveCfg = StaticDebug|ARM
		{BC919186-F67A-4FFC-B6BE-0E63DC652A63}.StaticDebug|ARM.Build.0 = StaticDebug|ARM
		{BC919186-F67A-4FFC-B6BE-0E63DC652A63}.StaticDebug|ARM64.ActiveCfg = StaticDebug|ARM64
		{BC919186-F67A-4FFC-B6BE-0E63DC652A63}.StaticDebug|ARM64.Build.0 = StaticDebug|ARM64
		{BC919186-F67A-4FFC-B6BE-0E63DC652A63}.StaticDebug|x64.ActiveCfg = StaticDebug|x64
		{BC919186-F67A-4FFC-B6BE-0E63DC652A63}.StaticDebug|x64.Build.0 = StaticDebug|x64
		{BC919186-F67A-4FFC-B6BE-0E63DC652A63}.StaticDebug|x86.ActiveCfg = StaticDebug|Win32
		{BC919186-F67A-4FFC-B6BE-0E63DC652A63}.StaticDebug|x86.Build.0 = StaticDebug|Win32
		{BC919186-F67A-4FFC-B6BE-0E63DC652A63}.StaticRelease|ARM.ActiveCfg = StaticRelease|ARM
		{BC919186-F67A-4FFC-B6BE-0E63DC652A63}.StaticRelease|ARM.Build.0 = StaticRelease|ARM
		{BC919186-F67A-4FFC-B6BE-0E63DC652A63}.StaticRelease|ARM64.ActiveCfg = StaticRelease|ARM64
		{BC919186-F67A-4FFC-B6BE-0E63DC652A63}.StaticRelease|ARM64.Build.0 = StaticRelease|ARM64
		{BC919186-F67A-4FFC-B6BE-0E63DC652A63}.StaticRelease|x64.ActiveCfg = StaticRelease|x64
		{BC919186-F67A-4FFC-B6BE-0E63DC652A63}.StaticRelease|x64.Build.0 = StaticRelease|x64
		{BC919186-F67A-4FFC-B6BE-0E63DC652A63}.StaticRelease|x86.ActiveCfg = StaticRelease|Win32
		{BC919186-F67A-4FFC-B6BE-0E63DC652A63}.StaticRelease|x86.Build.0 = StaticRelease|Win32
		{BC919186-F67A-4FFC-B6BE-0E63DC652A63}.stage|ARM.ActiveCfg = stage|ARM
		{BC919186-F67A-4FFC-B6BE-0E63DC652A63}.stage|ARM.Build.0 = stage|ARM
		{BC919186-F67A-4FFC-B6BE-0E63DC652A63}.stage|ARM64.ActiveCfg = stage|ARM64
		{BC919186-F67A-4FFC-B6BE-0E63DC652A63}.stage|ARM64.Build.0 = stage|ARM64
		{BC919186-F67A-4FFC-B6BE-0E63DC652A63}.stage|x64.ActiveCfg = stage|x64
		{BC919186-F67A-4FFC-B6BE-0E63DC652A63}.stage|x64.Build.0 = stage|x64
		{BC919186-F67A-4FFC-B6BE-0E63DC652A63}.stage|x86.ActiveCfg = stage|Win32
		{BC919186-F67A-4FFC-B6BE-0E63DC652A63}.stage|x86.Build.0 = stage|Win32
		{FC96F9E0-D65E-4286-95B1-F1FF4873DACE}.Debug|ARM.ActiveCfg = Debug|ARM
		{FC96F9E0-D65E-4286-95B1-F1FF4873DACE}.Debug|ARM.Build.0 = Debug|ARM
		{FC96F9E0-D65E-4286-95B1-F1FF4873DACE}.Debug|ARM64.ActiveCfg = Debug|ARM64
		{FC96F9E0-D65E-4286-95B1-F1FF4873DACE}.Debug|ARM64.Build.0 = Debug|ARM64
		{FC96F9E0-D65E-4286-95B1-F1FF4873DACE}.Debug|x64.ActiveCfg = Debug|x64
		{FC96F9E0-D65E-4286-95B1-F1FF4873DACE}.Debug|x64.Build.0 = Debug|x64
		{FC96F9E0-D65E-4286-95B1-F1FF4873DACE}.Debug|x86.ActiveCfg = Debug|Win32
		{FC96F9E0-D65E-4286-95B1-F1FF4873DACE}.Debug|x86.Build.0 = Debug|Win32
		{FC96F9E0-D65E-4286-95B1-F1FF4873DACE}.StaticDebug|ARM.ActiveCfg = StaticDebug|ARM
		{FC96F9E0-D65E-4286-95B1-F1FF4873DACE}.StaticDebug|ARM.Build.0 = StaticDebug|ARM
		{FC96F9E0-D65E-4286-95B1-F1FF4873DACE}.StaticDebug|ARM64.ActiveCfg = StaticDebug|ARM64
		{FC96F9E0-D65E-4286-95B1-F1FF4873DACE}.StaticDebug|ARM64.Build.0 = StaticDebug|ARM64
		{FC96F9E0-D65E-4286-95B1-F1FF4873DACE}.StaticDebug|x64.ActiveCfg = StaticDebug|x64
		{FC96F9E0-D65E-4286-95B1-F1FF4873DACE}.StaticDebug|x64.Build.0 = StaticDebug|x64
		{FC96F9E0-D65E-4286-95B1-F1FF4873DACE}.StaticDebug|x86.ActiveCfg = StaticDebug|Win32
		{FC96F9E0-D65E-4286-95B1-F1FF4873DACE}.StaticDebug|x86.Build.0 = StaticDebug|Win32
		{FC96F9E0-D65E-4286-95B1-F1FF4873DACE}.StaticRelease|ARM.ActiveCfg = StaticRelease|ARM
		{FC96F9E0-D65E-4286-95B1-F1FF4873DACE}.StaticRelease|ARM.Build.0 = StaticRelease|ARM
		{FC96F9E0-D65E-4286-95B1-F1FF4873DACE}.StaticRelease|ARM64.ActiveCfg = StaticRelease|ARM64
		{FC96F9E0-D65E-4286-95B1-F1FF4873DACE}.StaticRelease|ARM64.Build.0 = StaticRelease|ARM64
		{FC96F9E0-D65E-4286-95B1-F1FF4873DACE}.StaticRelease|x64.ActiveCfg = StaticRelease|x64
		{FC96F9E0-D65E-4286-95B1-F1FF4873DACE}.StaticRelease|x64.Build.0 = StaticRelease|x64
		{FC96F9E0-D65E-4286-95B1-F1FF4873DACE}.StaticRelease|x86.ActiveCfg = StaticRelease|Win32
		{FC96F9E0-D65E-4286-95B1-F1FF4873DACE}.StaticRelease|x86.Build.0 = StaticRelease|Win32
		{FC96F9E0-D65E-4286-95B1-F1FF4873DACE}.stage|ARM.ActiveCfg = stage|ARM
		{FC96F9E0-D65E-4286-95B1-F1FF4873DACE}.stage|ARM.Build.0 = stage|ARM
		{FC96F9E0-D65E-4286-95B1-F1FF4873DACE}.stage|ARM64.ActiveCfg = stage|ARM64
		{FC96F9E0-D65E-4286-95B1-F1FF4873DACE}.stage|ARM64.Build.0 = stage|ARM64
		{FC96F9E0-D65E-4286-95B1-F1FF4873DACE}.stage|x64.ActiveCfg = stage|x64
		{FC96F9E0-D65E-4286-95B1-F1FF4873DACE}.stage|x64.Build.0 = stage|x64
		{FC96F9E0-D65E-4286-95B1-F1FF4873DACE}.stage|x86.ActiveCfg = stage|Win32
		{FC96F9E0-D65E-4286-95B1-F1FF4873DACE}.stage|x86.Build.0 = stage|Win32
	EndGlobalSection
	GlobalSection(SolutionProperties) = preSolution
		HideSolutionNode = FALSE
	EndGlobalSection
	GlobalSection(ExtensibilityGlobals) = postSolution
		SolutionGuid = {1292724B-E11A-4152-97C4-799033C4D387}
	EndGlobalSection
	GlobalSection(Performance) = preSolution
		HasPerformanceSessions = true
	EndGlobalSection
EndGlobal
