
Microsoft Visual Studio Solution File, Format Version 12.00
# Visual Studio 15
VisualStudioVersion = 15.0.27130.2027
MinimumVisualStudioVersion = 10.0.40219.1
Project("{8BC9CEB8-8B4A-11D0-8D11-00A0C91BC942}") = "aqua", "..\..\..\app\appseed\aqua\w_aqua.vcxproj", "{F20DCBAE-5E9B-4A38-A236-B7FBCFE0FA86}"
EndProject
Project("{8BC9CEB8-8B4A-11D0-8D11-00A0C91BC942}") = "aura", "..\..\..\app\appseed\aura\w_aura.vcxproj", "{B3E5B8E7-9E3B-44DD-9EDE-E0A74D52C1C5}"
EndProject
Project("{8BC9CEB8-8B4A-11D0-8D11-00A0C91BC942}") = "axis", "..\..\..\app\appseed\axis\w_axis.vcxproj", "{B3A245F9-C92F-4487-AEF7-CB0531F665BD}"
EndProject
Project("{8BC9CEB8-8B4A-11D0-8D11-00A0C91BC942}") = "base", "..\..\..\app\appseed\base\w_base.vcxproj", "{BD7D3626-ADA6-4CA2-9566-ED7B131E3D51}"
EndProject
Project("{8BC9CEB8-8B4A-11D0-8D11-00A0C91BC942}") = "core", "..\..\..\app\appseed\core\w_core.vcxproj", "{B000FFAF-392F-4E32-BF51-FD7ED638991F}"
EndProject
Project("{8BC9CEB8-8B4A-11D0-8D11-00A0C91BC942}") = "draw2d_direct2d", "..\..\..\app\appseed\draw2d_direct2d\w_draw2d_direct2d.vcxproj", "{BA9BFF50-1888-4722-8DEE-73A3B5B32BCB}"
EndProject
Project("{8BC9CEB8-8B4A-11D0-8D11-00A0C91BC942}") = "wndfrm_rootkiller", "..\..\..\app-core\appseed\wndfrm_rootkiller\w_wndfrm_rootkiller.vcxproj", "{9B132A32-0C6E-4FD1-A580-E7D115794894}"
EndProject
Project("{8BC9CEB8-8B4A-11D0-8D11-00A0C91BC942}") = "gcom", "..\..\..\app-core\appseed\gcom\w_gcom.vcxproj", "{B7AFCEFA-8451-7723-8F97-4543BB980265}"
EndProject
Project("{8BC9CEB8-8B4A-11D0-8D11-00A0C91BC942}") = "_ace", "..\..\..\app\appseed\ace\_w_ace.vcxproj", "{F9116331-25D4-4634-8EEA-078AEDB82161}"
EndProject
Project("{8BC9CEB8-8B4A-11D0-8D11-00A0C91BC942}") = "multimedia", "..\..\..\app-core\appseed\multimedia\w_multimedia.vcxproj", "{845177FA-3079-4B23-8F97-4543BB980265}"
EndProject
Project("{8BC9CEB8-8B4A-11D0-8D11-00A0C91BC942}") = "baseid3lib", "..\..\..\app-core\appseed\id3lib\w_id3lib.vcxproj", "{3C4F405B-2D27-4E0A-B33E-AFEE86DD06D4}"
EndProject
Project("{8BC9CEB8-8B4A-11D0-8D11-00A0C91BC942}") = "ace", "..\..\..\app\appseed\ace\w_ace.vcxproj", "{E8826C3E-DE08-4292-B797-4802C710E2C3}"
EndProject
Project("{8BC9CEB8-8B4A-11D0-8D11-00A0C91BC942}") = "audio_xaudio", "..\..\..\app\appseed\audio_xaudio\w_audio_xaudio.vcxproj", "{84775184-ED25-4AB8-A8D3-4D680DD9ACED}"
EndProject
Project("{8BC9CEB8-8B4A-11D0-8D11-00A0C91BC942}") = "audio_decode_wave", "..\..\..\app-core\appseed\audio_decode_wave\w_audio_decode_wave.vcxproj", "{798C106A-6A2C-422B-B42F-B182B5336791}"
EndProject
Project("{8BC9CEB8-8B4A-11D0-8D11-00A0C91BC942}") = "audio_decode_libmpg123", "..\..\..\app-veriwell\appseed\audio_decode_libmpg123\w_audio_decode_libmpg123.vcxproj", "{6B2FE6CD-C8CE-4105-AA10-A2B959E58F7C}"
EndProject
Project("{8BC9CEB8-8B4A-11D0-8D11-00A0C91BC942}") = "multimedia_xaudio", "..\..\..\app\appseed\multimedia_xaudio\w_multimedia_xaudio.vcxproj", "{84775184-ED25-4AB8-A8D3-4D680DD9AC84}"
EndProject
Project("{8BC9CEB8-8B4A-11D0-8D11-00A0C91BC942}") = "app_veriwell_asciimedia", "..\..\..\app-veriwell\appseed\asciimedia\w_asciimedia.vcxproj", "{E5D1D7E4-676D-4BCB-B1AF-A005D013CBE1}"
EndProject
Project("{8BC9CEB8-8B4A-11D0-8D11-00A0C91BC942}") = "winmetro_app_veriwell_waven", "..\..\..\app-veriwell\appseed\waven\w_winmetro_waven.vcxproj", "{4F5F745E-CCC2-4D90-8923-F5BA47A125C0}"
EndProject
Project("{8BC9CEB8-8B4A-11D0-8D11-00A0C91BC942}") = "app_veriwell_waven", "..\..\..\app-veriwell\appseed\waven\w_waven.vcxproj", "{B7AFCEFA-3079-4B23-8F97-4543BB980265}"
EndProject
Project("{8BC9CEB8-8B4A-11D0-8D11-00A0C91BC942}") = "veriwell_multimedia", "..\..\..\app-veriwell\appseed\multimedia\w_veriwell_multimedia.vcxproj", "{ED4FE36A-391F-43F4-BDF6-9528FF0632EE}"
EndProject
Project("{8BC9CEB8-8B4A-11D0-8D11-00A0C91BC942}") = "audio_decode_spotify", "..\..\..\app-core\appseed\audio_decode_spotify\w_audio_decode_spotify.vcxproj", "{26749A08-74A4-41C3-9F57-212E38349ED7}"
EndProject
Project("{8BC9CEB8-8B4A-11D0-8D11-00A0C91BC942}") = "multimedia_playlist_spotify", "..\..\..\app-core\appseed\multimedia_playlist_spotify\w_multimedia_playlist_spotify.vcxproj", "{91773F8E-3A25-4859-8734-B120143FB69E}"
EndProject
Project("{8BC9CEB8-8B4A-11D0-8D11-00A0C91BC942}") = "winmetro_app_veriwell_verisimplevideo", "..\..\..\app-veriwell\appseed\verisimplevideo\w_winmetro_verisimplevideo.vcxproj", "{1D48D1DB-4B78-4A65-A2E5-657F22DB7516}"
EndProject
Project("{8BC9CEB8-8B4A-11D0-8D11-00A0C91BC942}") = "app_veriwell_verisimplevideo", "..\..\..\app-veriwell\appseed\verisimplevideo\w_verisimplevideo.vcxproj", "{6EFD6175-9504-40E7-BD03-30281D864FAB}"
EndProject
Project("{8BC9CEB8-8B4A-11D0-8D11-00A0C91BC942}") = "video_decode_ffmpeg", "..\..\..\app-veriwell\appseed\video_decode_ffmpeg\w_veriwell_video_decode_ffmpeg.vcxproj", "{6194CE72-4893-4284-AF9E-DB807B49093F}"
EndProject
Project("{8BC9CEB8-8B4A-11D0-8D11-00A0C91BC942}") = "music_midi_winrt", "..\..\appseed\music_midi_winrt\w_music_midi_winrt.vcxproj", "{7D2387EB-A3DE-4EA5-B061-48A856DD7211}"
EndProject
Project("{8BC9CEB8-8B4A-11D0-8D11-00A0C91BC942}") = "app_veriwell_musical_player_lite", "..\..\..\app-veriwell\appseed\musical_player_lite\w_musical_player_lite.vcxproj", "{D41641B1-CB8E-4F50-9E09-DB6BDD837C82}"
EndProject
Project("{8BC9CEB8-8B4A-11D0-8D11-00A0C91BC942}") = "winmetro_app_veriwell_musical_player_lite", "..\..\..\app-veriwell\appseed\musical_player_lite\w_winmetro_musical_player_lite.vcxproj", "{9C6FC641-43F3-416A-85F6-7809ABF404D3}"
EndProject
Project("{8BC9CEB8-8B4A-11D0-8D11-00A0C91BC942}") = "sphere", "..\..\..\..\eco\app\appseed\sphere\w_sphere.vcxproj", "{F20DCBAE-5E9B-4A38-A236-B7FBCFE0FA44}"
EndProject
Project("{8BC9CEB8-8B4A-11D0-8D11-00A0C91BC942}") = "tesseract", "..\..\..\..\eco\app-core\appseed\tesseract\w_tesseract.vcxproj", "{F20DCBAE-5E9B-4A38-A236-B7FBCFE0FA55}"
EndProject
Project("{2150E333-8FDC-42A3-9474-1A3956D46DE8}") = "Solution Items", "Solution Items", "{C1F2028E-EB2E-4E57-AE23-AA07449D6EF2}"
	ProjectSection(SolutionItems) = preProject
		Performance3.psess = Performance3.psess
		Performance4.psess = Performance4.psess
		Performance5.psess = Performance5.psess
		Performance6.psess = Performance6.psess
		Performance7.psess = Performance7.psess
	EndProjectSection
EndProject
Project("{8BC9CEB8-8B4A-11D0-8D11-00A0C91BC942}") = "app_core_auraverse", "..\..\..\app-core\appseed\auraverse\w_auraverse.vcxproj", "{387C88DE-7BF7-4E57-99FB-86C08D857D08}"
EndProject
Project("{8BC9CEB8-8B4A-11D0-8D11-00A0C91BC942}") = "winmetro_app_core_auraverse", "..\..\..\app-core\appseed\auraverse\w_winmetro_auraverse.vcxproj", "{5FE5F9C4-0300-453A-9BDE-6AF7FDBF31E8}"
EndProject
Project("{8BC9CEB8-8B4A-11D0-8D11-00A0C91BC942}") = "wndfrm_core", "..\..\..\app\appseed\wndfrm_core\w_wndfrm_core.vcxproj", "{B2D7833B-9B59-4826-BBDF-C270A2115E86}"
EndProject
Project("{8BC9CEB8-8B4A-11D0-8D11-00A0C91BC942}") = "app_core_rdpclient", "..\..\..\app-core\appseed\rdpclient\w_core_rdpclient.vcxproj", "{85497D32-1330-48BE-9E15-8213564B6DC7}"
EndProject
Project("{8BC9CEB8-8B4A-11D0-8D11-00A0C91BC942}") = "winmetro_app_core_rdpclient", "..\..\..\app-core\appseed\rdpclient\w_winmetro_rdpclient.vcxproj", "{EAEC3220-27D5-4E20-8CC5-B41BFD92A303}"
EndProject
Project("{8BC9CEB8-8B4A-11D0-8D11-00A0C91BC942}") = "rdpsnd-client-audio_decode", "..\..\..\app-core\appseed\rdpsnd-client-audio_decode\w_rdpsnd-client-audio_decode.vcxproj", "{2AE90751-997B-44DC-A549-D390B76875B7}"
EndProject
Global
	GlobalSection(SolutionConfigurationPlatforms) = preSolution
		Debug|ARM = Debug|ARM
		Debug|Win32 = Debug|Win32
		Debug|x64 = Debug|x64
		cover|ARM = cover|ARM
		cover|Win32 = cover|Win32
		cover|x64 = cover|x64
		stage|ARM = stage|ARM
		stage|Win32 = stage|Win32
		stage|x64 = stage|x64
	EndGlobalSection
	GlobalSection(ProjectConfigurationPlatforms) = postSolution
		{F20DCBAE-5E9B-4A38-A236-B7FBCFE0FA86}.Debug|ARM.ActiveCfg = Debug|ARM
		{F20DCBAE-5E9B-4A38-A236-B7FBCFE0FA86}.Debug|ARM.Build.0 = Debug|ARM
		{F20DCBAE-5E9B-4A38-A236-B7FBCFE0FA86}.Debug|Win32.ActiveCfg = Debug|Win32
		{F20DCBAE-5E9B-4A38-A236-B7FBCFE0FA86}.Debug|Win32.Build.0 = Debug|Win32
		{F20DCBAE-5E9B-4A38-A236-B7FBCFE0FA86}.Debug|x64.ActiveCfg = Debug|x64
		{F20DCBAE-5E9B-4A38-A236-B7FBCFE0FA86}.Debug|x64.Build.0 = Debug|x64
		{F20DCBAE-5E9B-4A38-A236-B7FBCFE0FA86}.cover|ARM.ActiveCfg = stage|ARM
		{F20DCBAE-5E9B-4A38-A236-B7FBCFE0FA86}.cover|ARM.Build.0 = stage|ARM
		{F20DCBAE-5E9B-4A38-A236-B7FBCFE0FA86}.cover|Win32.ActiveCfg = stage|Win32
		{F20DCBAE-5E9B-4A38-A236-B7FBCFE0FA86}.cover|Win32.Build.0 = stage|Win32
		{F20DCBAE-5E9B-4A38-A236-B7FBCFE0FA86}.cover|x64.ActiveCfg = stage|x64
		{F20DCBAE-5E9B-4A38-A236-B7FBCFE0FA86}.cover|x64.Build.0 = stage|x64
		{F20DCBAE-5E9B-4A38-A236-B7FBCFE0FA86}.stage|ARM.ActiveCfg = stage|ARM
		{F20DCBAE-5E9B-4A38-A236-B7FBCFE0FA86}.stage|ARM.Build.0 = stage|ARM
		{F20DCBAE-5E9B-4A38-A236-B7FBCFE0FA86}.stage|Win32.ActiveCfg = stage|Win32
		{F20DCBAE-5E9B-4A38-A236-B7FBCFE0FA86}.stage|Win32.Build.0 = stage|Win32
		{F20DCBAE-5E9B-4A38-A236-B7FBCFE0FA86}.stage|x64.ActiveCfg = stage|x64
		{F20DCBAE-5E9B-4A38-A236-B7FBCFE0FA86}.stage|x64.Build.0 = stage|x64
		{B3E5B8E7-9E3B-44DD-9EDE-E0A74D52C1C5}.Debug|ARM.ActiveCfg = Debug|ARM
		{B3E5B8E7-9E3B-44DD-9EDE-E0A74D52C1C5}.Debug|ARM.Build.0 = Debug|ARM
		{B3E5B8E7-9E3B-44DD-9EDE-E0A74D52C1C5}.Debug|Win32.ActiveCfg = Debug|Win32
		{B3E5B8E7-9E3B-44DD-9EDE-E0A74D52C1C5}.Debug|Win32.Build.0 = Debug|Win32
		{B3E5B8E7-9E3B-44DD-9EDE-E0A74D52C1C5}.Debug|x64.ActiveCfg = Debug|x64
		{B3E5B8E7-9E3B-44DD-9EDE-E0A74D52C1C5}.Debug|x64.Build.0 = Debug|x64
		{B3E5B8E7-9E3B-44DD-9EDE-E0A74D52C1C5}.cover|ARM.ActiveCfg = stage|ARM
		{B3E5B8E7-9E3B-44DD-9EDE-E0A74D52C1C5}.cover|ARM.Build.0 = stage|ARM
		{B3E5B8E7-9E3B-44DD-9EDE-E0A74D52C1C5}.cover|Win32.ActiveCfg = stage|Win32
		{B3E5B8E7-9E3B-44DD-9EDE-E0A74D52C1C5}.cover|Win32.Build.0 = stage|Win32
		{B3E5B8E7-9E3B-44DD-9EDE-E0A74D52C1C5}.cover|x64.ActiveCfg = stage|x64
		{B3E5B8E7-9E3B-44DD-9EDE-E0A74D52C1C5}.cover|x64.Build.0 = stage|x64
		{B3E5B8E7-9E3B-44DD-9EDE-E0A74D52C1C5}.stage|ARM.ActiveCfg = stage|ARM
		{B3E5B8E7-9E3B-44DD-9EDE-E0A74D52C1C5}.stage|ARM.Build.0 = stage|ARM
		{B3E5B8E7-9E3B-44DD-9EDE-E0A74D52C1C5}.stage|Win32.ActiveCfg = stage|Win32
		{B3E5B8E7-9E3B-44DD-9EDE-E0A74D52C1C5}.stage|Win32.Build.0 = stage|Win32
		{B3E5B8E7-9E3B-44DD-9EDE-E0A74D52C1C5}.stage|x64.ActiveCfg = stage|x64
		{B3E5B8E7-9E3B-44DD-9EDE-E0A74D52C1C5}.stage|x64.Build.0 = stage|x64
		{B3A245F9-C92F-4487-AEF7-CB0531F665BD}.Debug|ARM.ActiveCfg = Debug|ARM
		{B3A245F9-C92F-4487-AEF7-CB0531F665BD}.Debug|ARM.Build.0 = Debug|ARM
		{B3A245F9-C92F-4487-AEF7-CB0531F665BD}.Debug|Win32.ActiveCfg = Debug|Win32
		{B3A245F9-C92F-4487-AEF7-CB0531F665BD}.Debug|Win32.Build.0 = Debug|Win32
		{B3A245F9-C92F-4487-AEF7-CB0531F665BD}.Debug|x64.ActiveCfg = Debug|x64
		{B3A245F9-C92F-4487-AEF7-CB0531F665BD}.Debug|x64.Build.0 = Debug|x64
		{B3A245F9-C92F-4487-AEF7-CB0531F665BD}.cover|ARM.ActiveCfg = stage|ARM
		{B3A245F9-C92F-4487-AEF7-CB0531F665BD}.cover|ARM.Build.0 = stage|ARM
		{B3A245F9-C92F-4487-AEF7-CB0531F665BD}.cover|Win32.ActiveCfg = stage|Win32
		{B3A245F9-C92F-4487-AEF7-CB0531F665BD}.cover|Win32.Build.0 = stage|Win32
		{B3A245F9-C92F-4487-AEF7-CB0531F665BD}.cover|x64.ActiveCfg = stage|x64
		{B3A245F9-C92F-4487-AEF7-CB0531F665BD}.cover|x64.Build.0 = stage|x64
		{B3A245F9-C92F-4487-AEF7-CB0531F665BD}.stage|ARM.ActiveCfg = stage|ARM
		{B3A245F9-C92F-4487-AEF7-CB0531F665BD}.stage|ARM.Build.0 = stage|ARM
		{B3A245F9-C92F-4487-AEF7-CB0531F665BD}.stage|Win32.ActiveCfg = stage|Win32
		{B3A245F9-C92F-4487-AEF7-CB0531F665BD}.stage|Win32.Build.0 = stage|Win32
		{B3A245F9-C92F-4487-AEF7-CB0531F665BD}.stage|x64.ActiveCfg = stage|x64
		{B3A245F9-C92F-4487-AEF7-CB0531F665BD}.stage|x64.Build.0 = stage|x64
		{BD7D3626-ADA6-4CA2-9566-ED7B131E3D51}.Debug|ARM.ActiveCfg = Debug|ARM
		{BD7D3626-ADA6-4CA2-9566-ED7B131E3D51}.Debug|ARM.Build.0 = Debug|ARM
		{BD7D3626-ADA6-4CA2-9566-ED7B131E3D51}.Debug|Win32.ActiveCfg = Debug|Win32
		{BD7D3626-ADA6-4CA2-9566-ED7B131E3D51}.Debug|Win32.Build.0 = Debug|Win32
		{BD7D3626-ADA6-4CA2-9566-ED7B131E3D51}.Debug|x64.ActiveCfg = Debug|x64
		{BD7D3626-ADA6-4CA2-9566-ED7B131E3D51}.Debug|x64.Build.0 = Debug|x64
		{BD7D3626-ADA6-4CA2-9566-ED7B131E3D51}.cover|ARM.ActiveCfg = stage|ARM
		{BD7D3626-ADA6-4CA2-9566-ED7B131E3D51}.cover|ARM.Build.0 = stage|ARM
		{BD7D3626-ADA6-4CA2-9566-ED7B131E3D51}.cover|Win32.ActiveCfg = stage|Win32
		{BD7D3626-ADA6-4CA2-9566-ED7B131E3D51}.cover|Win32.Build.0 = stage|Win32
		{BD7D3626-ADA6-4CA2-9566-ED7B131E3D51}.cover|x64.ActiveCfg = stage|x64
		{BD7D3626-ADA6-4CA2-9566-ED7B131E3D51}.cover|x64.Build.0 = stage|x64
		{BD7D3626-ADA6-4CA2-9566-ED7B131E3D51}.stage|ARM.ActiveCfg = stage|ARM
		{BD7D3626-ADA6-4CA2-9566-ED7B131E3D51}.stage|ARM.Build.0 = stage|ARM
		{BD7D3626-ADA6-4CA2-9566-ED7B131E3D51}.stage|Win32.ActiveCfg = stage|Win32
		{BD7D3626-ADA6-4CA2-9566-ED7B131E3D51}.stage|Win32.Build.0 = stage|Win32
		{BD7D3626-ADA6-4CA2-9566-ED7B131E3D51}.stage|x64.ActiveCfg = stage|x64
		{BD7D3626-ADA6-4CA2-9566-ED7B131E3D51}.stage|x64.Build.0 = stage|x64
		{B000FFAF-392F-4E32-BF51-FD7ED638991F}.Debug|ARM.ActiveCfg = Debug|ARM
		{B000FFAF-392F-4E32-BF51-FD7ED638991F}.Debug|ARM.Build.0 = Debug|ARM
		{B000FFAF-392F-4E32-BF51-FD7ED638991F}.Debug|Win32.ActiveCfg = Debug|Win32
		{B000FFAF-392F-4E32-BF51-FD7ED638991F}.Debug|Win32.Build.0 = Debug|Win32
		{B000FFAF-392F-4E32-BF51-FD7ED638991F}.Debug|x64.ActiveCfg = Debug|x64
		{B000FFAF-392F-4E32-BF51-FD7ED638991F}.Debug|x64.Build.0 = Debug|x64
		{B000FFAF-392F-4E32-BF51-FD7ED638991F}.cover|ARM.ActiveCfg = stage|ARM
		{B000FFAF-392F-4E32-BF51-FD7ED638991F}.cover|ARM.Build.0 = stage|ARM
		{B000FFAF-392F-4E32-BF51-FD7ED638991F}.cover|Win32.ActiveCfg = stage|Win32
		{B000FFAF-392F-4E32-BF51-FD7ED638991F}.cover|Win32.Build.0 = stage|Win32
		{B000FFAF-392F-4E32-BF51-FD7ED638991F}.cover|x64.ActiveCfg = stage|x64
		{B000FFAF-392F-4E32-BF51-FD7ED638991F}.cover|x64.Build.0 = stage|x64
		{B000FFAF-392F-4E32-BF51-FD7ED638991F}.stage|ARM.ActiveCfg = stage|ARM
		{B000FFAF-392F-4E32-BF51-FD7ED638991F}.stage|ARM.Build.0 = stage|ARM
		{B000FFAF-392F-4E32-BF51-FD7ED638991F}.stage|Win32.ActiveCfg = stage|Win32
		{B000FFAF-392F-4E32-BF51-FD7ED638991F}.stage|Win32.Build.0 = stage|Win32
		{B000FFAF-392F-4E32-BF51-FD7ED638991F}.stage|x64.ActiveCfg = stage|x64
		{B000FFAF-392F-4E32-BF51-FD7ED638991F}.stage|x64.Build.0 = stage|x64
		{BA9BFF50-1888-4722-8DEE-73A3B5B32BCB}.Debug|ARM.ActiveCfg = Debug|ARM
		{BA9BFF50-1888-4722-8DEE-73A3B5B32BCB}.Debug|ARM.Build.0 = Debug|ARM
		{BA9BFF50-1888-4722-8DEE-73A3B5B32BCB}.Debug|Win32.ActiveCfg = Debug|Win32
		{BA9BFF50-1888-4722-8DEE-73A3B5B32BCB}.Debug|Win32.Build.0 = Debug|Win32
		{BA9BFF50-1888-4722-8DEE-73A3B5B32BCB}.Debug|x64.ActiveCfg = Debug|x64
		{BA9BFF50-1888-4722-8DEE-73A3B5B32BCB}.Debug|x64.Build.0 = Debug|x64
		{BA9BFF50-1888-4722-8DEE-73A3B5B32BCB}.cover|ARM.ActiveCfg = stage|ARM
		{BA9BFF50-1888-4722-8DEE-73A3B5B32BCB}.cover|ARM.Build.0 = stage|ARM
		{BA9BFF50-1888-4722-8DEE-73A3B5B32BCB}.cover|Win32.ActiveCfg = stage|Win32
		{BA9BFF50-1888-4722-8DEE-73A3B5B32BCB}.cover|Win32.Build.0 = stage|Win32
		{BA9BFF50-1888-4722-8DEE-73A3B5B32BCB}.cover|x64.ActiveCfg = stage|x64
		{BA9BFF50-1888-4722-8DEE-73A3B5B32BCB}.cover|x64.Build.0 = stage|x64
		{BA9BFF50-1888-4722-8DEE-73A3B5B32BCB}.stage|ARM.ActiveCfg = stage|ARM
		{BA9BFF50-1888-4722-8DEE-73A3B5B32BCB}.stage|ARM.Build.0 = stage|ARM
		{BA9BFF50-1888-4722-8DEE-73A3B5B32BCB}.stage|Win32.ActiveCfg = stage|Win32
		{BA9BFF50-1888-4722-8DEE-73A3B5B32BCB}.stage|Win32.Build.0 = stage|Win32
		{BA9BFF50-1888-4722-8DEE-73A3B5B32BCB}.stage|x64.ActiveCfg = stage|x64
		{BA9BFF50-1888-4722-8DEE-73A3B5B32BCB}.stage|x64.Build.0 = stage|x64
		{9B132A32-0C6E-4FD1-A580-E7D115794894}.Debug|ARM.ActiveCfg = Debug|ARM
		{9B132A32-0C6E-4FD1-A580-E7D115794894}.Debug|ARM.Build.0 = Debug|ARM
		{9B132A32-0C6E-4FD1-A580-E7D115794894}.Debug|Win32.ActiveCfg = Debug|Win32
		{9B132A32-0C6E-4FD1-A580-E7D115794894}.Debug|Win32.Build.0 = Debug|Win32
		{9B132A32-0C6E-4FD1-A580-E7D115794894}.Debug|x64.ActiveCfg = Debug|x64
		{9B132A32-0C6E-4FD1-A580-E7D115794894}.Debug|x64.Build.0 = Debug|x64
		{9B132A32-0C6E-4FD1-A580-E7D115794894}.cover|ARM.ActiveCfg = stage|ARM
		{9B132A32-0C6E-4FD1-A580-E7D115794894}.cover|ARM.Build.0 = stage|ARM
		{9B132A32-0C6E-4FD1-A580-E7D115794894}.cover|Win32.ActiveCfg = stage|Win32
		{9B132A32-0C6E-4FD1-A580-E7D115794894}.cover|Win32.Build.0 = stage|Win32
		{9B132A32-0C6E-4FD1-A580-E7D115794894}.cover|x64.ActiveCfg = stage|x64
		{9B132A32-0C6E-4FD1-A580-E7D115794894}.cover|x64.Build.0 = stage|x64
		{9B132A32-0C6E-4FD1-A580-E7D115794894}.stage|ARM.ActiveCfg = stage|ARM
		{9B132A32-0C6E-4FD1-A580-E7D115794894}.stage|ARM.Build.0 = stage|ARM
		{9B132A32-0C6E-4FD1-A580-E7D115794894}.stage|Win32.ActiveCfg = stage|Win32
		{9B132A32-0C6E-4FD1-A580-E7D115794894}.stage|Win32.Build.0 = stage|Win32
		{9B132A32-0C6E-4FD1-A580-E7D115794894}.stage|x64.ActiveCfg = stage|x64
		{9B132A32-0C6E-4FD1-A580-E7D115794894}.stage|x64.Build.0 = stage|x64
		{B7AFCEFA-8451-7723-8F97-4543BB980265}.Debug|ARM.ActiveCfg = Debug|ARM
		{B7AFCEFA-8451-7723-8F97-4543BB980265}.Debug|ARM.Build.0 = Debug|ARM
		{B7AFCEFA-8451-7723-8F97-4543BB980265}.Debug|Win32.ActiveCfg = Debug|Win32
		{B7AFCEFA-8451-7723-8F97-4543BB980265}.Debug|Win32.Build.0 = Debug|Win32
		{B7AFCEFA-8451-7723-8F97-4543BB980265}.Debug|x64.ActiveCfg = Debug|x64
		{B7AFCEFA-8451-7723-8F97-4543BB980265}.Debug|x64.Build.0 = Debug|x64
		{B7AFCEFA-8451-7723-8F97-4543BB980265}.cover|ARM.ActiveCfg = stage|ARM
		{B7AFCEFA-8451-7723-8F97-4543BB980265}.cover|ARM.Build.0 = stage|ARM
		{B7AFCEFA-8451-7723-8F97-4543BB980265}.cover|Win32.ActiveCfg = stage|Win32
		{B7AFCEFA-8451-7723-8F97-4543BB980265}.cover|Win32.Build.0 = stage|Win32
		{B7AFCEFA-8451-7723-8F97-4543BB980265}.cover|x64.ActiveCfg = stage|x64
		{B7AFCEFA-8451-7723-8F97-4543BB980265}.cover|x64.Build.0 = stage|x64
		{B7AFCEFA-8451-7723-8F97-4543BB980265}.stage|ARM.ActiveCfg = stage|ARM
		{B7AFCEFA-8451-7723-8F97-4543BB980265}.stage|ARM.Build.0 = stage|ARM
		{B7AFCEFA-8451-7723-8F97-4543BB980265}.stage|Win32.ActiveCfg = stage|Win32
		{B7AFCEFA-8451-7723-8F97-4543BB980265}.stage|Win32.Build.0 = stage|Win32
		{B7AFCEFA-8451-7723-8F97-4543BB980265}.stage|x64.ActiveCfg = stage|x64
		{B7AFCEFA-8451-7723-8F97-4543BB980265}.stage|x64.Build.0 = stage|x64
		{F9116331-25D4-4634-8EEA-078AEDB82161}.Debug|ARM.ActiveCfg = Debug|ARM
		{F9116331-25D4-4634-8EEA-078AEDB82161}.Debug|ARM.Build.0 = Debug|ARM
		{F9116331-25D4-4634-8EEA-078AEDB82161}.Debug|Win32.ActiveCfg = Debug|Win32
		{F9116331-25D4-4634-8EEA-078AEDB82161}.Debug|Win32.Build.0 = Debug|Win32
		{F9116331-25D4-4634-8EEA-078AEDB82161}.Debug|x64.ActiveCfg = Debug|x64
		{F9116331-25D4-4634-8EEA-078AEDB82161}.Debug|x64.Build.0 = Debug|x64
		{F9116331-25D4-4634-8EEA-078AEDB82161}.cover|ARM.ActiveCfg = stage|ARM
		{F9116331-25D4-4634-8EEA-078AEDB82161}.cover|ARM.Build.0 = stage|ARM
		{F9116331-25D4-4634-8EEA-078AEDB82161}.cover|Win32.ActiveCfg = stage|Win32
		{F9116331-25D4-4634-8EEA-078AEDB82161}.cover|Win32.Build.0 = stage|Win32
		{F9116331-25D4-4634-8EEA-078AEDB82161}.cover|x64.ActiveCfg = stage|x64
		{F9116331-25D4-4634-8EEA-078AEDB82161}.cover|x64.Build.0 = stage|x64
		{F9116331-25D4-4634-8EEA-078AEDB82161}.stage|ARM.ActiveCfg = stage|ARM
		{F9116331-25D4-4634-8EEA-078AEDB82161}.stage|ARM.Build.0 = stage|ARM
		{F9116331-25D4-4634-8EEA-078AEDB82161}.stage|Win32.ActiveCfg = stage|Win32
		{F9116331-25D4-4634-8EEA-078AEDB82161}.stage|Win32.Build.0 = stage|Win32
		{F9116331-25D4-4634-8EEA-078AEDB82161}.stage|x64.ActiveCfg = stage|x64
		{F9116331-25D4-4634-8EEA-078AEDB82161}.stage|x64.Build.0 = stage|x64
		{845177FA-3079-4B23-8F97-4543BB980265}.Debug|ARM.ActiveCfg = Debug|ARM
		{845177FA-3079-4B23-8F97-4543BB980265}.Debug|ARM.Build.0 = Debug|ARM
		{845177FA-3079-4B23-8F97-4543BB980265}.Debug|Win32.ActiveCfg = Debug|Win32
		{845177FA-3079-4B23-8F97-4543BB980265}.Debug|Win32.Build.0 = Debug|Win32
		{845177FA-3079-4B23-8F97-4543BB980265}.Debug|x64.ActiveCfg = Debug|x64
		{845177FA-3079-4B23-8F97-4543BB980265}.Debug|x64.Build.0 = Debug|x64
		{845177FA-3079-4B23-8F97-4543BB980265}.cover|ARM.ActiveCfg = stage|ARM
		{845177FA-3079-4B23-8F97-4543BB980265}.cover|ARM.Build.0 = stage|ARM
		{845177FA-3079-4B23-8F97-4543BB980265}.cover|Win32.ActiveCfg = stage|Win32
		{845177FA-3079-4B23-8F97-4543BB980265}.cover|Win32.Build.0 = stage|Win32
		{845177FA-3079-4B23-8F97-4543BB980265}.cover|x64.ActiveCfg = stage|x64
		{845177FA-3079-4B23-8F97-4543BB980265}.cover|x64.Build.0 = stage|x64
		{845177FA-3079-4B23-8F97-4543BB980265}.stage|ARM.ActiveCfg = stage|ARM
		{845177FA-3079-4B23-8F97-4543BB980265}.stage|ARM.Build.0 = stage|ARM
		{845177FA-3079-4B23-8F97-4543BB980265}.stage|Win32.ActiveCfg = stage|Win32
		{845177FA-3079-4B23-8F97-4543BB980265}.stage|Win32.Build.0 = stage|Win32
		{845177FA-3079-4B23-8F97-4543BB980265}.stage|x64.ActiveCfg = stage|x64
		{845177FA-3079-4B23-8F97-4543BB980265}.stage|x64.Build.0 = stage|x64
		{3C4F405B-2D27-4E0A-B33E-AFEE86DD06D4}.Debug|ARM.ActiveCfg = Debug|ARM
		{3C4F405B-2D27-4E0A-B33E-AFEE86DD06D4}.Debug|ARM.Build.0 = Debug|ARM
		{3C4F405B-2D27-4E0A-B33E-AFEE86DD06D4}.Debug|Win32.ActiveCfg = Debug|Win32
		{3C4F405B-2D27-4E0A-B33E-AFEE86DD06D4}.Debug|Win32.Build.0 = Debug|Win32
		{3C4F405B-2D27-4E0A-B33E-AFEE86DD06D4}.Debug|x64.ActiveCfg = Debug|x64
		{3C4F405B-2D27-4E0A-B33E-AFEE86DD06D4}.Debug|x64.Build.0 = Debug|x64
		{3C4F405B-2D27-4E0A-B33E-AFEE86DD06D4}.cover|ARM.ActiveCfg = stage|ARM
		{3C4F405B-2D27-4E0A-B33E-AFEE86DD06D4}.cover|ARM.Build.0 = stage|ARM
		{3C4F405B-2D27-4E0A-B33E-AFEE86DD06D4}.cover|Win32.ActiveCfg = stage|Win32
		{3C4F405B-2D27-4E0A-B33E-AFEE86DD06D4}.cover|Win32.Build.0 = stage|Win32
		{3C4F405B-2D27-4E0A-B33E-AFEE86DD06D4}.cover|x64.ActiveCfg = stage|x64
		{3C4F405B-2D27-4E0A-B33E-AFEE86DD06D4}.cover|x64.Build.0 = stage|x64
		{3C4F405B-2D27-4E0A-B33E-AFEE86DD06D4}.stage|ARM.ActiveCfg = stage|ARM
		{3C4F405B-2D27-4E0A-B33E-AFEE86DD06D4}.stage|ARM.Build.0 = stage|ARM
		{3C4F405B-2D27-4E0A-B33E-AFEE86DD06D4}.stage|Win32.ActiveCfg = stage|Win32
		{3C4F405B-2D27-4E0A-B33E-AFEE86DD06D4}.stage|Win32.Build.0 = stage|Win32
		{3C4F405B-2D27-4E0A-B33E-AFEE86DD06D4}.stage|x64.ActiveCfg = stage|x64
		{3C4F405B-2D27-4E0A-B33E-AFEE86DD06D4}.stage|x64.Build.0 = stage|x64
		{E8826C3E-DE08-4292-B797-4802C710E2C3}.Debug|ARM.ActiveCfg = Debug|ARM
		{E8826C3E-DE08-4292-B797-4802C710E2C3}.Debug|ARM.Build.0 = Debug|ARM
		{E8826C3E-DE08-4292-B797-4802C710E2C3}.Debug|Win32.ActiveCfg = Debug|Win32
		{E8826C3E-DE08-4292-B797-4802C710E2C3}.Debug|Win32.Build.0 = Debug|Win32
		{E8826C3E-DE08-4292-B797-4802C710E2C3}.Debug|x64.ActiveCfg = Debug|x64
		{E8826C3E-DE08-4292-B797-4802C710E2C3}.Debug|x64.Build.0 = Debug|x64
		{E8826C3E-DE08-4292-B797-4802C710E2C3}.cover|ARM.ActiveCfg = stage|ARM
		{E8826C3E-DE08-4292-B797-4802C710E2C3}.cover|ARM.Build.0 = stage|ARM
		{E8826C3E-DE08-4292-B797-4802C710E2C3}.cover|Win32.ActiveCfg = stage|Win32
		{E8826C3E-DE08-4292-B797-4802C710E2C3}.cover|Win32.Build.0 = stage|Win32
		{E8826C3E-DE08-4292-B797-4802C710E2C3}.cover|x64.ActiveCfg = stage|x64
		{E8826C3E-DE08-4292-B797-4802C710E2C3}.cover|x64.Build.0 = stage|x64
		{E8826C3E-DE08-4292-B797-4802C710E2C3}.stage|ARM.ActiveCfg = stage|ARM
		{E8826C3E-DE08-4292-B797-4802C710E2C3}.stage|ARM.Build.0 = stage|ARM
		{E8826C3E-DE08-4292-B797-4802C710E2C3}.stage|Win32.ActiveCfg = stage|Win32
		{E8826C3E-DE08-4292-B797-4802C710E2C3}.stage|Win32.Build.0 = stage|Win32
		{E8826C3E-DE08-4292-B797-4802C710E2C3}.stage|x64.ActiveCfg = stage|x64
		{E8826C3E-DE08-4292-B797-4802C710E2C3}.stage|x64.Build.0 = stage|x64
		{84775184-ED25-4AB8-A8D3-4D680DD9ACED}.Debug|ARM.ActiveCfg = Debug|ARM
		{84775184-ED25-4AB8-A8D3-4D680DD9ACED}.Debug|ARM.Build.0 = Debug|ARM
		{84775184-ED25-4AB8-A8D3-4D680DD9ACED}.Debug|Win32.ActiveCfg = Debug|Win32
		{84775184-ED25-4AB8-A8D3-4D680DD9ACED}.Debug|Win32.Build.0 = Debug|Win32
		{84775184-ED25-4AB8-A8D3-4D680DD9ACED}.Debug|x64.ActiveCfg = Debug|x64
		{84775184-ED25-4AB8-A8D3-4D680DD9ACED}.Debug|x64.Build.0 = Debug|x64
		{84775184-ED25-4AB8-A8D3-4D680DD9ACED}.cover|ARM.ActiveCfg = stage|ARM
		{84775184-ED25-4AB8-A8D3-4D680DD9ACED}.cover|ARM.Build.0 = stage|ARM
		{84775184-ED25-4AB8-A8D3-4D680DD9ACED}.cover|Win32.ActiveCfg = stage|Win32
		{84775184-ED25-4AB8-A8D3-4D680DD9ACED}.cover|Win32.Build.0 = stage|Win32
		{84775184-ED25-4AB8-A8D3-4D680DD9ACED}.cover|x64.ActiveCfg = stage|x64
		{84775184-ED25-4AB8-A8D3-4D680DD9ACED}.cover|x64.Build.0 = stage|x64
		{84775184-ED25-4AB8-A8D3-4D680DD9ACED}.stage|ARM.ActiveCfg = stage|ARM
		{84775184-ED25-4AB8-A8D3-4D680DD9ACED}.stage|ARM.Build.0 = stage|ARM
		{84775184-ED25-4AB8-A8D3-4D680DD9ACED}.stage|Win32.ActiveCfg = stage|Win32
		{84775184-ED25-4AB8-A8D3-4D680DD9ACED}.stage|Win32.Build.0 = stage|Win32
		{84775184-ED25-4AB8-A8D3-4D680DD9ACED}.stage|x64.ActiveCfg = stage|x64
		{84775184-ED25-4AB8-A8D3-4D680DD9ACED}.stage|x64.Build.0 = stage|x64
		{798C106A-6A2C-422B-B42F-B182B5336791}.Debug|ARM.ActiveCfg = Debug|ARM
		{798C106A-6A2C-422B-B42F-B182B5336791}.Debug|ARM.Build.0 = Debug|ARM
		{798C106A-6A2C-422B-B42F-B182B5336791}.Debug|Win32.ActiveCfg = Debug|Win32
		{798C106A-6A2C-422B-B42F-B182B5336791}.Debug|Win32.Build.0 = Debug|Win32
		{798C106A-6A2C-422B-B42F-B182B5336791}.Debug|x64.ActiveCfg = Debug|x64
		{798C106A-6A2C-422B-B42F-B182B5336791}.Debug|x64.Build.0 = Debug|x64
		{798C106A-6A2C-422B-B42F-B182B5336791}.cover|ARM.ActiveCfg = stage|ARM
		{798C106A-6A2C-422B-B42F-B182B5336791}.cover|ARM.Build.0 = stage|ARM
		{798C106A-6A2C-422B-B42F-B182B5336791}.cover|Win32.ActiveCfg = stage|Win32
		{798C106A-6A2C-422B-B42F-B182B5336791}.cover|Win32.Build.0 = stage|Win32
		{798C106A-6A2C-422B-B42F-B182B5336791}.cover|x64.ActiveCfg = stage|x64
		{798C106A-6A2C-422B-B42F-B182B5336791}.cover|x64.Build.0 = stage|x64
		{798C106A-6A2C-422B-B42F-B182B5336791}.stage|ARM.ActiveCfg = stage|ARM
		{798C106A-6A2C-422B-B42F-B182B5336791}.stage|ARM.Build.0 = stage|ARM
		{798C106A-6A2C-422B-B42F-B182B5336791}.stage|Win32.ActiveCfg = stage|Win32
		{798C106A-6A2C-422B-B42F-B182B5336791}.stage|Win32.Build.0 = stage|Win32
		{798C106A-6A2C-422B-B42F-B182B5336791}.stage|x64.ActiveCfg = stage|x64
		{798C106A-6A2C-422B-B42F-B182B5336791}.stage|x64.Build.0 = stage|x64
		{6B2FE6CD-C8CE-4105-AA10-A2B959E58F7C}.Debug|ARM.ActiveCfg = Debug|ARM
		{6B2FE6CD-C8CE-4105-AA10-A2B959E58F7C}.Debug|ARM.Build.0 = Debug|ARM
		{6B2FE6CD-C8CE-4105-AA10-A2B959E58F7C}.Debug|Win32.ActiveCfg = Debug|Win32
		{6B2FE6CD-C8CE-4105-AA10-A2B959E58F7C}.Debug|Win32.Build.0 = Debug|Win32
		{6B2FE6CD-C8CE-4105-AA10-A2B959E58F7C}.Debug|x64.ActiveCfg = Debug|x64
		{6B2FE6CD-C8CE-4105-AA10-A2B959E58F7C}.Debug|x64.Build.0 = Debug|x64
		{6B2FE6CD-C8CE-4105-AA10-A2B959E58F7C}.cover|ARM.ActiveCfg = stage|ARM
		{6B2FE6CD-C8CE-4105-AA10-A2B959E58F7C}.cover|ARM.Build.0 = stage|ARM
		{6B2FE6CD-C8CE-4105-AA10-A2B959E58F7C}.cover|Win32.ActiveCfg = stage|Win32
		{6B2FE6CD-C8CE-4105-AA10-A2B959E58F7C}.cover|Win32.Build.0 = stage|Win32
		{6B2FE6CD-C8CE-4105-AA10-A2B959E58F7C}.cover|x64.ActiveCfg = stage|x64
		{6B2FE6CD-C8CE-4105-AA10-A2B959E58F7C}.cover|x64.Build.0 = stage|x64
		{6B2FE6CD-C8CE-4105-AA10-A2B959E58F7C}.stage|ARM.ActiveCfg = stage|ARM
		{6B2FE6CD-C8CE-4105-AA10-A2B959E58F7C}.stage|ARM.Build.0 = stage|ARM
		{6B2FE6CD-C8CE-4105-AA10-A2B959E58F7C}.stage|Win32.ActiveCfg = stage|Win32
		{6B2FE6CD-C8CE-4105-AA10-A2B959E58F7C}.stage|Win32.Build.0 = stage|Win32
		{6B2FE6CD-C8CE-4105-AA10-A2B959E58F7C}.stage|x64.ActiveCfg = stage|x64
		{6B2FE6CD-C8CE-4105-AA10-A2B959E58F7C}.stage|x64.Build.0 = stage|x64
		{84775184-ED25-4AB8-A8D3-4D680DD9AC84}.Debug|ARM.ActiveCfg = Debug|ARM
		{84775184-ED25-4AB8-A8D3-4D680DD9AC84}.Debug|ARM.Build.0 = Debug|ARM
		{84775184-ED25-4AB8-A8D3-4D680DD9AC84}.Debug|Win32.ActiveCfg = Debug|Win32
		{84775184-ED25-4AB8-A8D3-4D680DD9AC84}.Debug|Win32.Build.0 = Debug|Win32
		{84775184-ED25-4AB8-A8D3-4D680DD9AC84}.Debug|x64.ActiveCfg = Debug|x64
		{84775184-ED25-4AB8-A8D3-4D680DD9AC84}.Debug|x64.Build.0 = Debug|x64
		{84775184-ED25-4AB8-A8D3-4D680DD9AC84}.cover|ARM.ActiveCfg = stage|ARM
		{84775184-ED25-4AB8-A8D3-4D680DD9AC84}.cover|ARM.Build.0 = stage|ARM
		{84775184-ED25-4AB8-A8D3-4D680DD9AC84}.cover|Win32.ActiveCfg = stage|Win32
		{84775184-ED25-4AB8-A8D3-4D680DD9AC84}.cover|Win32.Build.0 = stage|Win32
		{84775184-ED25-4AB8-A8D3-4D680DD9AC84}.cover|x64.ActiveCfg = stage|x64
		{84775184-ED25-4AB8-A8D3-4D680DD9AC84}.cover|x64.Build.0 = stage|x64
		{84775184-ED25-4AB8-A8D3-4D680DD9AC84}.stage|ARM.ActiveCfg = stage|ARM
		{84775184-ED25-4AB8-A8D3-4D680DD9AC84}.stage|ARM.Build.0 = stage|ARM
		{84775184-ED25-4AB8-A8D3-4D680DD9AC84}.stage|Win32.ActiveCfg = stage|Win32
		{84775184-ED25-4AB8-A8D3-4D680DD9AC84}.stage|Win32.Build.0 = stage|Win32
		{84775184-ED25-4AB8-A8D3-4D680DD9AC84}.stage|x64.ActiveCfg = stage|x64
		{84775184-ED25-4AB8-A8D3-4D680DD9AC84}.stage|x64.Build.0 = stage|x64
		{E5D1D7E4-676D-4BCB-B1AF-A005D013CBE1}.Debug|ARM.ActiveCfg = Debug|ARM
		{E5D1D7E4-676D-4BCB-B1AF-A005D013CBE1}.Debug|ARM.Build.0 = Debug|ARM
		{E5D1D7E4-676D-4BCB-B1AF-A005D013CBE1}.Debug|Win32.ActiveCfg = Debug|Win32
		{E5D1D7E4-676D-4BCB-B1AF-A005D013CBE1}.Debug|Win32.Build.0 = Debug|Win32
		{E5D1D7E4-676D-4BCB-B1AF-A005D013CBE1}.Debug|x64.ActiveCfg = Debug|x64
		{E5D1D7E4-676D-4BCB-B1AF-A005D013CBE1}.Debug|x64.Build.0 = Debug|x64
		{E5D1D7E4-676D-4BCB-B1AF-A005D013CBE1}.cover|ARM.ActiveCfg = stage|ARM
		{E5D1D7E4-676D-4BCB-B1AF-A005D013CBE1}.cover|ARM.Build.0 = stage|ARM
		{E5D1D7E4-676D-4BCB-B1AF-A005D013CBE1}.cover|Win32.ActiveCfg = stage|Win32
		{E5D1D7E4-676D-4BCB-B1AF-A005D013CBE1}.cover|Win32.Build.0 = stage|Win32
		{E5D1D7E4-676D-4BCB-B1AF-A005D013CBE1}.cover|x64.ActiveCfg = stage|x64
		{E5D1D7E4-676D-4BCB-B1AF-A005D013CBE1}.cover|x64.Build.0 = stage|x64
		{E5D1D7E4-676D-4BCB-B1AF-A005D013CBE1}.stage|ARM.ActiveCfg = stage|ARM
		{E5D1D7E4-676D-4BCB-B1AF-A005D013CBE1}.stage|ARM.Build.0 = stage|ARM
		{E5D1D7E4-676D-4BCB-B1AF-A005D013CBE1}.stage|Win32.ActiveCfg = stage|Win32
		{E5D1D7E4-676D-4BCB-B1AF-A005D013CBE1}.stage|Win32.Build.0 = stage|Win32
		{E5D1D7E4-676D-4BCB-B1AF-A005D013CBE1}.stage|x64.ActiveCfg = stage|x64
		{E5D1D7E4-676D-4BCB-B1AF-A005D013CBE1}.stage|x64.Build.0 = stage|x64
		{4F5F745E-CCC2-4D90-8923-F5BA47A125C0}.Debug|ARM.ActiveCfg = Debug|ARM
		{4F5F745E-CCC2-4D90-8923-F5BA47A125C0}.Debug|ARM.Build.0 = Debug|ARM
		{4F5F745E-CCC2-4D90-8923-F5BA47A125C0}.Debug|ARM.Deploy.0 = Debug|ARM
		{4F5F745E-CCC2-4D90-8923-F5BA47A125C0}.Debug|Win32.ActiveCfg = Debug|Win32
		{4F5F745E-CCC2-4D90-8923-F5BA47A125C0}.Debug|Win32.Build.0 = Debug|Win32
		{4F5F745E-CCC2-4D90-8923-F5BA47A125C0}.Debug|Win32.Deploy.0 = Debug|Win32
		{4F5F745E-CCC2-4D90-8923-F5BA47A125C0}.Debug|x64.ActiveCfg = Debug|x64
		{4F5F745E-CCC2-4D90-8923-F5BA47A125C0}.Debug|x64.Build.0 = Debug|x64
		{4F5F745E-CCC2-4D90-8923-F5BA47A125C0}.Debug|x64.Deploy.0 = Debug|x64
		{4F5F745E-CCC2-4D90-8923-F5BA47A125C0}.cover|ARM.ActiveCfg = stage|ARM
		{4F5F745E-CCC2-4D90-8923-F5BA47A125C0}.cover|ARM.Build.0 = stage|ARM
		{4F5F745E-CCC2-4D90-8923-F5BA47A125C0}.cover|ARM.Deploy.0 = stage|ARM
		{4F5F745E-CCC2-4D90-8923-F5BA47A125C0}.cover|Win32.ActiveCfg = stage|Win32
		{4F5F745E-CCC2-4D90-8923-F5BA47A125C0}.cover|Win32.Build.0 = stage|Win32
		{4F5F745E-CCC2-4D90-8923-F5BA47A125C0}.cover|Win32.Deploy.0 = stage|Win32
		{4F5F745E-CCC2-4D90-8923-F5BA47A125C0}.cover|x64.ActiveCfg = stage|x64
		{4F5F745E-CCC2-4D90-8923-F5BA47A125C0}.cover|x64.Build.0 = stage|x64
		{4F5F745E-CCC2-4D90-8923-F5BA47A125C0}.cover|x64.Deploy.0 = stage|x64
		{4F5F745E-CCC2-4D90-8923-F5BA47A125C0}.stage|ARM.ActiveCfg = stage|ARM
		{4F5F745E-CCC2-4D90-8923-F5BA47A125C0}.stage|ARM.Build.0 = stage|ARM
		{4F5F745E-CCC2-4D90-8923-F5BA47A125C0}.stage|ARM.Deploy.0 = stage|ARM
		{4F5F745E-CCC2-4D90-8923-F5BA47A125C0}.stage|Win32.ActiveCfg = stage|Win32
		{4F5F745E-CCC2-4D90-8923-F5BA47A125C0}.stage|Win32.Build.0 = stage|Win32
		{4F5F745E-CCC2-4D90-8923-F5BA47A125C0}.stage|Win32.Deploy.0 = stage|Win32
		{4F5F745E-CCC2-4D90-8923-F5BA47A125C0}.stage|x64.ActiveCfg = stage|x64
		{4F5F745E-CCC2-4D90-8923-F5BA47A125C0}.stage|x64.Build.0 = stage|x64
		{4F5F745E-CCC2-4D90-8923-F5BA47A125C0}.stage|x64.Deploy.0 = stage|x64
		{B7AFCEFA-3079-4B23-8F97-4543BB980265}.Debug|ARM.ActiveCfg = Debug|ARM
		{B7AFCEFA-3079-4B23-8F97-4543BB980265}.Debug|ARM.Build.0 = Debug|ARM
		{B7AFCEFA-3079-4B23-8F97-4543BB980265}.Debug|Win32.ActiveCfg = Debug|Win32
		{B7AFCEFA-3079-4B23-8F97-4543BB980265}.Debug|Win32.Build.0 = Debug|Win32
		{B7AFCEFA-3079-4B23-8F97-4543BB980265}.Debug|x64.ActiveCfg = Debug|x64
		{B7AFCEFA-3079-4B23-8F97-4543BB980265}.Debug|x64.Build.0 = Debug|x64
		{B7AFCEFA-3079-4B23-8F97-4543BB980265}.cover|ARM.ActiveCfg = stage|ARM
		{B7AFCEFA-3079-4B23-8F97-4543BB980265}.cover|ARM.Build.0 = stage|ARM
		{B7AFCEFA-3079-4B23-8F97-4543BB980265}.cover|Win32.ActiveCfg = stage|Win32
		{B7AFCEFA-3079-4B23-8F97-4543BB980265}.cover|Win32.Build.0 = stage|Win32
		{B7AFCEFA-3079-4B23-8F97-4543BB980265}.cover|x64.ActiveCfg = stage|x64
		{B7AFCEFA-3079-4B23-8F97-4543BB980265}.cover|x64.Build.0 = stage|x64
		{B7AFCEFA-3079-4B23-8F97-4543BB980265}.stage|ARM.ActiveCfg = stage|ARM
		{B7AFCEFA-3079-4B23-8F97-4543BB980265}.stage|ARM.Build.0 = stage|ARM
		{B7AFCEFA-3079-4B23-8F97-4543BB980265}.stage|Win32.ActiveCfg = stage|Win32
		{B7AFCEFA-3079-4B23-8F97-4543BB980265}.stage|Win32.Build.0 = stage|Win32
		{B7AFCEFA-3079-4B23-8F97-4543BB980265}.stage|x64.ActiveCfg = stage|x64
		{B7AFCEFA-3079-4B23-8F97-4543BB980265}.stage|x64.Build.0 = stage|x64
		{ED4FE36A-391F-43F4-BDF6-9528FF0632EE}.Debug|ARM.ActiveCfg = Debug|ARM
		{ED4FE36A-391F-43F4-BDF6-9528FF0632EE}.Debug|ARM.Build.0 = Debug|ARM
		{ED4FE36A-391F-43F4-BDF6-9528FF0632EE}.Debug|Win32.ActiveCfg = Debug|Win32
		{ED4FE36A-391F-43F4-BDF6-9528FF0632EE}.Debug|Win32.Build.0 = Debug|Win32
		{ED4FE36A-391F-43F4-BDF6-9528FF0632EE}.Debug|x64.ActiveCfg = Debug|x64
		{ED4FE36A-391F-43F4-BDF6-9528FF0632EE}.Debug|x64.Build.0 = Debug|x64
		{ED4FE36A-391F-43F4-BDF6-9528FF0632EE}.cover|ARM.ActiveCfg = stage|ARM
		{ED4FE36A-391F-43F4-BDF6-9528FF0632EE}.cover|ARM.Build.0 = stage|ARM
		{ED4FE36A-391F-43F4-BDF6-9528FF0632EE}.cover|Win32.ActiveCfg = stage|Win32
		{ED4FE36A-391F-43F4-BDF6-9528FF0632EE}.cover|Win32.Build.0 = stage|Win32
		{ED4FE36A-391F-43F4-BDF6-9528FF0632EE}.cover|x64.ActiveCfg = stage|x64
		{ED4FE36A-391F-43F4-BDF6-9528FF0632EE}.cover|x64.Build.0 = stage|x64
		{ED4FE36A-391F-43F4-BDF6-9528FF0632EE}.stage|ARM.ActiveCfg = stage|ARM
		{ED4FE36A-391F-43F4-BDF6-9528FF0632EE}.stage|ARM.Build.0 = stage|ARM
		{ED4FE36A-391F-43F4-BDF6-9528FF0632EE}.stage|Win32.ActiveCfg = stage|Win32
		{ED4FE36A-391F-43F4-BDF6-9528FF0632EE}.stage|Win32.Build.0 = stage|Win32
		{ED4FE36A-391F-43F4-BDF6-9528FF0632EE}.stage|x64.ActiveCfg = stage|x64
		{ED4FE36A-391F-43F4-BDF6-9528FF0632EE}.stage|x64.Build.0 = stage|x64
		{26749A08-74A4-41C3-9F57-212E38349ED7}.Debug|ARM.ActiveCfg = Debug|ARM
		{26749A08-74A4-41C3-9F57-212E38349ED7}.Debug|ARM.Build.0 = Debug|ARM
		{26749A08-74A4-41C3-9F57-212E38349ED7}.Debug|Win32.ActiveCfg = Debug|Win32
		{26749A08-74A4-41C3-9F57-212E38349ED7}.Debug|Win32.Build.0 = Debug|Win32
		{26749A08-74A4-41C3-9F57-212E38349ED7}.Debug|x64.ActiveCfg = Debug|x64
		{26749A08-74A4-41C3-9F57-212E38349ED7}.Debug|x64.Build.0 = Debug|x64
		{26749A08-74A4-41C3-9F57-212E38349ED7}.cover|ARM.ActiveCfg = stage|ARM
		{26749A08-74A4-41C3-9F57-212E38349ED7}.cover|ARM.Build.0 = stage|ARM
		{26749A08-74A4-41C3-9F57-212E38349ED7}.cover|Win32.ActiveCfg = stage|Win32
		{26749A08-74A4-41C3-9F57-212E38349ED7}.cover|Win32.Build.0 = stage|Win32
		{26749A08-74A4-41C3-9F57-212E38349ED7}.cover|x64.ActiveCfg = stage|x64
		{26749A08-74A4-41C3-9F57-212E38349ED7}.cover|x64.Build.0 = stage|x64
		{26749A08-74A4-41C3-9F57-212E38349ED7}.stage|ARM.ActiveCfg = stage|ARM
		{26749A08-74A4-41C3-9F57-212E38349ED7}.stage|ARM.Build.0 = stage|ARM
		{26749A08-74A4-41C3-9F57-212E38349ED7}.stage|Win32.ActiveCfg = stage|Win32
		{26749A08-74A4-41C3-9F57-212E38349ED7}.stage|Win32.Build.0 = stage|Win32
		{26749A08-74A4-41C3-9F57-212E38349ED7}.stage|x64.ActiveCfg = stage|x64
		{26749A08-74A4-41C3-9F57-212E38349ED7}.stage|x64.Build.0 = stage|x64
		{91773F8E-3A25-4859-8734-B120143FB69E}.Debug|ARM.ActiveCfg = Debug|ARM
		{91773F8E-3A25-4859-8734-B120143FB69E}.Debug|ARM.Build.0 = Debug|ARM
		{91773F8E-3A25-4859-8734-B120143FB69E}.Debug|Win32.ActiveCfg = Debug|Win32
		{91773F8E-3A25-4859-8734-B120143FB69E}.Debug|Win32.Build.0 = Debug|Win32
		{91773F8E-3A25-4859-8734-B120143FB69E}.Debug|x64.ActiveCfg = Debug|x64
		{91773F8E-3A25-4859-8734-B120143FB69E}.Debug|x64.Build.0 = Debug|x64
		{91773F8E-3A25-4859-8734-B120143FB69E}.cover|ARM.ActiveCfg = stage|ARM
		{91773F8E-3A25-4859-8734-B120143FB69E}.cover|ARM.Build.0 = stage|ARM
		{91773F8E-3A25-4859-8734-B120143FB69E}.cover|Win32.ActiveCfg = stage|Win32
		{91773F8E-3A25-4859-8734-B120143FB69E}.cover|Win32.Build.0 = stage|Win32
		{91773F8E-3A25-4859-8734-B120143FB69E}.cover|x64.ActiveCfg = stage|x64
		{91773F8E-3A25-4859-8734-B120143FB69E}.cover|x64.Build.0 = stage|x64
		{91773F8E-3A25-4859-8734-B120143FB69E}.stage|ARM.ActiveCfg = stage|ARM
		{91773F8E-3A25-4859-8734-B120143FB69E}.stage|ARM.Build.0 = stage|ARM
		{91773F8E-3A25-4859-8734-B120143FB69E}.stage|Win32.ActiveCfg = stage|Win32
		{91773F8E-3A25-4859-8734-B120143FB69E}.stage|Win32.Build.0 = stage|Win32
		{91773F8E-3A25-4859-8734-B120143FB69E}.stage|x64.ActiveCfg = stage|x64
		{91773F8E-3A25-4859-8734-B120143FB69E}.stage|x64.Build.0 = stage|x64
		{1D48D1DB-4B78-4A65-A2E5-657F22DB7516}.Debug|ARM.ActiveCfg = Debug|ARM
		{1D48D1DB-4B78-4A65-A2E5-657F22DB7516}.Debug|ARM.Build.0 = Debug|ARM
		{1D48D1DB-4B78-4A65-A2E5-657F22DB7516}.Debug|ARM.Deploy.0 = Debug|ARM
		{1D48D1DB-4B78-4A65-A2E5-657F22DB7516}.Debug|Win32.ActiveCfg = Debug|Win32
		{1D48D1DB-4B78-4A65-A2E5-657F22DB7516}.Debug|Win32.Build.0 = Debug|Win32
		{1D48D1DB-4B78-4A65-A2E5-657F22DB7516}.Debug|Win32.Deploy.0 = Debug|Win32
		{1D48D1DB-4B78-4A65-A2E5-657F22DB7516}.Debug|x64.ActiveCfg = Debug|x64
		{1D48D1DB-4B78-4A65-A2E5-657F22DB7516}.Debug|x64.Build.0 = Debug|x64
		{1D48D1DB-4B78-4A65-A2E5-657F22DB7516}.Debug|x64.Deploy.0 = Debug|x64
		{1D48D1DB-4B78-4A65-A2E5-657F22DB7516}.cover|ARM.ActiveCfg = stage|ARM
		{1D48D1DB-4B78-4A65-A2E5-657F22DB7516}.cover|ARM.Build.0 = stage|ARM
		{1D48D1DB-4B78-4A65-A2E5-657F22DB7516}.cover|ARM.Deploy.0 = stage|ARM
		{1D48D1DB-4B78-4A65-A2E5-657F22DB7516}.cover|Win32.ActiveCfg = stage|Win32
		{1D48D1DB-4B78-4A65-A2E5-657F22DB7516}.cover|Win32.Build.0 = stage|Win32
		{1D48D1DB-4B78-4A65-A2E5-657F22DB7516}.cover|Win32.Deploy.0 = stage|Win32
		{1D48D1DB-4B78-4A65-A2E5-657F22DB7516}.cover|x64.ActiveCfg = stage|x64
		{1D48D1DB-4B78-4A65-A2E5-657F22DB7516}.cover|x64.Build.0 = stage|x64
		{1D48D1DB-4B78-4A65-A2E5-657F22DB7516}.cover|x64.Deploy.0 = stage|x64
		{1D48D1DB-4B78-4A65-A2E5-657F22DB7516}.stage|ARM.ActiveCfg = stage|ARM
		{1D48D1DB-4B78-4A65-A2E5-657F22DB7516}.stage|ARM.Build.0 = stage|ARM
		{1D48D1DB-4B78-4A65-A2E5-657F22DB7516}.stage|ARM.Deploy.0 = stage|ARM
		{1D48D1DB-4B78-4A65-A2E5-657F22DB7516}.stage|Win32.ActiveCfg = stage|Win32
		{1D48D1DB-4B78-4A65-A2E5-657F22DB7516}.stage|Win32.Build.0 = stage|Win32
		{1D48D1DB-4B78-4A65-A2E5-657F22DB7516}.stage|Win32.Deploy.0 = stage|Win32
		{1D48D1DB-4B78-4A65-A2E5-657F22DB7516}.stage|x64.ActiveCfg = stage|x64
		{1D48D1DB-4B78-4A65-A2E5-657F22DB7516}.stage|x64.Build.0 = stage|x64
		{1D48D1DB-4B78-4A65-A2E5-657F22DB7516}.stage|x64.Deploy.0 = stage|x64
		{6EFD6175-9504-40E7-BD03-30281D864FAB}.Debug|ARM.ActiveCfg = Debug|ARM
		{6EFD6175-9504-40E7-BD03-30281D864FAB}.Debug|ARM.Build.0 = Debug|ARM
		{6EFD6175-9504-40E7-BD03-30281D864FAB}.Debug|Win32.ActiveCfg = Debug|Win32
		{6EFD6175-9504-40E7-BD03-30281D864FAB}.Debug|Win32.Build.0 = Debug|Win32
		{6EFD6175-9504-40E7-BD03-30281D864FAB}.Debug|x64.ActiveCfg = Debug|x64
		{6EFD6175-9504-40E7-BD03-30281D864FAB}.Debug|x64.Build.0 = Debug|x64
		{6EFD6175-9504-40E7-BD03-30281D864FAB}.cover|ARM.ActiveCfg = stage|ARM
		{6EFD6175-9504-40E7-BD03-30281D864FAB}.cover|ARM.Build.0 = stage|ARM
		{6EFD6175-9504-40E7-BD03-30281D864FAB}.cover|Win32.ActiveCfg = stage|Win32
		{6EFD6175-9504-40E7-BD03-30281D864FAB}.cover|Win32.Build.0 = stage|Win32
		{6EFD6175-9504-40E7-BD03-30281D864FAB}.cover|x64.ActiveCfg = stage|x64
		{6EFD6175-9504-40E7-BD03-30281D864FAB}.cover|x64.Build.0 = stage|x64
		{6EFD6175-9504-40E7-BD03-30281D864FAB}.stage|ARM.ActiveCfg = stage|ARM
		{6EFD6175-9504-40E7-BD03-30281D864FAB}.stage|ARM.Build.0 = stage|ARM
		{6EFD6175-9504-40E7-BD03-30281D864FAB}.stage|Win32.ActiveCfg = stage|Win32
		{6EFD6175-9504-40E7-BD03-30281D864FAB}.stage|Win32.Build.0 = stage|Win32
		{6EFD6175-9504-40E7-BD03-30281D864FAB}.stage|x64.ActiveCfg = stage|x64
		{6EFD6175-9504-40E7-BD03-30281D864FAB}.stage|x64.Build.0 = stage|x64
		{6194CE72-4893-4284-AF9E-DB807B49093F}.Debug|ARM.ActiveCfg = Debug|ARM
		{6194CE72-4893-4284-AF9E-DB807B49093F}.Debug|ARM.Build.0 = Debug|ARM
		{6194CE72-4893-4284-AF9E-DB807B49093F}.Debug|Win32.ActiveCfg = Debug|Win32
		{6194CE72-4893-4284-AF9E-DB807B49093F}.Debug|Win32.Build.0 = Debug|Win32
		{6194CE72-4893-4284-AF9E-DB807B49093F}.Debug|x64.ActiveCfg = Debug|x64
		{6194CE72-4893-4284-AF9E-DB807B49093F}.Debug|x64.Build.0 = Debug|x64
		{6194CE72-4893-4284-AF9E-DB807B49093F}.cover|ARM.ActiveCfg = stage|ARM
		{6194CE72-4893-4284-AF9E-DB807B49093F}.cover|ARM.Build.0 = stage|ARM
		{6194CE72-4893-4284-AF9E-DB807B49093F}.cover|Win32.ActiveCfg = stage|Win32
		{6194CE72-4893-4284-AF9E-DB807B49093F}.cover|Win32.Build.0 = stage|Win32
		{6194CE72-4893-4284-AF9E-DB807B49093F}.cover|x64.ActiveCfg = stage|x64
		{6194CE72-4893-4284-AF9E-DB807B49093F}.cover|x64.Build.0 = stage|x64
		{6194CE72-4893-4284-AF9E-DB807B49093F}.stage|ARM.ActiveCfg = stage|ARM
		{6194CE72-4893-4284-AF9E-DB807B49093F}.stage|ARM.Build.0 = stage|ARM
		{6194CE72-4893-4284-AF9E-DB807B49093F}.stage|Win32.ActiveCfg = stage|Win32
		{6194CE72-4893-4284-AF9E-DB807B49093F}.stage|Win32.Build.0 = stage|Win32
		{6194CE72-4893-4284-AF9E-DB807B49093F}.stage|x64.ActiveCfg = stage|x64
		{6194CE72-4893-4284-AF9E-DB807B49093F}.stage|x64.Build.0 = stage|x64
		{7D2387EB-A3DE-4EA5-B061-48A856DD7211}.Debug|ARM.ActiveCfg = Debug|ARM
		{7D2387EB-A3DE-4EA5-B061-48A856DD7211}.Debug|ARM.Build.0 = Debug|ARM
		{7D2387EB-A3DE-4EA5-B061-48A856DD7211}.Debug|Win32.ActiveCfg = Debug|Win32
		{7D2387EB-A3DE-4EA5-B061-48A856DD7211}.Debug|Win32.Build.0 = Debug|Win32
		{7D2387EB-A3DE-4EA5-B061-48A856DD7211}.Debug|x64.ActiveCfg = Debug|x64
		{7D2387EB-A3DE-4EA5-B061-48A856DD7211}.Debug|x64.Build.0 = Debug|x64
		{7D2387EB-A3DE-4EA5-B061-48A856DD7211}.cover|ARM.ActiveCfg = stage|ARM
		{7D2387EB-A3DE-4EA5-B061-48A856DD7211}.cover|ARM.Build.0 = stage|ARM
		{7D2387EB-A3DE-4EA5-B061-48A856DD7211}.cover|Win32.ActiveCfg = stage|Win32
		{7D2387EB-A3DE-4EA5-B061-48A856DD7211}.cover|Win32.Build.0 = stage|Win32
		{7D2387EB-A3DE-4EA5-B061-48A856DD7211}.cover|x64.ActiveCfg = stage|x64
		{7D2387EB-A3DE-4EA5-B061-48A856DD7211}.cover|x64.Build.0 = stage|x64
		{7D2387EB-A3DE-4EA5-B061-48A856DD7211}.stage|ARM.ActiveCfg = stage|ARM
		{7D2387EB-A3DE-4EA5-B061-48A856DD7211}.stage|ARM.Build.0 = stage|ARM
		{7D2387EB-A3DE-4EA5-B061-48A856DD7211}.stage|Win32.ActiveCfg = stage|Win32
		{7D2387EB-A3DE-4EA5-B061-48A856DD7211}.stage|Win32.Build.0 = stage|Win32
		{7D2387EB-A3DE-4EA5-B061-48A856DD7211}.stage|x64.ActiveCfg = stage|x64
		{7D2387EB-A3DE-4EA5-B061-48A856DD7211}.stage|x64.Build.0 = stage|x64
		{D41641B1-CB8E-4F50-9E09-DB6BDD837C82}.Debug|ARM.ActiveCfg = Debug|ARM
		{D41641B1-CB8E-4F50-9E09-DB6BDD837C82}.Debug|ARM.Build.0 = Debug|ARM
		{D41641B1-CB8E-4F50-9E09-DB6BDD837C82}.Debug|Win32.ActiveCfg = Debug|Win32
		{D41641B1-CB8E-4F50-9E09-DB6BDD837C82}.Debug|Win32.Build.0 = Debug|Win32
		{D41641B1-CB8E-4F50-9E09-DB6BDD837C82}.Debug|x64.ActiveCfg = Debug|x64
		{D41641B1-CB8E-4F50-9E09-DB6BDD837C82}.Debug|x64.Build.0 = Debug|x64
		{D41641B1-CB8E-4F50-9E09-DB6BDD837C82}.cover|ARM.ActiveCfg = Debug|ARM
		{D41641B1-CB8E-4F50-9E09-DB6BDD837C82}.cover|ARM.Build.0 = Debug|ARM
		{D41641B1-CB8E-4F50-9E09-DB6BDD837C82}.cover|Win32.ActiveCfg = Debug|Win32
		{D41641B1-CB8E-4F50-9E09-DB6BDD837C82}.cover|Win32.Build.0 = Debug|Win32
		{D41641B1-CB8E-4F50-9E09-DB6BDD837C82}.cover|x64.ActiveCfg = Debug|x64
		{D41641B1-CB8E-4F50-9E09-DB6BDD837C82}.cover|x64.Build.0 = Debug|x64
		{D41641B1-CB8E-4F50-9E09-DB6BDD837C82}.stage|ARM.ActiveCfg = stage|ARM
		{D41641B1-CB8E-4F50-9E09-DB6BDD837C82}.stage|ARM.Build.0 = stage|ARM
		{D41641B1-CB8E-4F50-9E09-DB6BDD837C82}.stage|Win32.ActiveCfg = stage|Win32
		{D41641B1-CB8E-4F50-9E09-DB6BDD837C82}.stage|Win32.Build.0 = stage|Win32
		{D41641B1-CB8E-4F50-9E09-DB6BDD837C82}.stage|x64.ActiveCfg = stage|x64
		{D41641B1-CB8E-4F50-9E09-DB6BDD837C82}.stage|x64.Build.0 = stage|x64
		{9C6FC641-43F3-416A-85F6-7809ABF404D3}.Debug|ARM.ActiveCfg = Debug|ARM
		{9C6FC641-43F3-416A-85F6-7809ABF404D3}.Debug|ARM.Build.0 = Debug|ARM
		{9C6FC641-43F3-416A-85F6-7809ABF404D3}.Debug|ARM.Deploy.0 = Debug|ARM
		{9C6FC641-43F3-416A-85F6-7809ABF404D3}.Debug|Win32.ActiveCfg = Debug|Win32
		{9C6FC641-43F3-416A-85F6-7809ABF404D3}.Debug|Win32.Build.0 = Debug|Win32
		{9C6FC641-43F3-416A-85F6-7809ABF404D3}.Debug|Win32.Deploy.0 = Debug|Win32
		{9C6FC641-43F3-416A-85F6-7809ABF404D3}.Debug|x64.ActiveCfg = Debug|x64
		{9C6FC641-43F3-416A-85F6-7809ABF404D3}.Debug|x64.Build.0 = Debug|x64
		{9C6FC641-43F3-416A-85F6-7809ABF404D3}.Debug|x64.Deploy.0 = Debug|x64
		{9C6FC641-43F3-416A-85F6-7809ABF404D3}.cover|ARM.ActiveCfg = Debug|ARM
		{9C6FC641-43F3-416A-85F6-7809ABF404D3}.cover|ARM.Build.0 = Debug|ARM
		{9C6FC641-43F3-416A-85F6-7809ABF404D3}.cover|ARM.Deploy.0 = Debug|ARM
		{9C6FC641-43F3-416A-85F6-7809ABF404D3}.cover|Win32.ActiveCfg = Debug|Win32
		{9C6FC641-43F3-416A-85F6-7809ABF404D3}.cover|Win32.Build.0 = Debug|Win32
		{9C6FC641-43F3-416A-85F6-7809ABF404D3}.cover|Win32.Deploy.0 = Debug|Win32
		{9C6FC641-43F3-416A-85F6-7809ABF404D3}.cover|x64.ActiveCfg = Debug|x64
		{9C6FC641-43F3-416A-85F6-7809ABF404D3}.cover|x64.Build.0 = Debug|x64
		{9C6FC641-43F3-416A-85F6-7809ABF404D3}.cover|x64.Deploy.0 = Debug|x64
		{9C6FC641-43F3-416A-85F6-7809ABF404D3}.stage|ARM.ActiveCfg = stage|ARM
		{9C6FC641-43F3-416A-85F6-7809ABF404D3}.stage|ARM.Build.0 = stage|ARM
		{9C6FC641-43F3-416A-85F6-7809ABF404D3}.stage|ARM.Deploy.0 = stage|ARM
		{9C6FC641-43F3-416A-85F6-7809ABF404D3}.stage|Win32.ActiveCfg = stage|Win32
		{9C6FC641-43F3-416A-85F6-7809ABF404D3}.stage|Win32.Build.0 = stage|Win32
		{9C6FC641-43F3-416A-85F6-7809ABF404D3}.stage|Win32.Deploy.0 = stage|Win32
		{9C6FC641-43F3-416A-85F6-7809ABF404D3}.stage|x64.ActiveCfg = stage|x64
		{9C6FC641-43F3-416A-85F6-7809ABF404D3}.stage|x64.Build.0 = stage|x64
		{9C6FC641-43F3-416A-85F6-7809ABF404D3}.stage|x64.Deploy.0 = stage|x64
		{F20DCBAE-5E9B-4A38-A236-B7FBCFE0FA44}.Debug|ARM.ActiveCfg = Debug|ARM
		{F20DCBAE-5E9B-4A38-A236-B7FBCFE0FA44}.Debug|ARM.Build.0 = Debug|ARM
		{F20DCBAE-5E9B-4A38-A236-B7FBCFE0FA44}.Debug|Win32.ActiveCfg = Debug|Win32
		{F20DCBAE-5E9B-4A38-A236-B7FBCFE0FA44}.Debug|Win32.Build.0 = Debug|Win32
		{F20DCBAE-5E9B-4A38-A236-B7FBCFE0FA44}.Debug|x64.ActiveCfg = Debug|x64
		{F20DCBAE-5E9B-4A38-A236-B7FBCFE0FA44}.Debug|x64.Build.0 = Debug|x64
		{F20DCBAE-5E9B-4A38-A236-B7FBCFE0FA44}.cover|ARM.ActiveCfg = Debug|ARM
		{F20DCBAE-5E9B-4A38-A236-B7FBCFE0FA44}.cover|ARM.Build.0 = Debug|ARM
		{F20DCBAE-5E9B-4A38-A236-B7FBCFE0FA44}.cover|Win32.ActiveCfg = Debug|Win32
		{F20DCBAE-5E9B-4A38-A236-B7FBCFE0FA44}.cover|Win32.Build.0 = Debug|Win32
		{F20DCBAE-5E9B-4A38-A236-B7FBCFE0FA44}.cover|x64.ActiveCfg = Debug|x64
		{F20DCBAE-5E9B-4A38-A236-B7FBCFE0FA44}.cover|x64.Build.0 = Debug|x64
		{F20DCBAE-5E9B-4A38-A236-B7FBCFE0FA44}.stage|ARM.ActiveCfg = stage|ARM
		{F20DCBAE-5E9B-4A38-A236-B7FBCFE0FA44}.stage|ARM.Build.0 = stage|ARM
		{F20DCBAE-5E9B-4A38-A236-B7FBCFE0FA44}.stage|Win32.ActiveCfg = stage|Win32
		{F20DCBAE-5E9B-4A38-A236-B7FBCFE0FA44}.stage|Win32.Build.0 = stage|Win32
		{F20DCBAE-5E9B-4A38-A236-B7FBCFE0FA44}.stage|x64.ActiveCfg = stage|x64
		{F20DCBAE-5E9B-4A38-A236-B7FBCFE0FA44}.stage|x64.Build.0 = stage|x64
		{F20DCBAE-5E9B-4A38-A236-B7FBCFE0FA55}.Debug|ARM.ActiveCfg = Debug|ARM
		{F20DCBAE-5E9B-4A38-A236-B7FBCFE0FA55}.Debug|ARM.Build.0 = Debug|ARM
		{F20DCBAE-5E9B-4A38-A236-B7FBCFE0FA55}.Debug|Win32.ActiveCfg = Debug|Win32
		{F20DCBAE-5E9B-4A38-A236-B7FBCFE0FA55}.Debug|Win32.Build.0 = Debug|Win32
		{F20DCBAE-5E9B-4A38-A236-B7FBCFE0FA55}.Debug|x64.ActiveCfg = Debug|x64
		{F20DCBAE-5E9B-4A38-A236-B7FBCFE0FA55}.Debug|x64.Build.0 = Debug|x64
		{F20DCBAE-5E9B-4A38-A236-B7FBCFE0FA55}.cover|ARM.ActiveCfg = Debug|ARM
		{F20DCBAE-5E9B-4A38-A236-B7FBCFE0FA55}.cover|ARM.Build.0 = Debug|ARM
		{F20DCBAE-5E9B-4A38-A236-B7FBCFE0FA55}.cover|Win32.ActiveCfg = Debug|Win32
		{F20DCBAE-5E9B-4A38-A236-B7FBCFE0FA55}.cover|Win32.Build.0 = Debug|Win32
		{F20DCBAE-5E9B-4A38-A236-B7FBCFE0FA55}.cover|x64.ActiveCfg = Debug|x64
		{F20DCBAE-5E9B-4A38-A236-B7FBCFE0FA55}.cover|x64.Build.0 = Debug|x64
		{F20DCBAE-5E9B-4A38-A236-B7FBCFE0FA55}.stage|ARM.ActiveCfg = stage|ARM
		{F20DCBAE-5E9B-4A38-A236-B7FBCFE0FA55}.stage|ARM.Build.0 = stage|ARM
		{F20DCBAE-5E9B-4A38-A236-B7FBCFE0FA55}.stage|Win32.ActiveCfg = stage|Win32
		{F20DCBAE-5E9B-4A38-A236-B7FBCFE0FA55}.stage|Win32.Build.0 = stage|Win32
		{F20DCBAE-5E9B-4A38-A236-B7FBCFE0FA55}.stage|x64.ActiveCfg = stage|x64
		{F20DCBAE-5E9B-4A38-A236-B7FBCFE0FA55}.stage|x64.Build.0 = stage|x64
		{387C88DE-7BF7-4E57-99FB-86C08D857D08}.Debug|ARM.ActiveCfg = Debug|ARM
		{387C88DE-7BF7-4E57-99FB-86C08D857D08}.Debug|ARM.Build.0 = Debug|ARM
		{387C88DE-7BF7-4E57-99FB-86C08D857D08}.Debug|Win32.ActiveCfg = Debug|Win32
		{387C88DE-7BF7-4E57-99FB-86C08D857D08}.Debug|Win32.Build.0 = Debug|Win32
		{387C88DE-7BF7-4E57-99FB-86C08D857D08}.Debug|x64.ActiveCfg = Debug|x64
		{387C88DE-7BF7-4E57-99FB-86C08D857D08}.Debug|x64.Build.0 = Debug|x64
		{387C88DE-7BF7-4E57-99FB-86C08D857D08}.cover|ARM.ActiveCfg = Debug|ARM
		{387C88DE-7BF7-4E57-99FB-86C08D857D08}.cover|ARM.Build.0 = Debug|ARM
		{387C88DE-7BF7-4E57-99FB-86C08D857D08}.cover|Win32.ActiveCfg = stage|Win32
		{387C88DE-7BF7-4E57-99FB-86C08D857D08}.cover|Win32.Build.0 = stage|Win32
		{387C88DE-7BF7-4E57-99FB-86C08D857D08}.cover|x64.ActiveCfg = Debug|x64
		{387C88DE-7BF7-4E57-99FB-86C08D857D08}.cover|x64.Build.0 = Debug|x64
		{387C88DE-7BF7-4E57-99FB-86C08D857D08}.stage|ARM.ActiveCfg = stage|ARM
		{387C88DE-7BF7-4E57-99FB-86C08D857D08}.stage|ARM.Build.0 = stage|ARM
		{387C88DE-7BF7-4E57-99FB-86C08D857D08}.stage|Win32.ActiveCfg = stage|Win32
		{387C88DE-7BF7-4E57-99FB-86C08D857D08}.stage|Win32.Build.0 = stage|Win32
		{387C88DE-7BF7-4E57-99FB-86C08D857D08}.stage|x64.ActiveCfg = stage|x64
		{387C88DE-7BF7-4E57-99FB-86C08D857D08}.stage|x64.Build.0 = stage|x64
		{5FE5F9C4-0300-453A-9BDE-6AF7FDBF31E8}.Debug|ARM.ActiveCfg = Debug|ARM
		{5FE5F9C4-0300-453A-9BDE-6AF7FDBF31E8}.Debug|ARM.Build.0 = Debug|ARM
		{5FE5F9C4-0300-453A-9BDE-6AF7FDBF31E8}.Debug|ARM.Deploy.0 = Debug|ARM
		{5FE5F9C4-0300-453A-9BDE-6AF7FDBF31E8}.Debug|Win32.ActiveCfg = Debug|Win32
		{5FE5F9C4-0300-453A-9BDE-6AF7FDBF31E8}.Debug|Win32.Build.0 = Debug|Win32
		{5FE5F9C4-0300-453A-9BDE-6AF7FDBF31E8}.Debug|Win32.Deploy.0 = Debug|Win32
		{5FE5F9C4-0300-453A-9BDE-6AF7FDBF31E8}.Debug|x64.ActiveCfg = Debug|x64
		{5FE5F9C4-0300-453A-9BDE-6AF7FDBF31E8}.Debug|x64.Build.0 = Debug|x64
		{5FE5F9C4-0300-453A-9BDE-6AF7FDBF31E8}.Debug|x64.Deploy.0 = Debug|x64
		{5FE5F9C4-0300-453A-9BDE-6AF7FDBF31E8}.cover|ARM.ActiveCfg = Debug|ARM
		{5FE5F9C4-0300-453A-9BDE-6AF7FDBF31E8}.cover|ARM.Build.0 = Debug|ARM
		{5FE5F9C4-0300-453A-9BDE-6AF7FDBF31E8}.cover|ARM.Deploy.0 = Debug|ARM
		{5FE5F9C4-0300-453A-9BDE-6AF7FDBF31E8}.cover|Win32.ActiveCfg = stage|Win32
		{5FE5F9C4-0300-453A-9BDE-6AF7FDBF31E8}.cover|Win32.Build.0 = stage|Win32
		{5FE5F9C4-0300-453A-9BDE-6AF7FDBF31E8}.cover|Win32.Deploy.0 = stage|Win32
		{5FE5F9C4-0300-453A-9BDE-6AF7FDBF31E8}.cover|x64.ActiveCfg = Debug|x64
		{5FE5F9C4-0300-453A-9BDE-6AF7FDBF31E8}.cover|x64.Build.0 = Debug|x64
		{5FE5F9C4-0300-453A-9BDE-6AF7FDBF31E8}.cover|x64.Deploy.0 = Debug|x64
		{5FE5F9C4-0300-453A-9BDE-6AF7FDBF31E8}.stage|ARM.ActiveCfg = stage|ARM
		{5FE5F9C4-0300-453A-9BDE-6AF7FDBF31E8}.stage|ARM.Build.0 = stage|ARM
		{5FE5F9C4-0300-453A-9BDE-6AF7FDBF31E8}.stage|ARM.Deploy.0 = stage|ARM
		{5FE5F9C4-0300-453A-9BDE-6AF7FDBF31E8}.stage|Win32.ActiveCfg = stage|Win32
		{5FE5F9C4-0300-453A-9BDE-6AF7FDBF31E8}.stage|Win32.Build.0 = stage|Win32
		{5FE5F9C4-0300-453A-9BDE-6AF7FDBF31E8}.stage|Win32.Deploy.0 = stage|Win32
		{5FE5F9C4-0300-453A-9BDE-6AF7FDBF31E8}.stage|x64.ActiveCfg = stage|x64
		{5FE5F9C4-0300-453A-9BDE-6AF7FDBF31E8}.stage|x64.Build.0 = stage|x64
		{5FE5F9C4-0300-453A-9BDE-6AF7FDBF31E8}.stage|x64.Deploy.0 = stage|x64
		{B2D7833B-9B59-4826-BBDF-C270A2115E86}.Debug|ARM.ActiveCfg = Debug|ARM
		{B2D7833B-9B59-4826-BBDF-C270A2115E86}.Debug|ARM.Build.0 = Debug|ARM
		{B2D7833B-9B59-4826-BBDF-C270A2115E86}.Debug|Win32.ActiveCfg = Debug|Win32
		{B2D7833B-9B59-4826-BBDF-C270A2115E86}.Debug|Win32.Build.0 = Debug|Win32
		{B2D7833B-9B59-4826-BBDF-C270A2115E86}.Debug|x64.ActiveCfg = Debug|x64
		{B2D7833B-9B59-4826-BBDF-C270A2115E86}.Debug|x64.Build.0 = Debug|x64
		{B2D7833B-9B59-4826-BBDF-C270A2115E86}.cover|ARM.ActiveCfg = Debug|ARM
		{B2D7833B-9B59-4826-BBDF-C270A2115E86}.cover|ARM.Build.0 = Debug|ARM
		{B2D7833B-9B59-4826-BBDF-C270A2115E86}.cover|Win32.ActiveCfg = Debug|Win32
		{B2D7833B-9B59-4826-BBDF-C270A2115E86}.cover|Win32.Build.0 = Debug|Win32
		{B2D7833B-9B59-4826-BBDF-C270A2115E86}.cover|x64.ActiveCfg = Debug|x64
		{B2D7833B-9B59-4826-BBDF-C270A2115E86}.cover|x64.Build.0 = Debug|x64
		{B2D7833B-9B59-4826-BBDF-C270A2115E86}.stage|ARM.ActiveCfg = stage|ARM
		{B2D7833B-9B59-4826-BBDF-C270A2115E86}.stage|ARM.Build.0 = stage|ARM
		{B2D7833B-9B59-4826-BBDF-C270A2115E86}.stage|Win32.ActiveCfg = stage|Win32
		{B2D7833B-9B59-4826-BBDF-C270A2115E86}.stage|Win32.Build.0 = stage|Win32
		{B2D7833B-9B59-4826-BBDF-C270A2115E86}.stage|x64.ActiveCfg = stage|x64
		{B2D7833B-9B59-4826-BBDF-C270A2115E86}.stage|x64.Build.0 = stage|x64
		{85497D32-1330-48BE-9E15-8213564B6DC7}.Debug|ARM.ActiveCfg = Debug|ARM
		{85497D32-1330-48BE-9E15-8213564B6DC7}.Debug|ARM.Build.0 = Debug|ARM
		{85497D32-1330-48BE-9E15-8213564B6DC7}.Debug|Win32.ActiveCfg = Debug|Win32
		{85497D32-1330-48BE-9E15-8213564B6DC7}.Debug|Win32.Build.0 = Debug|Win32
		{85497D32-1330-48BE-9E15-8213564B6DC7}.Debug|x64.ActiveCfg = Debug|x64
		{85497D32-1330-48BE-9E15-8213564B6DC7}.Debug|x64.Build.0 = Debug|x64
		{85497D32-1330-48BE-9E15-8213564B6DC7}.cover|ARM.ActiveCfg = Debug|ARM
		{85497D32-1330-48BE-9E15-8213564B6DC7}.cover|ARM.Build.0 = Debug|ARM
		{85497D32-1330-48BE-9E15-8213564B6DC7}.cover|Win32.ActiveCfg = Debug|Win32
		{85497D32-1330-48BE-9E15-8213564B6DC7}.cover|Win32.Build.0 = Debug|Win32
		{85497D32-1330-48BE-9E15-8213564B6DC7}.cover|x64.ActiveCfg = Debug|x64
		{85497D32-1330-48BE-9E15-8213564B6DC7}.cover|x64.Build.0 = Debug|x64
		{85497D32-1330-48BE-9E15-8213564B6DC7}.stage|ARM.ActiveCfg = stage|ARM
		{85497D32-1330-48BE-9E15-8213564B6DC7}.stage|ARM.Build.0 = stage|ARM
		{85497D32-1330-48BE-9E15-8213564B6DC7}.stage|Win32.ActiveCfg = stage|Win32
		{85497D32-1330-48BE-9E15-8213564B6DC7}.stage|Win32.Build.0 = stage|Win32
		{85497D32-1330-48BE-9E15-8213564B6DC7}.stage|x64.ActiveCfg = stage|x64
		{85497D32-1330-48BE-9E15-8213564B6DC7}.stage|x64.Build.0 = stage|x64
		{EAEC3220-27D5-4E20-8CC5-B41BFD92A303}.Debug|ARM.ActiveCfg = Debug|ARM
		{EAEC3220-27D5-4E20-8CC5-B41BFD92A303}.Debug|ARM.Build.0 = Debug|ARM
		{EAEC3220-27D5-4E20-8CC5-B41BFD92A303}.Debug|ARM.Deploy.0 = Debug|ARM
		{EAEC3220-27D5-4E20-8CC5-B41BFD92A303}.Debug|Win32.ActiveCfg = Debug|Win32
		{EAEC3220-27D5-4E20-8CC5-B41BFD92A303}.Debug|Win32.Build.0 = Debug|Win32
		{EAEC3220-27D5-4E20-8CC5-B41BFD92A303}.Debug|Win32.Deploy.0 = Debug|Win32
		{EAEC3220-27D5-4E20-8CC5-B41BFD92A303}.Debug|x64.ActiveCfg = Debug|x64
		{EAEC3220-27D5-4E20-8CC5-B41BFD92A303}.Debug|x64.Build.0 = Debug|x64
		{EAEC3220-27D5-4E20-8CC5-B41BFD92A303}.Debug|x64.Deploy.0 = Debug|x64
		{EAEC3220-27D5-4E20-8CC5-B41BFD92A303}.cover|ARM.ActiveCfg = Debug|ARM
		{EAEC3220-27D5-4E20-8CC5-B41BFD92A303}.cover|ARM.Build.0 = Debug|ARM
		{EAEC3220-27D5-4E20-8CC5-B41BFD92A303}.cover|ARM.Deploy.0 = Debug|ARM
		{EAEC3220-27D5-4E20-8CC5-B41BFD92A303}.cover|Win32.ActiveCfg = Debug|Win32
		{EAEC3220-27D5-4E20-8CC5-B41BFD92A303}.cover|Win32.Build.0 = Debug|Win32
		{EAEC3220-27D5-4E20-8CC5-B41BFD92A303}.cover|Win32.Deploy.0 = Debug|Win32
		{EAEC3220-27D5-4E20-8CC5-B41BFD92A303}.cover|x64.ActiveCfg = Debug|x64
		{EAEC3220-27D5-4E20-8CC5-B41BFD92A303}.cover|x64.Build.0 = Debug|x64
		{EAEC3220-27D5-4E20-8CC5-B41BFD92A303}.cover|x64.Deploy.0 = Debug|x64
		{EAEC3220-27D5-4E20-8CC5-B41BFD92A303}.stage|ARM.ActiveCfg = stage|ARM
		{EAEC3220-27D5-4E20-8CC5-B41BFD92A303}.stage|ARM.Build.0 = stage|ARM
		{EAEC3220-27D5-4E20-8CC5-B41BFD92A303}.stage|ARM.Deploy.0 = stage|ARM
		{EAEC3220-27D5-4E20-8CC5-B41BFD92A303}.stage|Win32.ActiveCfg = stage|Win32
		{EAEC3220-27D5-4E20-8CC5-B41BFD92A303}.stage|Win32.Build.0 = stage|Win32
		{EAEC3220-27D5-4E20-8CC5-B41BFD92A303}.stage|Win32.Deploy.0 = stage|Win32
		{EAEC3220-27D5-4E20-8CC5-B41BFD92A303}.stage|x64.ActiveCfg = stage|x64
		{EAEC3220-27D5-4E20-8CC5-B41BFD92A303}.stage|x64.Build.0 = stage|x64
		{EAEC3220-27D5-4E20-8CC5-B41BFD92A303}.stage|x64.Deploy.0 = stage|x64
		{2AE90751-997B-44DC-A549-D390B76875B7}.Debug|ARM.ActiveCfg = Debug|ARM
		{2AE90751-997B-44DC-A549-D390B76875B7}.Debug|ARM.Build.0 = Debug|ARM
		{2AE90751-997B-44DC-A549-D390B76875B7}.Debug|Win32.ActiveCfg = Debug|Win32
		{2AE90751-997B-44DC-A549-D390B76875B7}.Debug|Win32.Build.0 = Debug|Win32
		{2AE90751-997B-44DC-A549-D390B76875B7}.Debug|x64.ActiveCfg = Debug|x64
		{2AE90751-997B-44DC-A549-D390B76875B7}.Debug|x64.Build.0 = Debug|x64
		{2AE90751-997B-44DC-A549-D390B76875B7}.cover|ARM.ActiveCfg = Debug|ARM
		{2AE90751-997B-44DC-A549-D390B76875B7}.cover|ARM.Build.0 = Debug|ARM
		{2AE90751-997B-44DC-A549-D390B76875B7}.cover|Win32.ActiveCfg = Debug|Win32
		{2AE90751-997B-44DC-A549-D390B76875B7}.cover|Win32.Build.0 = Debug|Win32
		{2AE90751-997B-44DC-A549-D390B76875B7}.cover|x64.ActiveCfg = Debug|x64
		{2AE90751-997B-44DC-A549-D390B76875B7}.cover|x64.Build.0 = Debug|x64
		{2AE90751-997B-44DC-A549-D390B76875B7}.stage|ARM.ActiveCfg = stage|ARM
		{2AE90751-997B-44DC-A549-D390B76875B7}.stage|ARM.Build.0 = stage|ARM
		{2AE90751-997B-44DC-A549-D390B76875B7}.stage|Win32.ActiveCfg = stage|Win32
		{2AE90751-997B-44DC-A549-D390B76875B7}.stage|Win32.Build.0 = stage|Win32
		{2AE90751-997B-44DC-A549-D390B76875B7}.stage|x64.ActiveCfg = stage|x64
		{2AE90751-997B-44DC-A549-D390B76875B7}.stage|x64.Build.0 = stage|x64
	EndGlobalSection
	GlobalSection(SolutionProperties) = preSolution
		HideSolutionNode = FALSE
	EndGlobalSection
	GlobalSection(ExtensibilityGlobals) = postSolution
		SolutionGuid = {84180736-40D4-4695-B1BF-6FD409E451F5}
	EndGlobalSection
	GlobalSection(Performance) = preSolution
		HasPerformanceSessions = true
	EndGlobalSection
	GlobalSection(Performance) = preSolution
		HasPerformanceSessions = true
	EndGlobalSection
	GlobalSection(Performance) = preSolution
		HasPerformanceSessions = true
	EndGlobalSection
	GlobalSection(Performance) = preSolution
		HasPerformanceSessions = true
	EndGlobalSection
	GlobalSection(Performance) = preSolution
		HasPerformanceSessions = true
	EndGlobalSection
	GlobalSection(Performance) = preSolution
		HasPerformanceSessions = true
	EndGlobalSection
	GlobalSection(Performance) = preSolution
		HasPerformanceSessions = true
	EndGlobalSection
EndGlobal
